Microsoft Visual Studio Solution File, Format Version 12.00
# Visual Studio 15
VisualStudioVersion = 15.0.27213.1
MinimumVisualStudioVersion = 10.0.40219.1
Project("{9A19103F-16F7-4668-BE54-9A1E7A4F7556}") = "System.Net.ServicePoint.Tests", "tests\System.Net.ServicePoint.Tests.csproj", "{DC3BBD1F-37C8-40B2-B248-E12E8D0D146B}"
	ProjectSection(ProjectDependencies) = postProject
		{AD68DD5E-DEBF-48A0-B619-FBF65F502BC3} = {AD68DD5E-DEBF-48A0-B619-FBF65F502BC3}
	EndProjectSection
EndProject
Project("{9A19103F-16F7-4668-BE54-9A1E7A4F7556}") = "System.Net.ServicePoint", "src\System.Net.ServicePoint.csproj", "{AD68DD5E-DEBF-48A0-B619-FBF65F502BC3}"
	ProjectSection(ProjectDependencies) = postProject
		{273A0AE8-6298-4382-9572-E39ACEB458A0} = {273A0AE8-6298-4382-9572-E39ACEB458A0}
	EndProjectSection
EndProject
Project("{9A19103F-16F7-4668-BE54-9A1E7A4F7556}") = "System.Net.ServicePoint", "ref\System.Net.ServicePoint.csproj", "{273A0AE8-6298-4382-9572-E39ACEB458A0}"
EndProject
Project("{2150E333-8FDC-42A3-9474-1A3956D46DE8}") = "tests", "tests", "{1A2F9F4A-A032-433E-B914-ADD5992BB178}"
EndProject
Project("{2150E333-8FDC-42A3-9474-1A3956D46DE8}") = "src", "src", "{E107E9C1-E893-4E87-987E-04EF0DCEAEFD}"
EndProject
Project("{2150E333-8FDC-42A3-9474-1A3956D46DE8}") = "ref", "ref", "{2E666815-2EDB-464B-9DF6-380BF4789AD4}"
EndProject
Global
	GlobalSection(SolutionConfigurationPlatforms) = preSolution
		Debug|Any CPU = Debug|Any CPU
		Release|Any CPU = Release|Any CPU
	EndGlobalSection
	GlobalSection(ProjectConfigurationPlatforms) = postSolution
		{DC3BBD1F-37C8-40B2-B248-E12E8D0D146B}.Debug|Any CPU.ActiveCfg = netcoreapp-Debug|Any CPU
		{DC3BBD1F-37C8-40B2-B248-E12E8D0D146B}.Debug|Any CPU.Build.0 = netcoreapp-Debug|Any CPU
		{DC3BBD1F-37C8-40B2-B248-E12E8D0D146B}.Release|Any CPU.ActiveCfg = netcoreapp-Release|Any CPU
		{DC3BBD1F-37C8-40B2-B248-E12E8D0D146B}.Release|Any CPU.Build.0 = netcoreapp-Release|Any CPU
		{AD68DD5E-DEBF-48A0-B619-FBF65F502BC3}.Debug|Any CPU.ActiveCfg = netcoreapp-Debug|Any CPU
		{AD68DD5E-DEBF-48A0-B619-FBF65F502BC3}.Debug|Any CPU.Build.0 = netcoreapp-Debug|Any CPU
		{AD68DD5E-DEBF-48A0-B619-FBF65F502BC3}.Release|Any CPU.ActiveCfg = netcoreapp-Release|Any CPU
		{AD68DD5E-DEBF-48A0-B619-FBF65F502BC3}.Release|Any CPU.Build.0 = netcoreapp-Release|Any CPU
		{273A0AE8-6298-4382-9572-E39ACEB458A0}.Debug|Any CPU.ActiveCfg = netcoreapp-Debug|Any CPU
		{273A0AE8-6298-4382-9572-E39ACEB458A0}.Debug|Any CPU.Build.0 = netcoreapp-Debug|Any CPU
		{273A0AE8-6298-4382-9572-E39ACEB458A0}.Release|Any CPU.ActiveCfg = netcoreapp-Release|Any CPU
		{273A0AE8-6298-4382-9572-E39ACEB458A0}.Release|Any CPU.Build.0 = netcoreapp-Release|Any CPU
	EndGlobalSection
	GlobalSection(SolutionProperties) = preSolution
		HideSolutionNode = FALSE
	EndGlobalSection
	GlobalSection(NestedProjects) = preSolution
		{DC3BBD1F-37C8-40B2-B248-E12E8D0D146B} = {1A2F9F4A-A032-433E-B914-ADD5992BB178}
		{AD68DD5E-DEBF-48A0-B619-FBF65F502BC3} = {E107E9C1-E893-4E87-987E-04EF0DCEAEFD}
		{273A0AE8-6298-4382-9572-E39ACEB458A0} = {2E666815-2EDB-464B-9DF6-380BF4789AD4}
	EndGlobalSection
	GlobalSection(ExtensibilityGlobals) = postSolution
		SolutionGuid = {8123B8CF-5D6E-4E2E-9665-C42DF84583F9}
	EndGlobalSection
EndGlobal
