
Microsoft Visual Studio Solution File, Format Version 12.00
# Visual Studio 15
VisualStudioVersion = 15.0.27031.1
MinimumVisualStudioVersion = 10.0.40219.1
Project("{2150E333-8FDC-42A3-9474-1A3956D46DE8}") = "ref", "ref", "{F4E00E91-9197-4740-9F8A-FC4E7CAF77C4}"
EndProject
Project("{2150E333-8FDC-42A3-9474-1A3956D46DE8}") = "src", "src", "{39B5128A-71B2-4182-965B-F85C5D2FFDCC}"
EndProject
Project("{2150E333-8FDC-42A3-9474-1A3956D46DE8}") = "tests", "tests", "{9F0F13B9-6400-4FCE-9CEF-F0597538A889}"
EndProject
Project("{FAE04EC0-301F-11D3-BF4B-00C04F79EFBC}") = "System.ComponentModel.Composition", "ref\System.ComponentModel.Composition.csproj", "{DD3B8052-CE03-4159-8311-1CE1382C51B0}"
EndProject
Project("{FAE04EC0-301F-11D3-BF4B-00C04F79EFBC}") = "System.ComponentModel.Composition", "src\System.ComponentModel.Composition.csproj", "{2D694AC8-A12F-4622-9405-74E20EC40C3A}"
EndProject
Project("{FAE04EC0-301F-11D3-BF4B-00C04F79EFBC}") = "System.ComponentModel.Composition.Tests", "tests\System.ComponentModel.Composition.Tests.csproj", "{59F4682D-C41D-45A7-9798-16C75525BB1D}"
EndProject
Global
	GlobalSection(SolutionConfigurationPlatforms) = preSolution
		netcoreapp-Debug|Any CPU = netcoreapp-Debug|Any CPU
		netcoreapp-Release|Any CPU = netcoreapp-Release|Any CPU
		netcoreapp-Windows_NT-Debug|Any CPU = netcoreapp-Windows_NT-Debug|Any CPU
		netcoreapp-Windows_NT-Release|Any CPU = netcoreapp-Windows_NT-Release|Any CPU
		netfx-Debug|Any CPU = netfx-Debug|Any CPU
		netfx-Release|Any CPU = netfx-Release|Any CPU
	EndGlobalSection
	GlobalSection(ProjectConfigurationPlatforms) = postSolution
		{DD3B8052-CE03-4159-8311-1CE1382C51B0}.netcoreapp-Debug|Any CPU.ActiveCfg = netstandard-Release|Any CPU
		{DD3B8052-CE03-4159-8311-1CE1382C51B0}.netcoreapp-Debug|Any CPU.Build.0 = netstandard-Release|Any CPU
		{DD3B8052-CE03-4159-8311-1CE1382C51B0}.netcoreapp-Release|Any CPU.ActiveCfg = netstandard-Release|Any CPU
		{DD3B8052-CE03-4159-8311-1CE1382C51B0}.netcoreapp-Release|Any CPU.Build.0 = netstandard-Release|Any CPU
		{DD3B8052-CE03-4159-8311-1CE1382C51B0}.netcoreapp-Windows_NT-Debug|Any CPU.ActiveCfg = netstandard-Release|Any CPU
		{DD3B8052-CE03-4159-8311-1CE1382C51B0}.netcoreapp-Windows_NT-Debug|Any CPU.Build.0 = netstandard-Release|Any CPU
		{DD3B8052-CE03-4159-8311-1CE1382C51B0}.netcoreapp-Windows_NT-Release|Any CPU.ActiveCfg = netstandard-Release|Any CPU
		{DD3B8052-CE03-4159-8311-1CE1382C51B0}.netcoreapp-Windows_NT-Release|Any CPU.Build.0 = netstandard-Release|Any CPU
		{DD3B8052-CE03-4159-8311-1CE1382C51B0}.netfx-Debug|Any CPU.ActiveCfg = netstandard-Release|Any CPU
		{DD3B8052-CE03-4159-8311-1CE1382C51B0}.netfx-Debug|Any CPU.Build.0 = netstandard-Release|Any CPU
		{DD3B8052-CE03-4159-8311-1CE1382C51B0}.netfx-Release|Any CPU.ActiveCfg = netstandard-Release|Any CPU
		{DD3B8052-CE03-4159-8311-1CE1382C51B0}.netfx-Release|Any CPU.Build.0 = netstandard-Release|Any CPU
		{2D694AC8-A12F-4622-9405-74E20EC40C3A}.netcoreapp-Debug|Any CPU.ActiveCfg = netcoreapp-Debug|Any CPU
		{2D694AC8-A12F-4622-9405-74E20EC40C3A}.netcoreapp-Debug|Any CPU.Build.0 = netcoreapp-Debug|Any CPU
		{2D694AC8-A12F-4622-9405-74E20EC40C3A}.netcoreapp-Release|Any CPU.ActiveCfg = netcoreapp-Release|Any CPU
		{2D694AC8-A12F-4622-9405-74E20EC40C3A}.netcoreapp-Release|Any CPU.Build.0 = netcoreapp-Release|Any CPU
		{2D694AC8-A12F-4622-9405-74E20EC40C3A}.netcoreapp-Windows_NT-Debug|Any CPU.ActiveCfg = netcoreapp-Release|Any CPU
		{2D694AC8-A12F-4622-9405-74E20EC40C3A}.netcoreapp-Windows_NT-Debug|Any CPU.Build.0 = netcoreapp-Release|Any CPU
		{2D694AC8-A12F-4622-9405-74E20EC40C3A}.netcoreapp-Windows_NT-Release|Any CPU.ActiveCfg = netcoreapp-Release|Any CPU
		{2D694AC8-A12F-4622-9405-74E20EC40C3A}.netcoreapp-Windows_NT-Release|Any CPU.Build.0 = netcoreapp-Release|Any CPU
		{2D694AC8-A12F-4622-9405-74E20EC40C3A}.netfx-Debug|Any CPU.ActiveCfg = netcoreapp2.0-Release|Any CPU
		{2D694AC8-A12F-4622-9405-74E20EC40C3A}.netfx-Debug|Any CPU.Build.0 = netcoreapp2.0-Release|Any CPU
		{2D694AC8-A12F-4622-9405-74E20EC40C3A}.netfx-Release|Any CPU.ActiveCfg = netcoreapp2.0-Release|Any CPU
		{2D694AC8-A12F-4622-9405-74E20EC40C3A}.netfx-Release|Any CPU.Build.0 = netcoreapp2.0-Release|Any CPU
		{59F4682D-C41D-45A7-9798-16C75525BB1D}.netcoreapp-Debug|Any CPU.ActiveCfg = netcoreapp-Debug|Any CPU
		{59F4682D-C41D-45A7-9798-16C75525BB1D}.netcoreapp-Debug|Any CPU.Build.0 = netcoreapp-Debug|Any CPU
		{59F4682D-C41D-45A7-9798-16C75525BB1D}.netcoreapp-Release|Any CPU.ActiveCfg = netcoreapp-Release|Any CPU
		{59F4682D-C41D-45A7-9798-16C75525BB1D}.netcoreapp-Release|Any CPU.Build.0 = netcoreapp-Release|Any CPU
		{59F4682D-C41D-45A7-9798-16C75525BB1D}.netcoreapp-Windows_NT-Debug|Any CPU.ActiveCfg = netcoreapp-Release|Any CPU
		{59F4682D-C41D-45A7-9798-16C75525BB1D}.netcoreapp-Windows_NT-Debug|Any CPU.Build.0 = netcoreapp-Release|Any CPU
		{59F4682D-C41D-45A7-9798-16C75525BB1D}.netcoreapp-Windows_NT-Release|Any CPU.ActiveCfg = netcoreapp-Release|Any CPU
		{59F4682D-C41D-45A7-9798-16C75525BB1D}.netcoreapp-Windows_NT-Release|Any CPU.Build.0 = netcoreapp-Release|Any CPU
		{59F4682D-C41D-45A7-9798-16C75525BB1D}.netfx-Debug|Any CPU.ActiveCfg = netcoreapp-Release|Any CPU
		{59F4682D-C41D-45A7-9798-16C75525BB1D}.netfx-Debug|Any CPU.Build.0 = netcoreapp-Release|Any CPU
		{59F4682D-C41D-45A7-9798-16C75525BB1D}.netfx-Release|Any CPU.ActiveCfg = netcoreapp-Release|Any CPU
		{59F4682D-C41D-45A7-9798-16C75525BB1D}.netfx-Release|Any CPU.Build.0 = netcoreapp-Release|Any CPU
	EndGlobalSection
	GlobalSection(SolutionProperties) = preSolution
		HideSolutionNode = FALSE
	EndGlobalSection
	GlobalSection(NestedProjects) = preSolution
		{DD3B8052-CE03-4159-8311-1CE1382C51B0} = {F4E00E91-9197-4740-9F8A-FC4E7CAF77C4}
		{2D694AC8-A12F-4622-9405-74E20EC40C3A} = {39B5128A-71B2-4182-965B-F85C5D2FFDCC}
		{59F4682D-C41D-45A7-9798-16C75525BB1D} = {9F0F13B9-6400-4FCE-9CEF-F0597538A889}
	EndGlobalSection
	GlobalSection(ExtensibilityGlobals) = postSolution
		SolutionGuid = {232C1147-A4C8-4C3D-B31A-6BD6C4065507}
	EndGlobalSection
EndGlobal
