
Microsoft Visual Studio Solution File, Format Version 12.00
# Visual Studio 2013
VisualStudioVersion = 12.0.31101.0
MinimumVisualStudioVersion = 10.0.40219.1
Project("{FAE04EC0-301F-11D3-BF4B-00C04F79EFBC}") = "Microsoft.CSharp.Tests", "tests\Microsoft.CSharp.Tests.csproj", "{82B54697-0251-47A1-8546-FC507D0F3B08}"
	ProjectSection(ProjectDependencies) = postProject
		{96AA2060-C846-4E56-9509-E8CB9C114C8F} = {96AA2060-C846-4E56-9509-E8CB9C114C8F}
	EndProjectSection
EndProject
Project("{FAE04EC0-301F-11D3-BF4B-00C04F79EFBC}") = "Microsoft.CSharp", "src\Microsoft.CSharp.csproj", "{96AA2060-C846-4E56-9509-E8CB9C114C8F}"
EndProject
Project("{2150E333-8FDC-42A3-9474-1A3956D46DE8}") = ".nuget", ".nuget", "{A595FB46-5F47-4E70-BDCD-53350879188C}"
	ProjectSection(SolutionItems) = preProject
		..\.nuget\packages.Windows_NT.config = ..\.nuget\packages.Windows_NT.config
	EndProjectSection
EndProject
Global
	GlobalSection(SolutionConfigurationPlatforms) = preSolution
		DebugNETCoreAppnetstandardnetstandard|AnyCPU = DebugNETCoreAppnetstandardnetstandard|AnyCPU
		ReleaseNETCoreAppnetstandardnetstandard|AnyCPU = ReleaseNETCoreAppnetstandardnetstandard|AnyCPU
	EndGlobalSection
	GlobalSection(ProjectConfigurationPlatforms) = postSolution
		{82B54697-0251-47A1-8546-FC507D0F3B08}.DebugNETCoreAppnetstandardnetstandard|AnyCPU.ActiveCfg = netstandard-Debug|Any CPU
		{82B54697-0251-47A1-8546-FC507D0F3B08}.DebugNETCoreAppnetstandardnetstandard|AnyCPU.Build.0 = netstandard-Debug|Any CPU
		{82B54697-0251-47A1-8546-FC507D0F3B08}.ReleaseNETCoreAppnetstandardnetstandard|AnyCPU.ActiveCfg = netstandard-Release|Any CPU
		{82B54697-0251-47A1-8546-FC507D0F3B08}.ReleaseNETCoreAppnetstandardnetstandard|AnyCPU.Build.0 = netstandard-Release|Any CPU
		{96AA2060-C846-4E56-9509-E8CB9C114C8F}.DebugNETCoreAppnetstandardnetstandard|AnyCPU.ActiveCfg = netstandard-Debug|Any CPU
		{96AA2060-C846-4E56-9509-E8CB9C114C8F}.DebugNETCoreAppnetstandardnetstandard|AnyCPU.Build.0 = netstandard-Debug|Any CPU
		{96AA2060-C846-4E56-9509-E8CB9C114C8F}.ReleaseNETCoreAppnetstandardnetstandard|AnyCPU.ActiveCfg = netstandard-Release|Any CPU
		{96AA2060-C846-4E56-9509-E8CB9C114C8F}.ReleaseNETCoreAppnetstandardnetstandard|AnyCPU.Build.0 = netstandard-Release|Any CPU
	EndGlobalSection
	GlobalSection(SolutionProperties) = preSolution
		HideSolutionNode = FALSE
	EndGlobalSection
EndGlobal
