Microsoft Visual Studio Solution File, Format Version 12.00
# Visual Studio 14
VisualStudioVersion = 14.0.25420.1
MinimumVisualStudioVersion = 10.0.40219.1
Project("{FAE04EC0-301F-11D3-BF4B-00C04F79EFBC}") = "System.IO.IsolatedStorage.Tests", "tests\System.IO.IsolatedStorage.Tests.csproj", "{BF4F9507-8FBD-45EA-81C9-3ED89C052C91}"
	ProjectSection(ProjectDependencies) = postProject
		{FAF5D1E4-BA43-4663-8429-C069066D75CB} = {FAF5D1E4-BA43-4663-8429-C069066D75CB}
	EndProjectSection
EndProject
Project("{FAE04EC0-301F-11D3-BF4B-00C04F79EFBC}") = "System.IO.IsolatedStorage", "src\System.IO.IsolatedStorage.csproj", "{FAF5D1E4-BA43-4663-8429-C069066D75CB}"
	ProjectSection(ProjectDependencies) = postProject
		{750200D5-661A-42AA-9E1F-2A151F5AEE74} = {750200D5-661A-42AA-9E1F-2A151F5AEE74}
	EndProjectSection
EndProject
Project("{FAE04EC0-301F-11D3-BF4B-00C04F79EFBC}") = "System.IO.IsolatedStorage", "ref\System.IO.IsolatedStorage.csproj", "{750200D5-661A-42AA-9E1F-2A151F5AEE74}"
EndProject
Project("{2150E333-8FDC-42A3-9474-1A3956D46DE8}") = "tests", "tests", "{1A2F9F4A-A032-433E-B914-ADD5992BB178}"
EndProject
Project("{2150E333-8FDC-42A3-9474-1A3956D46DE8}") = "src", "src", "{E107E9C1-E893-4E87-987E-04EF0DCEAEFD}"
EndProject
Project("{2150E333-8FDC-42A3-9474-1A3956D46DE8}") = "ref", "ref", "{2E666815-2EDB-464B-9DF6-380BF4789AD4}"
EndProject
Global
	GlobalSection(SolutionConfigurationPlatforms) = preSolution
		Debug|Any CPU = Debug|Any CPU
		Release|Any CPU = Release|Any CPU
	EndGlobalSection
	GlobalSection(ProjectConfigurationPlatforms) = postSolution
		{BF4F9507-8FBD-45EA-81C9-3ED89C052C91}.Debug|Any CPU.ActiveCfg = netcoreapp-Windows_NT-Debug|Any CPU
		{BF4F9507-8FBD-45EA-81C9-3ED89C052C91}.Debug|Any CPU.Build.0 = netcoreapp-Windows_NT-Debug|Any CPU
		{BF4F9507-8FBD-45EA-81C9-3ED89C052C91}.Release|Any CPU.ActiveCfg = netcoreapp-Windows_NT-Release|Any CPU
		{BF4F9507-8FBD-45EA-81C9-3ED89C052C91}.Release|Any CPU.Build.0 = netcoreapp-Windows_NT-Release|Any CPU
		{FAF5D1E4-BA43-4663-8429-C069066D75CB}.Debug|Any CPU.ActiveCfg = netcoreapp-Windows_NT-Debug|Any CPU
		{FAF5D1E4-BA43-4663-8429-C069066D75CB}.Debug|Any CPU.Build.0 = netcoreapp-Windows_NT-Debug|Any CPU
		{FAF5D1E4-BA43-4663-8429-C069066D75CB}.Release|Any CPU.ActiveCfg = netcoreapp-Windows_NT-Release|Any CPU
		{FAF5D1E4-BA43-4663-8429-C069066D75CB}.Release|Any CPU.Build.0 = netcoreapp-Windows_NT-Release|Any CPU
		{750200D5-661A-42AA-9E1F-2A151F5AEE74}.Debug|Any CPU.ActiveCfg = netcoreapp-Debug|Any CPU
		{750200D5-661A-42AA-9E1F-2A151F5AEE74}.Debug|Any CPU.Build.0 = netcoreapp-Debug|Any CPU
		{750200D5-661A-42AA-9E1F-2A151F5AEE74}.Release|Any CPU.ActiveCfg = netcoreapp-Release|Any CPU
		{750200D5-661A-42AA-9E1F-2A151F5AEE74}.Release|Any CPU.Build.0 = netcoreapp-Release|Any CPU
	EndGlobalSection
	GlobalSection(SolutionProperties) = preSolution
		HideSolutionNode = FALSE
	EndGlobalSection
	GlobalSection(NestedProjects) = preSolution
		{BF4F9507-8FBD-45EA-81C9-3ED89C052C91} = {1A2F9F4A-A032-433E-B914-ADD5992BB178}
		{FAF5D1E4-BA43-4663-8429-C069066D75CB} = {E107E9C1-E893-4E87-987E-04EF0DCEAEFD}
		{750200D5-661A-42AA-9E1F-2A151F5AEE74} = {2E666815-2EDB-464B-9DF6-380BF4789AD4}
	EndGlobalSection
EndGlobal
