
Microsoft Visual Studio Solution File, Format Version 12.00
# Visual Studio 14
VisualStudioVersion = 14.0.25123.0
MinimumVisualStudioVersion = 10.0.40219.1
Project("{FAE04EC0-301F-11D3-BF4B-00C04F79EFBC}") = "Microsoft.Win32.Registry.Tests", "tests\Microsoft.Win32.Registry.Tests.csproj", "{20A2BA2C-5517-483F-8FFE-643441A59852}"
	ProjectSection(ProjectDependencies) = postProject
		{D3F18ACC-D327-4ABB-BA6C-E9C34A041B2F} = {D3F18ACC-D327-4ABB-BA6C-E9C34A041B2F}
	EndProjectSection
EndProject
Project("{FAE04EC0-301F-11D3-BF4B-00C04F79EFBC}") = "Microsoft.Win32.Registry", "src\Microsoft.Win32.Registry.csproj", "{D3F18ACC-D327-4ABB-BA6C-E9C34A041B2F}"
EndProject
Project("{2150E333-8FDC-42A3-9474-1A3956D46DE8}") = ".nuget", ".nuget", "{FBCF7C99-4809-411D-BE8A-8E3E0DD17B7E}"
	ProjectSection(SolutionItems) = preProject
		..\.nuget\packages.Windows_NT.config = ..\.nuget\packages.Windows_NT.config
	EndProjectSection
EndProject
Global
	GlobalSection(SolutionConfigurationPlatforms) = preSolution
		DebugNETCoreAppnetstandard-Windows_NT-netstandard1.3-Windows_NT = DebugNETCoreAppnetstandard-Windows_NT-netstandard1.3-Windows_NT
		ReleaseNETCoreAppnetstandard-Windows_NT-netstandard1.3-Windows_NT = ReleaseNETCoreAppnetstandard-Windows_NT-netstandard1.3-Windows_NT
		DebugNETCoreAppnetstandard-Unix-netstandard1.3-Windows_NT = DebugNETCoreAppnetstandard-Unix-netstandard1.3-Windows_NT
		ReleaseNETCoreAppnetstandard-Unix-netstandard1.3-Windows_NT = ReleaseNETCoreAppnetstandard-Unix-netstandard1.3-Windows_NT
		DebugNETCoreAppnet463-AnyOS-netstandard1.3-Windows_NT = DebugNETCoreAppnet463-AnyOS-netstandard1.3-Windows_NT
		ReleaseNETCoreAppnet463-AnyOS-netstandard1.3-Windows_NT = ReleaseNETCoreAppnet463-AnyOS-netstandard1.3-Windows_NT
	EndGlobalSection

	GlobalSection(SolutionConfigurationPlatforms) = postSolution
	EndGlobalSection

	GlobalSection(SolutionProperties) = preSolution
		HideSolutionNode = FALSE
	EndGlobalSection
EndGlobal
