Microsoft Visual Studio Solution File, Format Version 12.00
# Visual Studio 14
VisualStudioVersion = 14.0.25420.1
MinimumVisualStudioVersion = 10.0.40219.1
Project("{FAE04EC0-301F-11D3-BF4B-00C04F79EFBC}") = "System.IO.MemoryMappedFiles.Tests", "tests\System.IO.MemoryMappedFiles.Tests.csproj", "{9D6F6254-B5A3-40FF-8925-68AA8D1CE933}"
	ProjectSection(ProjectDependencies) = postProject
		{16EE5522-F387-4C9E-9EF2-B5134B043F37} = {16EE5522-F387-4C9E-9EF2-B5134B043F37}
	EndProjectSection
EndProject
Project("{FAE04EC0-301F-11D3-BF4B-00C04F79EFBC}") = "System.IO.MemoryMappedFiles.Performance.Tests", "tests\Performance\System.IO.MemoryMappedFiles.Performance.Tests.csproj", "{1852096C-B5F5-4A2F-BCBD-3BF42225597B}"
	ProjectSection(ProjectDependencies) = postProject
		{16EE5522-F387-4C9E-9EF2-B5134B043F37} = {16EE5522-F387-4C9E-9EF2-B5134B043F37}
	EndProjectSection
EndProject
Project("{FAE04EC0-301F-11D3-BF4B-00C04F79EFBC}") = "System.IO.MemoryMappedFiles", "src\System.IO.MemoryMappedFiles.csproj", "{16EE5522-F387-4C9E-9EF2-B5134B043F37}"
EndProject
Global
	GlobalSection(SolutionConfigurationPlatforms) = preSolution
		DebugNETCoreAppnetstandard1.3-Unixnet463-Windows_NT|AnyCPU = DebugNETCoreAppnetstandard1.3-Unixnet463-Windows_NT|AnyCPU
		DebugNETCoreAppnetstandard1.3-Unixnetcoreapp-Unix|AnyCPU = DebugNETCoreAppnetstandard1.3-Unixnetcoreapp-Unix|AnyCPU
		DebugNETCoreAppnetstandard1.3-Unixnetcoreapp-Windows_NT|AnyCPU = DebugNETCoreAppnetstandard1.3-Unixnetcoreapp-Windows_NT|AnyCPU
		DebugNETCoreAppnetstandard1.3-Windows_NTnet463-Windows_NT|AnyCPU = DebugNETCoreAppnetstandard1.3-Windows_NTnet463-Windows_NT|AnyCPU
		DebugNETCoreAppnetstandard1.3-Windows_NTnetcoreapp-Unix|AnyCPU = DebugNETCoreAppnetstandard1.3-Windows_NTnetcoreapp-Unix|AnyCPU
		DebugNETCoreAppnetstandard1.3-Windows_NTnetcoreapp-Windows_NT|AnyCPU = DebugNETCoreAppnetstandard1.3-Windows_NTnetcoreapp-Windows_NT|AnyCPU
		ReleaseNETCoreAppnetstandard1.3-Unixnet463-Windows_NT|AnyCPU = ReleaseNETCoreAppnetstandard1.3-Unixnet463-Windows_NT|AnyCPU
		ReleaseNETCoreAppnetstandard1.3-Unixnetcoreapp-Unix|AnyCPU = ReleaseNETCoreAppnetstandard1.3-Unixnetcoreapp-Unix|AnyCPU
		ReleaseNETCoreAppnetstandard1.3-Unixnetcoreapp-Windows_NT|AnyCPU = ReleaseNETCoreAppnetstandard1.3-Unixnetcoreapp-Windows_NT|AnyCPU
		ReleaseNETCoreAppnetstandard1.3-Windows_NTnet463-Windows_NT|AnyCPU = ReleaseNETCoreAppnetstandard1.3-Windows_NTnet463-Windows_NT|AnyCPU
		ReleaseNETCoreAppnetstandard1.3-Windows_NTnetcoreapp-Unix|AnyCPU = ReleaseNETCoreAppnetstandard1.3-Windows_NTnetcoreapp-Unix|AnyCPU
		ReleaseNETCoreAppnetstandard1.3-Windows_NTnetcoreapp-Windows_NT|AnyCPU = ReleaseNETCoreAppnetstandard1.3-Windows_NTnetcoreapp-Windows_NT|AnyCPU
	EndGlobalSection
	GlobalSection(ProjectConfigurationPlatforms) = postSolution
		{9D6F6254-B5A3-40FF-8925-68AA8D1CE933}.DebugNETCoreAppnetstandard1.3-Unixnet463-Windows_NT|AnyCPU.ActiveCfg = netstandard1.3-Unix-Debug|Any CPU
		{9D6F6254-B5A3-40FF-8925-68AA8D1CE933}.DebugNETCoreAppnetstandard1.3-Unixnet463-Windows_NT|AnyCPU.Build.0 = netstandard1.3-Unix-Debug|Any CPU
		{9D6F6254-B5A3-40FF-8925-68AA8D1CE933}.DebugNETCoreAppnetstandard1.3-Unixnetcoreapp-Unix|AnyCPU.ActiveCfg = netstandard1.3-Unix-Debug|Any CPU
		{9D6F6254-B5A3-40FF-8925-68AA8D1CE933}.DebugNETCoreAppnetstandard1.3-Unixnetcoreapp-Unix|AnyCPU.Build.0 = netstandard1.3-Unix-Debug|Any CPU
		{9D6F6254-B5A3-40FF-8925-68AA8D1CE933}.DebugNETCoreAppnetstandard1.3-Unixnetcoreapp-Windows_NT|AnyCPU.ActiveCfg = netstandard1.3-Unix-Debug|Any CPU
		{9D6F6254-B5A3-40FF-8925-68AA8D1CE933}.DebugNETCoreAppnetstandard1.3-Unixnetcoreapp-Windows_NT|AnyCPU.Build.0 = netstandard1.3-Unix-Debug|Any CPU
		{9D6F6254-B5A3-40FF-8925-68AA8D1CE933}.DebugNETCoreAppnetstandard1.3-Windows_NTnet463-Windows_NT|AnyCPU.ActiveCfg = netstandard1.3-Windows_NT-Debug|Any CPU
		{9D6F6254-B5A3-40FF-8925-68AA8D1CE933}.DebugNETCoreAppnetstandard1.3-Windows_NTnet463-Windows_NT|AnyCPU.Build.0 = netstandard1.3-Windows_NT-Debug|Any CPU
		{9D6F6254-B5A3-40FF-8925-68AA8D1CE933}.DebugNETCoreAppnetstandard1.3-Windows_NTnetcoreapp-Unix|AnyCPU.ActiveCfg = netstandard1.3-Windows_NT-Debug|Any CPU
		{9D6F6254-B5A3-40FF-8925-68AA8D1CE933}.DebugNETCoreAppnetstandard1.3-Windows_NTnetcoreapp-Unix|AnyCPU.Build.0 = netstandard1.3-Windows_NT-Debug|Any CPU
		{9D6F6254-B5A3-40FF-8925-68AA8D1CE933}.DebugNETCoreAppnetstandard1.3-Windows_NTnetcoreapp-Windows_NT|AnyCPU.ActiveCfg = netstandard1.3-Windows_NT-Debug|Any CPU
		{9D6F6254-B5A3-40FF-8925-68AA8D1CE933}.DebugNETCoreAppnetstandard1.3-Windows_NTnetcoreapp-Windows_NT|AnyCPU.Build.0 = netstandard1.3-Windows_NT-Debug|Any CPU
		{9D6F6254-B5A3-40FF-8925-68AA8D1CE933}.ReleaseNETCoreAppnetstandard1.3-Unixnet463-Windows_NT|AnyCPU.ActiveCfg = netstandard1.3-Unix-Release|Any CPU
		{9D6F6254-B5A3-40FF-8925-68AA8D1CE933}.ReleaseNETCoreAppnetstandard1.3-Unixnet463-Windows_NT|AnyCPU.Build.0 = netstandard1.3-Unix-Release|Any CPU
		{9D6F6254-B5A3-40FF-8925-68AA8D1CE933}.ReleaseNETCoreAppnetstandard1.3-Unixnetcoreapp-Unix|AnyCPU.ActiveCfg = netstandard1.3-Unix-Release|Any CPU
		{9D6F6254-B5A3-40FF-8925-68AA8D1CE933}.ReleaseNETCoreAppnetstandard1.3-Unixnetcoreapp-Unix|AnyCPU.Build.0 = netstandard1.3-Unix-Release|Any CPU
		{9D6F6254-B5A3-40FF-8925-68AA8D1CE933}.ReleaseNETCoreAppnetstandard1.3-Unixnetcoreapp-Windows_NT|AnyCPU.ActiveCfg = netstandard1.3-Unix-Release|Any CPU
		{9D6F6254-B5A3-40FF-8925-68AA8D1CE933}.ReleaseNETCoreAppnetstandard1.3-Unixnetcoreapp-Windows_NT|AnyCPU.Build.0 = netstandard1.3-Unix-Release|Any CPU
		{9D6F6254-B5A3-40FF-8925-68AA8D1CE933}.ReleaseNETCoreAppnetstandard1.3-Windows_NTnet463-Windows_NT|AnyCPU.ActiveCfg = netstandard1.3-Windows_NT-Release|Any CPU
		{9D6F6254-B5A3-40FF-8925-68AA8D1CE933}.ReleaseNETCoreAppnetstandard1.3-Windows_NTnet463-Windows_NT|AnyCPU.Build.0 = netstandard1.3-Windows_NT-Release|Any CPU
		{9D6F6254-B5A3-40FF-8925-68AA8D1CE933}.ReleaseNETCoreAppnetstandard1.3-Windows_NTnetcoreapp-Unix|AnyCPU.ActiveCfg = netstandard1.3-Windows_NT-Release|Any CPU
		{9D6F6254-B5A3-40FF-8925-68AA8D1CE933}.ReleaseNETCoreAppnetstandard1.3-Windows_NTnetcoreapp-Unix|AnyCPU.Build.0 = netstandard1.3-Windows_NT-Release|Any CPU
		{9D6F6254-B5A3-40FF-8925-68AA8D1CE933}.ReleaseNETCoreAppnetstandard1.3-Windows_NTnetcoreapp-Windows_NT|AnyCPU.ActiveCfg = netstandard1.3-Windows_NT-Release|Any CPU
		{9D6F6254-B5A3-40FF-8925-68AA8D1CE933}.ReleaseNETCoreAppnetstandard1.3-Windows_NTnetcoreapp-Windows_NT|AnyCPU.Build.0 = netstandard1.3-Windows_NT-Release|Any CPU
		{16EE5522-F387-4C9E-9EF2-B5134B043F37}.DebugNETCoreAppnetstandard1.3-Unixnet463-Windows_NT|AnyCPU.ActiveCfg = net463-Windows_NT-Debug|Any CPU
		{16EE5522-F387-4C9E-9EF2-B5134B043F37}.DebugNETCoreAppnetstandard1.3-Unixnet463-Windows_NT|AnyCPU.Build.0 = net463-Windows_NT-Debug|Any CPU
		{16EE5522-F387-4C9E-9EF2-B5134B043F37}.DebugNETCoreAppnetstandard1.3-Unixnetcoreapp-Unix|AnyCPU.ActiveCfg = netcoreapp-Unix-Debug|Any CPU
		{16EE5522-F387-4C9E-9EF2-B5134B043F37}.DebugNETCoreAppnetstandard1.3-Unixnetcoreapp-Unix|AnyCPU.Build.0 = netcoreapp-Unix-Debug|Any CPU
		{16EE5522-F387-4C9E-9EF2-B5134B043F37}.DebugNETCoreAppnetstandard1.3-Unixnetcoreapp-Windows_NT|AnyCPU.ActiveCfg = netcoreapp-Windows_NT-Debug|Any CPU
		{16EE5522-F387-4C9E-9EF2-B5134B043F37}.DebugNETCoreAppnetstandard1.3-Unixnetcoreapp-Windows_NT|AnyCPU.Build.0 = netcoreapp-Windows_NT-Debug|Any CPU
		{16EE5522-F387-4C9E-9EF2-B5134B043F37}.DebugNETCoreAppnetstandard1.3-Windows_NTnet463-Windows_NT|AnyCPU.ActiveCfg = net463-Windows_NT-Debug|Any CPU
		{16EE5522-F387-4C9E-9EF2-B5134B043F37}.DebugNETCoreAppnetstandard1.3-Windows_NTnet463-Windows_NT|AnyCPU.Build.0 = net463-Windows_NT-Debug|Any CPU
		{16EE5522-F387-4C9E-9EF2-B5134B043F37}.DebugNETCoreAppnetstandard1.3-Windows_NTnetcoreapp-Unix|AnyCPU.ActiveCfg = netcoreapp-Unix-Debug|Any CPU
		{16EE5522-F387-4C9E-9EF2-B5134B043F37}.DebugNETCoreAppnetstandard1.3-Windows_NTnetcoreapp-Unix|AnyCPU.Build.0 = netcoreapp-Unix-Debug|Any CPU
		{16EE5522-F387-4C9E-9EF2-B5134B043F37}.DebugNETCoreAppnetstandard1.3-Windows_NTnetcoreapp-Windows_NT|AnyCPU.ActiveCfg = netcoreapp-Windows_NT-Debug|Any CPU
		{16EE5522-F387-4C9E-9EF2-B5134B043F37}.DebugNETCoreAppnetstandard1.3-Windows_NTnetcoreapp-Windows_NT|AnyCPU.Build.0 = netcoreapp-Windows_NT-Debug|Any CPU
		{16EE5522-F387-4C9E-9EF2-B5134B043F37}.ReleaseNETCoreAppnetstandard1.3-Unixnet463-Windows_NT|AnyCPU.ActiveCfg = net463-Windows_NT-Release|Any CPU
		{16EE5522-F387-4C9E-9EF2-B5134B043F37}.ReleaseNETCoreAppnetstandard1.3-Unixnet463-Windows_NT|AnyCPU.Build.0 = net463-Windows_NT-Release|Any CPU
		{16EE5522-F387-4C9E-9EF2-B5134B043F37}.ReleaseNETCoreAppnetstandard1.3-Unixnetcoreapp-Unix|AnyCPU.ActiveCfg = netcoreapp-Unix-Release|Any CPU
		{16EE5522-F387-4C9E-9EF2-B5134B043F37}.ReleaseNETCoreAppnetstandard1.3-Unixnetcoreapp-Unix|AnyCPU.Build.0 = netcoreapp-Unix-Release|Any CPU
		{16EE5522-F387-4C9E-9EF2-B5134B043F37}.ReleaseNETCoreAppnetstandard1.3-Unixnetcoreapp-Windows_NT|AnyCPU.ActiveCfg = netcoreapp-Windows_NT-Release|Any CPU
		{16EE5522-F387-4C9E-9EF2-B5134B043F37}.ReleaseNETCoreAppnetstandard1.3-Unixnetcoreapp-Windows_NT|AnyCPU.Build.0 = netcoreapp-Windows_NT-Release|Any CPU
		{16EE5522-F387-4C9E-9EF2-B5134B043F37}.ReleaseNETCoreAppnetstandard1.3-Windows_NTnet463-Windows_NT|AnyCPU.ActiveCfg = net463-Windows_NT-Release|Any CPU
		{16EE5522-F387-4C9E-9EF2-B5134B043F37}.ReleaseNETCoreAppnetstandard1.3-Windows_NTnet463-Windows_NT|AnyCPU.Build.0 = net463-Windows_NT-Release|Any CPU
		{16EE5522-F387-4C9E-9EF2-B5134B043F37}.ReleaseNETCoreAppnetstandard1.3-Windows_NTnetcoreapp-Unix|AnyCPU.ActiveCfg = netcoreapp-Unix-Release|Any CPU
		{16EE5522-F387-4C9E-9EF2-B5134B043F37}.ReleaseNETCoreAppnetstandard1.3-Windows_NTnetcoreapp-Unix|AnyCPU.Build.0 = netcoreapp-Unix-Release|Any CPU
		{16EE5522-F387-4C9E-9EF2-B5134B043F37}.ReleaseNETCoreAppnetstandard1.3-Windows_NTnetcoreapp-Windows_NT|AnyCPU.ActiveCfg = netcoreapp-Windows_NT-Release|Any CPU
		{16EE5522-F387-4C9E-9EF2-B5134B043F37}.ReleaseNETCoreAppnetstandard1.3-Windows_NTnetcoreapp-Windows_NT|AnyCPU.Build.0 = netcoreapp-Windows_NT-Release|Any CPU
	EndGlobalSection
	GlobalSection(SolutionProperties) = preSolution
		HideSolutionNode = FALSE
	EndGlobalSection
EndGlobal
