
Microsoft Visual Studio Solution File, Format Version 12.00
# Visual Studio 2013
VisualStudioVersion = 12.0.31101.0
MinimumVisualStudioVersion = 10.0.40219.1
Project("{FAE04EC0-301F-11D3-BF4B-00C04F79EFBC}") = "System.Resources.Writer", "src\System.Resources.Writer.csproj", "{16EE5522-F387-4C9E-9EF2-B5134B043F37}"
EndProject
Project("{2150E333-8FDC-42A3-9474-1A3956D46DE8}") = ".nuget", ".nuget", "{F1123D80-2297-4958-B2D6-8261DBCBC223}"
	ProjectSection(SolutionItems) = preProject
		..\.nuget\packages.Windows_NT.config = ..\.nuget\packages.Windows_NT.config
	EndProjectSection
EndProject
Project("{FAE04EC0-301F-11D3-BF4B-00C04F79EFBC}") = "System.Resources.Writer.Tests", "tests\System.Resources.Writer.Tests.csproj", "{8D7202E8-084A-4C20-AB93-3BF70D2E0651}"
EndProject
Global
	GlobalSection(SolutionConfigurationPlatforms) = preSolution
		netstandard1.3_Debug|AnyCPU = netstandard1.3_Debug|AnyCPU
		netstandard1.3_Release|AnyCPU = netstandard1.3_Release|AnyCPU
		      netstandard_Debug|AnyCPU =       netstandard_Debug|AnyCPU
		      netstandard_Release|AnyCPU =       netstandard_Release|AnyCPU
EndGlobalSection


	GlobalSection(SolutionConfigurationPlatforms) = postSolution
		{Project("{FAE04EC0-301F-11D3-BF4B-00C04F79EFBC}") = "System.Resources.Writer", "src\System.Resources.Writer.csproj", "{16EE5522-F387-4C9E-9EF2-B5134B043F37}"}.netstandard_Debug|AnyCPU.ActiveCfg = netstandard_Debug|AnyCPU
		{Project("{FAE04EC0-301F-11D3-BF4B-00C04F79EFBC}") = "System.Resources.Writer", "src\System.Resources.Writer.csproj", "{16EE5522-F387-4C9E-9EF2-B5134B043F37}"}.netstandard_Debug|AnyCPU.Build.0 = netstandard_Debug|AnyCPU
		{Project("{FAE04EC0-301F-11D3-BF4B-00C04F79EFBC}") = "System.Resources.Writer", "src\System.Resources.Writer.csproj", "{16EE5522-F387-4C9E-9EF2-B5134B043F37}"}.netstandard_Release|AnyCPU.ActiveCfg = netstandard_Release|AnyCPU
		{Project("{FAE04EC0-301F-11D3-BF4B-00C04F79EFBC}") = "System.Resources.Writer", "src\System.Resources.Writer.csproj", "{16EE5522-F387-4C9E-9EF2-B5134B043F37}"}.netstandard_Release|AnyCPU.Build.0 = netstandard_Release|AnyCPU
		{Project("{FAE04EC0-301F-11D3-BF4B-00C04F79EFBC}") = "System.Resources.Writer.Tests", "tests\System.Resources.Writer.Tests.csproj", "{8D7202E8-084A-4C20-AB93-3BF70D2E0651}"}.netstandard_Debug|AnyCPU.ActiveCfg = netstandard_Debug|AnyCPU
		{Project("{FAE04EC0-301F-11D3-BF4B-00C04F79EFBC}") = "System.Resources.Writer.Tests", "tests\System.Resources.Writer.Tests.csproj", "{8D7202E8-084A-4C20-AB93-3BF70D2E0651}"}.netstandard_Debug|AnyCPU.Build.0 = netstandard_Debug|AnyCPU
		{Project("{FAE04EC0-301F-11D3-BF4B-00C04F79EFBC}") = "System.Resources.Writer.Tests", "tests\System.Resources.Writer.Tests.csproj", "{8D7202E8-084A-4C20-AB93-3BF70D2E0651}"}.netstandard_Release|AnyCPU.ActiveCfg = netstandard_Release|AnyCPU
		{Project("{FAE04EC0-301F-11D3-BF4B-00C04F79EFBC}") = "System.Resources.Writer.Tests", "tests\System.Resources.Writer.Tests.csproj", "{8D7202E8-084A-4C20-AB93-3BF70D2E0651}"}.netstandard_Release|AnyCPU.Build.0 = netstandard_Release|AnyCPU
EndGlobalSection

	GlobalSection(SolutionProperties) = preSolution
		HideSolutionNode = FALSE
	EndGlobalSection
EndGlobal
