Microsoft Visual Studio Solution File, Format Version 12.00
# Visual Studio 14
VisualStudioVersion = 14.0.25420.1
MinimumVisualStudioVersion = 10.0.40219.1
Project("{FAE04EC0-301F-11D3-BF4B-00C04F79EFBC}") = "System.ComponentModel.EventBasedAsync.Tests", "tests\System.ComponentModel.EventBasedAsync.Tests.csproj", "{59E9B218-81D0-4A80-A4B7-66C716136D82}"
	ProjectSection(ProjectDependencies) = postProject
		{551A6340-8EEF-445E-A2A2-639CC23DBD36} = {551A6340-8EEF-445E-A2A2-639CC23DBD36}
	EndProjectSection
EndProject
Project("{FAE04EC0-301F-11D3-BF4B-00C04F79EFBC}") = "System.ComponentModel.EventBasedAsync", "src\System.ComponentModel.EventBasedAsync.csproj", "{551A6340-8EEF-445E-A2A2-639CC23DBD36}"
EndProject
Global
	GlobalSection(SolutionConfigurationPlatforms) = preSolution
		DebugNETCoreAppnetstandard1.3net463-Windows_NT|AnyCPU = DebugNETCoreAppnetstandard1.3net463-Windows_NT|AnyCPU
		DebugNETCoreAppnetstandard1.3netcoreapp|AnyCPU = DebugNETCoreAppnetstandard1.3netcoreapp|AnyCPU
		ReleaseNETCoreAppnetstandard1.3net463-Windows_NT|AnyCPU = ReleaseNETCoreAppnetstandard1.3net463-Windows_NT|AnyCPU
		ReleaseNETCoreAppnetstandard1.3netcoreapp|AnyCPU = ReleaseNETCoreAppnetstandard1.3netcoreapp|AnyCPU
	EndGlobalSection
	GlobalSection(ProjectConfigurationPlatforms) = postSolution
		{59E9B218-81D0-4A80-A4B7-66C716136D82}.DebugNETCoreAppnetstandard1.3net463-Windows_NT|AnyCPU.ActiveCfg = netstandard1.3-Debug|Any CPU
		{59E9B218-81D0-4A80-A4B7-66C716136D82}.DebugNETCoreAppnetstandard1.3net463-Windows_NT|AnyCPU.Build.0 = netstandard1.3-Debug|Any CPU
		{59E9B218-81D0-4A80-A4B7-66C716136D82}.DebugNETCoreAppnetstandard1.3netcoreapp|AnyCPU.ActiveCfg = netstandard1.3-Debug|Any CPU
		{59E9B218-81D0-4A80-A4B7-66C716136D82}.DebugNETCoreAppnetstandard1.3netcoreapp|AnyCPU.Build.0 = netstandard1.3-Debug|Any CPU
		{59E9B218-81D0-4A80-A4B7-66C716136D82}.ReleaseNETCoreAppnetstandard1.3net463-Windows_NT|AnyCPU.ActiveCfg = netstandard1.3-Release|Any CPU
		{59E9B218-81D0-4A80-A4B7-66C716136D82}.ReleaseNETCoreAppnetstandard1.3net463-Windows_NT|AnyCPU.Build.0 = netstandard1.3-Release|Any CPU
		{59E9B218-81D0-4A80-A4B7-66C716136D82}.ReleaseNETCoreAppnetstandard1.3netcoreapp|AnyCPU.ActiveCfg = netstandard1.3-Release|Any CPU
		{59E9B218-81D0-4A80-A4B7-66C716136D82}.ReleaseNETCoreAppnetstandard1.3netcoreapp|AnyCPU.Build.0 = netstandard1.3-Release|Any CPU
		{551A6340-8EEF-445E-A2A2-639CC23DBD36}.DebugNETCoreAppnetstandard1.3net463-Windows_NT|AnyCPU.ActiveCfg = net463-Windows_NT-Debug|Any CPU
		{551A6340-8EEF-445E-A2A2-639CC23DBD36}.DebugNETCoreAppnetstandard1.3net463-Windows_NT|AnyCPU.Build.0 = net463-Windows_NT-Debug|Any CPU
		{551A6340-8EEF-445E-A2A2-639CC23DBD36}.DebugNETCoreAppnetstandard1.3netcoreapp|AnyCPU.ActiveCfg = netcoreapp-Debug|Any CPU
		{551A6340-8EEF-445E-A2A2-639CC23DBD36}.DebugNETCoreAppnetstandard1.3netcoreapp|AnyCPU.Build.0 = netcoreapp-Debug|Any CPU
		{551A6340-8EEF-445E-A2A2-639CC23DBD36}.ReleaseNETCoreAppnetstandard1.3net463-Windows_NT|AnyCPU.ActiveCfg = net463-Windows_NT-Release|Any CPU
		{551A6340-8EEF-445E-A2A2-639CC23DBD36}.ReleaseNETCoreAppnetstandard1.3net463-Windows_NT|AnyCPU.Build.0 = net463-Windows_NT-Release|Any CPU
		{551A6340-8EEF-445E-A2A2-639CC23DBD36}.ReleaseNETCoreAppnetstandard1.3netcoreapp|AnyCPU.ActiveCfg = netcoreapp-Release|Any CPU
		{551A6340-8EEF-445E-A2A2-639CC23DBD36}.ReleaseNETCoreAppnetstandard1.3netcoreapp|AnyCPU.Build.0 = netcoreapp-Release|Any CPU
	EndGlobalSection
	GlobalSection(SolutionProperties) = preSolution
		HideSolutionNode = FALSE
	EndGlobalSection
EndGlobal
