Microsoft Visual Studio Solution File, Format Version 12.00
# Visual Studio 14
VisualStudioVersion = 14.0.22609.0
MinimumVisualStudioVersion = 10.0.40219.1
Project("{FAE04EC0-301F-11D3-BF4B-00C04F79EFBC}") = "System.IO.FileSystem.Watcher", "src\System.IO.FileSystem.Watcher.csproj", "{77E702D9-C6D8-4CE4-9941-D3056C3CCBED}"
EndProject
Project("{FAE04EC0-301F-11D3-BF4B-00C04F79EFBC}") = "System.IO.FileSystem.Watcher.Tests", "tests\System.IO.FileSystem.Watcher.Tests.csproj", "{20411A66-C7A4-4941-8FA2-66308365FD22}"
EndProject
Global
	GlobalSection(SolutionConfigurationPlatforms) = preSolution
		Linux_Debug|Any CPU = Linux_Debug|Any CPU
		Linux_Release|Any CPU = Linux_Release|Any CPU
		OSX_Debug|Any CPU = OSX_Debug|Any CPU
		OSX_Release|Any CPU = OSX_Release|Any CPU
		Windows_Debug|Any CPU = Windows_Debug|Any CPU
		Windows_Release|Any CPU = Windows_Release|Any CPU
	EndGlobalSection
	GlobalSection(ProjectConfigurationPlatforms) = postSolution
		{77E702D9-C6D8-4CE4-9941-D3056C3CCBED}.Linux_Debug|Any CPU.ActiveCfg = Linux_Debug|Any CPU
		{77E702D9-C6D8-4CE4-9941-D3056C3CCBED}.Linux_Debug|Any CPU.Build.0 = Linux_Debug|Any CPU
		{77E702D9-C6D8-4CE4-9941-D3056C3CCBED}.Linux_Release|Any CPU.ActiveCfg = Linux_Release|Any CPU
		{77E702D9-C6D8-4CE4-9941-D3056C3CCBED}.Linux_Release|Any CPU.Build.0 = Linux_Release|Any CPU
		{77E702D9-C6D8-4CE4-9941-D3056C3CCBED}.OSX_Debug|Any CPU.ActiveCfg = OSX_Debug|Any CPU
		{77E702D9-C6D8-4CE4-9941-D3056C3CCBED}.OSX_Debug|Any CPU.Build.0 = OSX_Debug|Any CPU
		{77E702D9-C6D8-4CE4-9941-D3056C3CCBED}.OSX_Release|Any CPU.ActiveCfg = OSX_Release|Any CPU
		{77E702D9-C6D8-4CE4-9941-D3056C3CCBED}.OSX_Release|Any CPU.Build.0 = OSX_Release|Any CPU
		{77E702D9-C6D8-4CE4-9941-D3056C3CCBED}.Windows_Debug|Any CPU.ActiveCfg = Windows_Debug|Any CPU
		{77E702D9-C6D8-4CE4-9941-D3056C3CCBED}.Windows_Debug|Any CPU.Build.0 = Windows_Debug|Any CPU
		{77E702D9-C6D8-4CE4-9941-D3056C3CCBED}.Windows_Release|Any CPU.ActiveCfg = Windows_Release|Any CPU
		{77E702D9-C6D8-4CE4-9941-D3056C3CCBED}.Windows_Release|Any CPU.Build.0 = Windows_Release|Any CPU
		{20411A66-C7A4-4941-8FA2-66308365FD22}.Linux_Debug|Any CPU.ActiveCfg = Debug|Any CPU
		{20411A66-C7A4-4941-8FA2-66308365FD22}.Linux_Release|Any CPU.ActiveCfg = Debug|Any CPU
		{20411A66-C7A4-4941-8FA2-66308365FD22}.OSX_Debug|Any CPU.ActiveCfg = Debug|Any CPU
		{20411A66-C7A4-4941-8FA2-66308365FD22}.OSX_Release|Any CPU.ActiveCfg = Debug|Any CPU
		{20411A66-C7A4-4941-8FA2-66308365FD22}.Windows_Debug|Any CPU.ActiveCfg = Debug|Any CPU
		{20411A66-C7A4-4941-8FA2-66308365FD22}.Windows_Debug|Any CPU.Build.0 = Debug|Any CPU
		{20411A66-C7A4-4941-8FA2-66308365FD22}.Windows_Release|Any CPU.ActiveCfg = Debug|Any CPU
		{20411A66-C7A4-4941-8FA2-66308365FD22}.Windows_Release|Any CPU.Build.0 = Debug|Any CPU
	EndGlobalSection
	GlobalSection(SolutionProperties) = preSolution
		HideSolutionNode = FALSE
	EndGlobalSection
EndGlobal
