
Microsoft Visual Studio Solution File, Format Version 12.00
# Visual Studio 14
VisualStudioVersion = 14.0.25123.0
MinimumVisualStudioVersion = 10.0.40219.1
Project("{FAE04EC0-301F-11D3-BF4B-00C04F79EFBC}") = "System.Diagnostics.Process", "src\System.Diagnostics.Process.csproj", "{63634289-90D7-4947-8BF3-DBBE98D76C85}"
EndProject
Project("{2150E333-8FDC-42A3-9474-1A3956D46DE8}") = ".nuget", ".nuget", "{EFFF9E5B-58A0-4D0E-891D-40EF450FE7DA}"
	ProjectSection(SolutionItems) = preProject
		..\.nuget\packages.Windows_NT.config = ..\.nuget\packages.Windows_NT.config
	EndProjectSection
EndProject
Project("{FAE04EC0-301F-11D3-BF4B-00C04F79EFBC}") = "System.Diagnostics.Process.Tests", "tests\System.Diagnostics.Process.Tests\System.Diagnostics.Process.Tests.csproj", "{E1114510-844C-4BB2-BBAD-8595BD16E24B}"
EndProject
Project("{FAE04EC0-301F-11D3-BF4B-00C04F79EFBC}") = "RemoteExecutorConsoleApp", "..\Common\tests\System\Diagnostics\RemoteExecutorConsoleApp\RemoteExecutorConsoleApp.csproj", "{F5E941C8-AF2F-47AB-A066-FF25470CE382}"
EndProject
Project("{8BC9CEB8-8B4A-11D0-8D11-00A0C91BC942}") = "System.Diagnostics.Process.NetUserService", "tests\System.Diagnostics.Process.NetUserService\System.Diagnostics.Process.NetUserService.vcxproj", "{6C665290-70AC-481A-BC43-4A13F7AA44CD}"
EndProject
Global
	GlobalSection(SolutionConfigurationPlatforms) = preSolution
		Debug|Any CPU = Debug|Any CPU
		Debug|x64 = Debug|x64
		Debug|x86 = Debug|x86
		Linux_Debug|Any CPU = Linux_Debug|Any CPU
		Linux_Debug|x64 = Linux_Debug|x64
		Linux_Debug|x86 = Linux_Debug|x86
		Linux_Release|Any CPU = Linux_Release|Any CPU
		Linux_Release|x64 = Linux_Release|x64
		Linux_Release|x86 = Linux_Release|x86
		OSX_Debug|Any CPU = OSX_Debug|Any CPU
		OSX_Debug|x64 = OSX_Debug|x64
		OSX_Debug|x86 = OSX_Debug|x86
		OSX_Release|Any CPU = OSX_Release|Any CPU
		OSX_Release|x64 = OSX_Release|x64
		OSX_Release|x86 = OSX_Release|x86
		Release|Any CPU = Release|Any CPU
		Release|x64 = Release|x64
		Release|x86 = Release|x86
		Windows_Debug|Any CPU = Windows_Debug|Any CPU
		Windows_Debug|x64 = Windows_Debug|x64
		Windows_Debug|x86 = Windows_Debug|x86
		Windows_Release|Any CPU = Windows_Release|Any CPU
		Windows_Release|x64 = Windows_Release|x64
		Windows_Release|x86 = Windows_Release|x86
	EndGlobalSection
	GlobalSection(ProjectConfigurationPlatforms) = postSolution
		{63634289-90D7-4947-8BF3-DBBE98D76C85}.Debug|Any CPU.ActiveCfg = net461_Debug|Any CPU
		{63634289-90D7-4947-8BF3-DBBE98D76C85}.Debug|Any CPU.Build.0 = net461_Debug|Any CPU
		{63634289-90D7-4947-8BF3-DBBE98D76C85}.Debug|x64.ActiveCfg = net461_Debug|Any CPU
		{63634289-90D7-4947-8BF3-DBBE98D76C85}.Debug|x64.Build.0 = net461_Debug|Any CPU
		{63634289-90D7-4947-8BF3-DBBE98D76C85}.Debug|x86.ActiveCfg = net461_Debug|Any CPU
		{63634289-90D7-4947-8BF3-DBBE98D76C85}.Debug|x86.Build.0 = net461_Debug|Any CPU
		{63634289-90D7-4947-8BF3-DBBE98D76C85}.Linux_Debug|Any CPU.ActiveCfg = Linux_Debug|Any CPU
		{63634289-90D7-4947-8BF3-DBBE98D76C85}.Linux_Debug|Any CPU.Build.0 = Linux_Debug|Any CPU
		{63634289-90D7-4947-8BF3-DBBE98D76C85}.Linux_Debug|x64.ActiveCfg = Linux_Debug|Any CPU
		{63634289-90D7-4947-8BF3-DBBE98D76C85}.Linux_Debug|x64.Build.0 = Linux_Debug|Any CPU
		{63634289-90D7-4947-8BF3-DBBE98D76C85}.Linux_Debug|x86.ActiveCfg = Linux_Debug|Any CPU
		{63634289-90D7-4947-8BF3-DBBE98D76C85}.Linux_Debug|x86.Build.0 = Linux_Debug|Any CPU
		{63634289-90D7-4947-8BF3-DBBE98D76C85}.Linux_Release|Any CPU.ActiveCfg = Linux_Release|Any CPU
		{63634289-90D7-4947-8BF3-DBBE98D76C85}.Linux_Release|Any CPU.Build.0 = Linux_Release|Any CPU
		{63634289-90D7-4947-8BF3-DBBE98D76C85}.Linux_Release|x64.ActiveCfg = Linux_Release|Any CPU
		{63634289-90D7-4947-8BF3-DBBE98D76C85}.Linux_Release|x64.Build.0 = Linux_Release|Any CPU
		{63634289-90D7-4947-8BF3-DBBE98D76C85}.Linux_Release|x86.ActiveCfg = Linux_Release|Any CPU
		{63634289-90D7-4947-8BF3-DBBE98D76C85}.Linux_Release|x86.Build.0 = Linux_Release|Any CPU
		{63634289-90D7-4947-8BF3-DBBE98D76C85}.OSX_Debug|Any CPU.ActiveCfg = OSX_Debug|Any CPU
		{63634289-90D7-4947-8BF3-DBBE98D76C85}.OSX_Debug|Any CPU.Build.0 = OSX_Debug|Any CPU
		{63634289-90D7-4947-8BF3-DBBE98D76C85}.OSX_Debug|x64.ActiveCfg = OSX_Debug|Any CPU
		{63634289-90D7-4947-8BF3-DBBE98D76C85}.OSX_Debug|x64.Build.0 = OSX_Debug|Any CPU
		{63634289-90D7-4947-8BF3-DBBE98D76C85}.OSX_Debug|x86.ActiveCfg = OSX_Debug|Any CPU
		{63634289-90D7-4947-8BF3-DBBE98D76C85}.OSX_Debug|x86.Build.0 = OSX_Debug|Any CPU
		{63634289-90D7-4947-8BF3-DBBE98D76C85}.OSX_Release|Any CPU.ActiveCfg = OSX_Release|Any CPU
		{63634289-90D7-4947-8BF3-DBBE98D76C85}.OSX_Release|Any CPU.Build.0 = OSX_Release|Any CPU
		{63634289-90D7-4947-8BF3-DBBE98D76C85}.OSX_Release|x64.ActiveCfg = OSX_Release|Any CPU
		{63634289-90D7-4947-8BF3-DBBE98D76C85}.OSX_Release|x64.Build.0 = OSX_Release|Any CPU
		{63634289-90D7-4947-8BF3-DBBE98D76C85}.OSX_Release|x86.ActiveCfg = OSX_Release|Any CPU
		{63634289-90D7-4947-8BF3-DBBE98D76C85}.OSX_Release|x86.Build.0 = OSX_Release|Any CPU
		{63634289-90D7-4947-8BF3-DBBE98D76C85}.Release|Any CPU.ActiveCfg = net461_Release|Any CPU
		{63634289-90D7-4947-8BF3-DBBE98D76C85}.Release|Any CPU.Build.0 = net461_Release|Any CPU
		{63634289-90D7-4947-8BF3-DBBE98D76C85}.Release|x64.ActiveCfg = net461_Release|Any CPU
		{63634289-90D7-4947-8BF3-DBBE98D76C85}.Release|x64.Build.0 = net461_Release|Any CPU
		{63634289-90D7-4947-8BF3-DBBE98D76C85}.Release|x86.ActiveCfg = net461_Release|Any CPU
		{63634289-90D7-4947-8BF3-DBBE98D76C85}.Release|x86.Build.0 = net461_Release|Any CPU
		{63634289-90D7-4947-8BF3-DBBE98D76C85}.Windows_Debug|Any CPU.ActiveCfg = Windows_Debug|Any CPU
		{63634289-90D7-4947-8BF3-DBBE98D76C85}.Windows_Debug|Any CPU.Build.0 = Windows_Debug|Any CPU
		{63634289-90D7-4947-8BF3-DBBE98D76C85}.Windows_Debug|x64.ActiveCfg = Windows_Debug|Any CPU
		{63634289-90D7-4947-8BF3-DBBE98D76C85}.Windows_Debug|x64.Build.0 = Windows_Debug|Any CPU
		{63634289-90D7-4947-8BF3-DBBE98D76C85}.Windows_Debug|x86.ActiveCfg = Windows_Debug|Any CPU
		{63634289-90D7-4947-8BF3-DBBE98D76C85}.Windows_Debug|x86.Build.0 = Windows_Debug|Any CPU
		{63634289-90D7-4947-8BF3-DBBE98D76C85}.Windows_Release|Any CPU.ActiveCfg = Windows_Release|Any CPU
		{63634289-90D7-4947-8BF3-DBBE98D76C85}.Windows_Release|Any CPU.Build.0 = Windows_Release|Any CPU
		{63634289-90D7-4947-8BF3-DBBE98D76C85}.Windows_Release|x64.ActiveCfg = Windows_Release|Any CPU
		{63634289-90D7-4947-8BF3-DBBE98D76C85}.Windows_Release|x64.Build.0 = Windows_Release|Any CPU
		{63634289-90D7-4947-8BF3-DBBE98D76C85}.Windows_Release|x86.ActiveCfg = Windows_Release|Any CPU
		{63634289-90D7-4947-8BF3-DBBE98D76C85}.Windows_Release|x86.Build.0 = Windows_Release|Any CPU
		{E1114510-844C-4BB2-BBAD-8595BD16E24B}.Debug|Any CPU.ActiveCfg = Debug|Any CPU
		{E1114510-844C-4BB2-BBAD-8595BD16E24B}.Debug|Any CPU.Build.0 = Debug|Any CPU
		{E1114510-844C-4BB2-BBAD-8595BD16E24B}.Debug|x64.ActiveCfg = Debug|Any CPU
		{E1114510-844C-4BB2-BBAD-8595BD16E24B}.Debug|x64.Build.0 = Debug|Any CPU
		{E1114510-844C-4BB2-BBAD-8595BD16E24B}.Debug|x86.ActiveCfg = Debug|Any CPU
		{E1114510-844C-4BB2-BBAD-8595BD16E24B}.Debug|x86.Build.0 = Debug|Any CPU
		{E1114510-844C-4BB2-BBAD-8595BD16E24B}.Linux_Debug|Any CPU.ActiveCfg = Debug|Any CPU
		{E1114510-844C-4BB2-BBAD-8595BD16E24B}.Linux_Debug|x64.ActiveCfg = Debug|Any CPU
		{E1114510-844C-4BB2-BBAD-8595BD16E24B}.Linux_Debug|x64.Build.0 = Debug|Any CPU
		{E1114510-844C-4BB2-BBAD-8595BD16E24B}.Linux_Debug|x86.ActiveCfg = Debug|Any CPU
		{E1114510-844C-4BB2-BBAD-8595BD16E24B}.Linux_Debug|x86.Build.0 = Debug|Any CPU
		{E1114510-844C-4BB2-BBAD-8595BD16E24B}.Linux_Release|Any CPU.ActiveCfg = Release|Any CPU
		{E1114510-844C-4BB2-BBAD-8595BD16E24B}.Linux_Release|x64.ActiveCfg = Release|Any CPU
		{E1114510-844C-4BB2-BBAD-8595BD16E24B}.Linux_Release|x64.Build.0 = Release|Any CPU
		{E1114510-844C-4BB2-BBAD-8595BD16E24B}.Linux_Release|x86.ActiveCfg = Release|Any CPU
		{E1114510-844C-4BB2-BBAD-8595BD16E24B}.Linux_Release|x86.Build.0 = Release|Any CPU
		{E1114510-844C-4BB2-BBAD-8595BD16E24B}.OSX_Debug|Any CPU.ActiveCfg = Debug|Any CPU
		{E1114510-844C-4BB2-BBAD-8595BD16E24B}.OSX_Debug|x64.ActiveCfg = Debug|Any CPU
		{E1114510-844C-4BB2-BBAD-8595BD16E24B}.OSX_Debug|x64.Build.0 = Debug|Any CPU
		{E1114510-844C-4BB2-BBAD-8595BD16E24B}.OSX_Debug|x86.ActiveCfg = Debug|Any CPU
		{E1114510-844C-4BB2-BBAD-8595BD16E24B}.OSX_Debug|x86.Build.0 = Debug|Any CPU
		{E1114510-844C-4BB2-BBAD-8595BD16E24B}.OSX_Release|Any CPU.ActiveCfg = Release|Any CPU
		{E1114510-844C-4BB2-BBAD-8595BD16E24B}.OSX_Release|x64.ActiveCfg = Release|Any CPU
		{E1114510-844C-4BB2-BBAD-8595BD16E24B}.OSX_Release|x64.Build.0 = Release|Any CPU
		{E1114510-844C-4BB2-BBAD-8595BD16E24B}.OSX_Release|x86.ActiveCfg = Release|Any CPU
		{E1114510-844C-4BB2-BBAD-8595BD16E24B}.OSX_Release|x86.Build.0 = Release|Any CPU
		{E1114510-844C-4BB2-BBAD-8595BD16E24B}.Release|Any CPU.ActiveCfg = Release|Any CPU
		{E1114510-844C-4BB2-BBAD-8595BD16E24B}.Release|Any CPU.Build.0 = Release|Any CPU
		{E1114510-844C-4BB2-BBAD-8595BD16E24B}.Release|x64.ActiveCfg = Release|Any CPU
		{E1114510-844C-4BB2-BBAD-8595BD16E24B}.Release|x64.Build.0 = Release|Any CPU
		{E1114510-844C-4BB2-BBAD-8595BD16E24B}.Release|x86.ActiveCfg = Release|Any CPU
		{E1114510-844C-4BB2-BBAD-8595BD16E24B}.Release|x86.Build.0 = Release|Any CPU
		{E1114510-844C-4BB2-BBAD-8595BD16E24B}.Windows_Debug|Any CPU.ActiveCfg = Debug|Any CPU
		{E1114510-844C-4BB2-BBAD-8595BD16E24B}.Windows_Debug|Any CPU.Build.0 = Debug|Any CPU
		{E1114510-844C-4BB2-BBAD-8595BD16E24B}.Windows_Debug|x64.ActiveCfg = Debug|Any CPU
		{E1114510-844C-4BB2-BBAD-8595BD16E24B}.Windows_Debug|x64.Build.0 = Debug|Any CPU
		{E1114510-844C-4BB2-BBAD-8595BD16E24B}.Windows_Debug|x86.ActiveCfg = Debug|Any CPU
		{E1114510-844C-4BB2-BBAD-8595BD16E24B}.Windows_Debug|x86.Build.0 = Debug|Any CPU
		{E1114510-844C-4BB2-BBAD-8595BD16E24B}.Windows_Release|Any CPU.ActiveCfg = Release|Any CPU
		{E1114510-844C-4BB2-BBAD-8595BD16E24B}.Windows_Release|Any CPU.Build.0 = Release|Any CPU
		{E1114510-844C-4BB2-BBAD-8595BD16E24B}.Windows_Release|x64.ActiveCfg = Release|Any CPU
		{E1114510-844C-4BB2-BBAD-8595BD16E24B}.Windows_Release|x64.Build.0 = Release|Any CPU
		{E1114510-844C-4BB2-BBAD-8595BD16E24B}.Windows_Release|x86.ActiveCfg = Release|Any CPU
		{E1114510-844C-4BB2-BBAD-8595BD16E24B}.Windows_Release|x86.Build.0 = Release|Any CPU
		{F5E941C8-AF2F-47AB-A066-FF25470CE382}.Debug|Any CPU.ActiveCfg = Debug|Any CPU
		{F5E941C8-AF2F-47AB-A066-FF25470CE382}.Debug|Any CPU.Build.0 = Debug|Any CPU
		{F5E941C8-AF2F-47AB-A066-FF25470CE382}.Debug|x64.ActiveCfg = Debug|Any CPU
		{F5E941C8-AF2F-47AB-A066-FF25470CE382}.Debug|x64.Build.0 = Debug|Any CPU
		{F5E941C8-AF2F-47AB-A066-FF25470CE382}.Debug|x86.ActiveCfg = Debug|Any CPU
		{F5E941C8-AF2F-47AB-A066-FF25470CE382}.Debug|x86.Build.0 = Debug|Any CPU
		{F5E941C8-AF2F-47AB-A066-FF25470CE382}.Linux_Debug|Any CPU.ActiveCfg = Debug|Any CPU
		{F5E941C8-AF2F-47AB-A066-FF25470CE382}.Linux_Debug|x64.ActiveCfg = Debug|Any CPU
		{F5E941C8-AF2F-47AB-A066-FF25470CE382}.Linux_Debug|x64.Build.0 = Debug|Any CPU
		{F5E941C8-AF2F-47AB-A066-FF25470CE382}.Linux_Debug|x86.ActiveCfg = Debug|Any CPU
		{F5E941C8-AF2F-47AB-A066-FF25470CE382}.Linux_Debug|x86.Build.0 = Debug|Any CPU
		{F5E941C8-AF2F-47AB-A066-FF25470CE382}.Linux_Release|Any CPU.ActiveCfg = Release|Any CPU
		{F5E941C8-AF2F-47AB-A066-FF25470CE382}.Linux_Release|x64.ActiveCfg = Release|Any CPU
		{F5E941C8-AF2F-47AB-A066-FF25470CE382}.Linux_Release|x64.Build.0 = Release|Any CPU
		{F5E941C8-AF2F-47AB-A066-FF25470CE382}.Linux_Release|x86.ActiveCfg = Release|Any CPU
		{F5E941C8-AF2F-47AB-A066-FF25470CE382}.Linux_Release|x86.Build.0 = Release|Any CPU
		{F5E941C8-AF2F-47AB-A066-FF25470CE382}.OSX_Debug|Any CPU.ActiveCfg = Debug|Any CPU
		{F5E941C8-AF2F-47AB-A066-FF25470CE382}.OSX_Debug|x64.ActiveCfg = Debug|Any CPU
		{F5E941C8-AF2F-47AB-A066-FF25470CE382}.OSX_Debug|x64.Build.0 = Debug|Any CPU
		{F5E941C8-AF2F-47AB-A066-FF25470CE382}.OSX_Debug|x86.ActiveCfg = Debug|Any CPU
		{F5E941C8-AF2F-47AB-A066-FF25470CE382}.OSX_Debug|x86.Build.0 = Debug|Any CPU
		{F5E941C8-AF2F-47AB-A066-FF25470CE382}.OSX_Release|Any CPU.ActiveCfg = Release|Any CPU
		{F5E941C8-AF2F-47AB-A066-FF25470CE382}.OSX_Release|x64.ActiveCfg = Release|Any CPU
		{F5E941C8-AF2F-47AB-A066-FF25470CE382}.OSX_Release|x64.Build.0 = Release|Any CPU
		{F5E941C8-AF2F-47AB-A066-FF25470CE382}.OSX_Release|x86.ActiveCfg = Release|Any CPU
		{F5E941C8-AF2F-47AB-A066-FF25470CE382}.OSX_Release|x86.Build.0 = Release|Any CPU
		{F5E941C8-AF2F-47AB-A066-FF25470CE382}.Release|Any CPU.ActiveCfg = Release|Any CPU
		{F5E941C8-AF2F-47AB-A066-FF25470CE382}.Release|Any CPU.Build.0 = Release|Any CPU
		{F5E941C8-AF2F-47AB-A066-FF25470CE382}.Release|x64.ActiveCfg = Release|Any CPU
		{F5E941C8-AF2F-47AB-A066-FF25470CE382}.Release|x64.Build.0 = Release|Any CPU
		{F5E941C8-AF2F-47AB-A066-FF25470CE382}.Release|x86.ActiveCfg = Release|Any CPU
		{F5E941C8-AF2F-47AB-A066-FF25470CE382}.Release|x86.Build.0 = Release|Any CPU
		{F5E941C8-AF2F-47AB-A066-FF25470CE382}.Windows_Debug|Any CPU.ActiveCfg = Debug|Any CPU
		{F5E941C8-AF2F-47AB-A066-FF25470CE382}.Windows_Debug|Any CPU.Build.0 = Debug|Any CPU
		{F5E941C8-AF2F-47AB-A066-FF25470CE382}.Windows_Debug|x64.ActiveCfg = Debug|Any CPU
		{F5E941C8-AF2F-47AB-A066-FF25470CE382}.Windows_Debug|x64.Build.0 = Debug|Any CPU
		{F5E941C8-AF2F-47AB-A066-FF25470CE382}.Windows_Debug|x86.ActiveCfg = Debug|Any CPU
		{F5E941C8-AF2F-47AB-A066-FF25470CE382}.Windows_Debug|x86.Build.0 = Debug|Any CPU
		{F5E941C8-AF2F-47AB-A066-FF25470CE382}.Windows_Release|Any CPU.ActiveCfg = Release|Any CPU
		{F5E941C8-AF2F-47AB-A066-FF25470CE382}.Windows_Release|Any CPU.Build.0 = Release|Any CPU
		{F5E941C8-AF2F-47AB-A066-FF25470CE382}.Windows_Release|x64.ActiveCfg = Release|Any CPU
		{F5E941C8-AF2F-47AB-A066-FF25470CE382}.Windows_Release|x64.Build.0 = Release|Any CPU
		{F5E941C8-AF2F-47AB-A066-FF25470CE382}.Windows_Release|x86.ActiveCfg = Release|Any CPU
		{F5E941C8-AF2F-47AB-A066-FF25470CE382}.Windows_Release|x86.Build.0 = Release|Any CPU
		{6C665290-70AC-481A-BC43-4A13F7AA44CD}.Debug|Any CPU.ActiveCfg = Debug|Win32
		{6C665290-70AC-481A-BC43-4A13F7AA44CD}.Debug|x64.ActiveCfg = Debug|x64
		{6C665290-70AC-481A-BC43-4A13F7AA44CD}.Debug|x64.Build.0 = Debug|x64
		{6C665290-70AC-481A-BC43-4A13F7AA44CD}.Debug|x86.ActiveCfg = Debug|Win32
		{6C665290-70AC-481A-BC43-4A13F7AA44CD}.Debug|x86.Build.0 = Debug|Win32
		{6C665290-70AC-481A-BC43-4A13F7AA44CD}.Linux_Debug|Any CPU.ActiveCfg = Release|x64
		{6C665290-70AC-481A-BC43-4A13F7AA44CD}.Linux_Debug|Any CPU.Build.0 = Release|x64
		{6C665290-70AC-481A-BC43-4A13F7AA44CD}.Linux_Debug|x64.ActiveCfg = Debug|x64
		{6C665290-70AC-481A-BC43-4A13F7AA44CD}.Linux_Debug|x64.Build.0 = Debug|x64
		{6C665290-70AC-481A-BC43-4A13F7AA44CD}.Linux_Debug|x86.ActiveCfg = Debug|Win32
		{6C665290-70AC-481A-BC43-4A13F7AA44CD}.Linux_Debug|x86.Build.0 = Debug|Win32
		{6C665290-70AC-481A-BC43-4A13F7AA44CD}.Linux_Release|Any CPU.ActiveCfg = Release|x64
		{6C665290-70AC-481A-BC43-4A13F7AA44CD}.Linux_Release|Any CPU.Build.0 = Release|x64
		{6C665290-70AC-481A-BC43-4A13F7AA44CD}.Linux_Release|x64.ActiveCfg = Release|x64
		{6C665290-70AC-481A-BC43-4A13F7AA44CD}.Linux_Release|x64.Build.0 = Release|x64
		{6C665290-70AC-481A-BC43-4A13F7AA44CD}.Linux_Release|x86.ActiveCfg = Release|Win32
		{6C665290-70AC-481A-BC43-4A13F7AA44CD}.Linux_Release|x86.Build.0 = Release|Win32
		{6C665290-70AC-481A-BC43-4A13F7AA44CD}.OSX_Debug|Any CPU.ActiveCfg = Release|x64
		{6C665290-70AC-481A-BC43-4A13F7AA44CD}.OSX_Debug|Any CPU.Build.0 = Release|x64
		{6C665290-70AC-481A-BC43-4A13F7AA44CD}.OSX_Debug|x64.ActiveCfg = Debug|x64
		{6C665290-70AC-481A-BC43-4A13F7AA44CD}.OSX_Debug|x64.Build.0 = Debug|x64
		{6C665290-70AC-481A-BC43-4A13F7AA44CD}.OSX_Debug|x86.ActiveCfg = Debug|Win32
		{6C665290-70AC-481A-BC43-4A13F7AA44CD}.OSX_Debug|x86.Build.0 = Debug|Win32
		{6C665290-70AC-481A-BC43-4A13F7AA44CD}.OSX_Release|Any CPU.ActiveCfg = Release|x64
		{6C665290-70AC-481A-BC43-4A13F7AA44CD}.OSX_Release|Any CPU.Build.0 = Release|x64
		{6C665290-70AC-481A-BC43-4A13F7AA44CD}.OSX_Release|x64.ActiveCfg = Release|x64
		{6C665290-70AC-481A-BC43-4A13F7AA44CD}.OSX_Release|x64.Build.0 = Release|x64
		{6C665290-70AC-481A-BC43-4A13F7AA44CD}.OSX_Release|x86.ActiveCfg = Release|Win32
		{6C665290-70AC-481A-BC43-4A13F7AA44CD}.OSX_Release|x86.Build.0 = Release|Win32
		{6C665290-70AC-481A-BC43-4A13F7AA44CD}.Release|Any CPU.ActiveCfg = Release|Win32
		{6C665290-70AC-481A-BC43-4A13F7AA44CD}.Release|x64.ActiveCfg = Release|x64
		{6C665290-70AC-481A-BC43-4A13F7AA44CD}.Release|x64.Build.0 = Release|x64
		{6C665290-70AC-481A-BC43-4A13F7AA44CD}.Release|x86.ActiveCfg = Release|Win32
		{6C665290-70AC-481A-BC43-4A13F7AA44CD}.Release|x86.Build.0 = Release|Win32
		{6C665290-70AC-481A-BC43-4A13F7AA44CD}.Windows_Debug|Any CPU.ActiveCfg = Release|x64
		{6C665290-70AC-481A-BC43-4A13F7AA44CD}.Windows_Debug|Any CPU.Build.0 = Release|x64
		{6C665290-70AC-481A-BC43-4A13F7AA44CD}.Windows_Debug|x64.ActiveCfg = Debug|x64
		{6C665290-70AC-481A-BC43-4A13F7AA44CD}.Windows_Debug|x64.Build.0 = Debug|x64
		{6C665290-70AC-481A-BC43-4A13F7AA44CD}.Windows_Debug|x86.ActiveCfg = Debug|Win32
		{6C665290-70AC-481A-BC43-4A13F7AA44CD}.Windows_Debug|x86.Build.0 = Debug|Win32
		{6C665290-70AC-481A-BC43-4A13F7AA44CD}.Windows_Release|Any CPU.ActiveCfg = Release|x64
		{6C665290-70AC-481A-BC43-4A13F7AA44CD}.Windows_Release|Any CPU.Build.0 = Release|x64
		{6C665290-70AC-481A-BC43-4A13F7AA44CD}.Windows_Release|x64.ActiveCfg = Release|x64
		{6C665290-70AC-481A-BC43-4A13F7AA44CD}.Windows_Release|x64.Build.0 = Release|x64
		{6C665290-70AC-481A-BC43-4A13F7AA44CD}.Windows_Release|x86.ActiveCfg = Release|Win32
		{6C665290-70AC-481A-BC43-4A13F7AA44CD}.Windows_Release|x86.Build.0 = Release|Win32
	EndGlobalSection
	GlobalSection(SolutionProperties) = preSolution
		HideSolutionNode = FALSE
	EndGlobalSection
EndGlobal
