
Microsoft Visual Studio Solution File, Format Version 12.00
# Visual Studio 14
VisualStudioVersion = 14.0.24720.0
MinimumVisualStudioVersion = 10.0.40219.1
Project("{2150E333-8FDC-42A3-9474-1A3956D46DE8}") = "ref", "ref", "{EC3CAC27-AC09-4A62-BBE3-87FB0AFF5EF2}"
EndProject
Project("{FAE04EC0-301F-11D3-BF4B-00C04F79EFBC}") = "System.Net.NameResolution", "ref\System.Net.NameResolution.csproj", "{2AF3C59B-0005-4374-8B43-31BD967E5A3C}"
EndProject
Project("{2150E333-8FDC-42A3-9474-1A3956D46DE8}") = "src", "src", "{BB465544-FDF2-4858-94A9-CF2E964AD7BE}"
EndProject
Project("{2150E333-8FDC-42A3-9474-1A3956D46DE8}") = "tests", "tests", "{1FBB81D4-E5E8-4F31-8F23-02DFDFC6339F}"
EndProject
Project("{FAE04EC0-301F-11D3-BF4B-00C04F79EFBC}") = "System.Net.NameResolution", "src\System.Net.NameResolution.csproj", "{1714448C-211E-48C1-8B7E-4EE667D336A1}"
EndProject
Project("{2150E333-8FDC-42A3-9474-1A3956D46DE8}") = "FunctionalTests", "FunctionalTests", "{9828545B-B1F9-4321-AC18-5A223661C0AA}"
EndProject
Project("{2150E333-8FDC-42A3-9474-1A3956D46DE8}") = "PalTests", "PalTests", "{B4ECAB65-25BE-429A-AC6C-924174138F0B}"
EndProject
Project("{FAE04EC0-301F-11D3-BF4B-00C04F79EFBC}") = "System.Net.NameResolution.Functional.Tests", "tests\FunctionalTests\System.Net.NameResolution.Functional.Tests.csproj", "{4FE5ECEE-ACC5-4558-A946-573426599B73}"
EndProject
Project("{FAE04EC0-301F-11D3-BF4B-00C04F79EFBC}") = "System.Net.NameResolution.Pal.Tests", "tests\PalTests\System.Net.NameResolution.Pal.Tests.csproj", "{F6D1C093-081D-46DE-B5A8-516533375FDD}"
EndProject
Global
	GlobalSection(SolutionConfigurationPlatforms) = preSolution
		Debug|Any CPU = Debug|Any CPU
		Linux_Debug|Any CPU = Linux_Debug|Any CPU
		Linux_Release|Any CPU = Linux_Release|Any CPU
		OSX_Debug|Any CPU = OSX_Debug|Any CPU
		OSX_Release|Any CPU = OSX_Release|Any CPU
		Release|Any CPU = Release|Any CPU
		Windows_Debug|Any CPU = Windows_Debug|Any CPU
		Windows_Release|Any CPU = Windows_Release|Any CPU
	EndGlobalSection
	GlobalSection(ProjectConfigurationPlatforms) = postSolution
		{2AF3C59B-0005-4374-8B43-31BD967E5A3C}.Debug|Any CPU.ActiveCfg = Debug|Any CPU
		{2AF3C59B-0005-4374-8B43-31BD967E5A3C}.Debug|Any CPU.Build.0 = Debug|Any CPU
		{2AF3C59B-0005-4374-8B43-31BD967E5A3C}.Linux_Debug|Any CPU.ActiveCfg = Debug|Any CPU
		{2AF3C59B-0005-4374-8B43-31BD967E5A3C}.Linux_Debug|Any CPU.Build.0 = Debug|Any CPU
		{2AF3C59B-0005-4374-8B43-31BD967E5A3C}.Linux_Release|Any CPU.ActiveCfg = Debug|Any CPU
		{2AF3C59B-0005-4374-8B43-31BD967E5A3C}.Linux_Release|Any CPU.Build.0 = Debug|Any CPU
		{2AF3C59B-0005-4374-8B43-31BD967E5A3C}.OSX_Debug|Any CPU.ActiveCfg = Debug|Any CPU
		{2AF3C59B-0005-4374-8B43-31BD967E5A3C}.OSX_Debug|Any CPU.Build.0 = Debug|Any CPU
		{2AF3C59B-0005-4374-8B43-31BD967E5A3C}.OSX_Release|Any CPU.ActiveCfg = Debug|Any CPU
		{2AF3C59B-0005-4374-8B43-31BD967E5A3C}.OSX_Release|Any CPU.Build.0 = Debug|Any CPU
		{2AF3C59B-0005-4374-8B43-31BD967E5A3C}.Release|Any CPU.ActiveCfg = Debug|Any CPU
		{2AF3C59B-0005-4374-8B43-31BD967E5A3C}.Release|Any CPU.Build.0 = Debug|Any CPU
		{2AF3C59B-0005-4374-8B43-31BD967E5A3C}.Windows_Debug|Any CPU.ActiveCfg = Debug|Any CPU
		{2AF3C59B-0005-4374-8B43-31BD967E5A3C}.Windows_Debug|Any CPU.Build.0 = Debug|Any CPU
		{2AF3C59B-0005-4374-8B43-31BD967E5A3C}.Windows_Release|Any CPU.ActiveCfg = Debug|Any CPU
		{2AF3C59B-0005-4374-8B43-31BD967E5A3C}.Windows_Release|Any CPU.Build.0 = Debug|Any CPU
		{1714448C-211E-48C1-8B7E-4EE667D336A1}.Debug|Any CPU.ActiveCfg = Windows_Debug|Any CPU
		{1714448C-211E-48C1-8B7E-4EE667D336A1}.Debug|Any CPU.Build.0 = Windows_Debug|Any CPU
		{1714448C-211E-48C1-8B7E-4EE667D336A1}.Linux_Debug|Any CPU.ActiveCfg = Linux_Debug|Any CPU
		{1714448C-211E-48C1-8B7E-4EE667D336A1}.Linux_Debug|Any CPU.Build.0 = Linux_Debug|Any CPU
		{1714448C-211E-48C1-8B7E-4EE667D336A1}.Linux_Release|Any CPU.ActiveCfg = Linux_Release|Any CPU
		{1714448C-211E-48C1-8B7E-4EE667D336A1}.Linux_Release|Any CPU.Build.0 = Linux_Release|Any CPU
		{1714448C-211E-48C1-8B7E-4EE667D336A1}.OSX_Debug|Any CPU.ActiveCfg = OSX_Debug|Any CPU
		{1714448C-211E-48C1-8B7E-4EE667D336A1}.OSX_Debug|Any CPU.Build.0 = OSX_Debug|Any CPU
		{1714448C-211E-48C1-8B7E-4EE667D336A1}.OSX_Release|Any CPU.ActiveCfg = OSX_Release|Any CPU
		{1714448C-211E-48C1-8B7E-4EE667D336A1}.OSX_Release|Any CPU.Build.0 = OSX_Release|Any CPU
		{1714448C-211E-48C1-8B7E-4EE667D336A1}.Release|Any CPU.ActiveCfg = Windows_Release|Any CPU
		{1714448C-211E-48C1-8B7E-4EE667D336A1}.Release|Any CPU.Build.0 = Windows_Release|Any CPU
		{1714448C-211E-48C1-8B7E-4EE667D336A1}.Windows_Debug|Any CPU.ActiveCfg = Windows_Debug|Any CPU
		{1714448C-211E-48C1-8B7E-4EE667D336A1}.Windows_Debug|Any CPU.Build.0 = Windows_Debug|Any CPU
		{1714448C-211E-48C1-8B7E-4EE667D336A1}.Windows_Release|Any CPU.ActiveCfg = Windows_Release|Any CPU
		{1714448C-211E-48C1-8B7E-4EE667D336A1}.Windows_Release|Any CPU.Build.0 = Windows_Release|Any CPU
		{4FE5ECEE-ACC5-4558-A946-573426599B73}.Debug|Any CPU.ActiveCfg = Debug|Any CPU
		{4FE5ECEE-ACC5-4558-A946-573426599B73}.Debug|Any CPU.Build.0 = Debug|Any CPU
		{4FE5ECEE-ACC5-4558-A946-573426599B73}.Linux_Debug|Any CPU.ActiveCfg = Debug|Any CPU
		{4FE5ECEE-ACC5-4558-A946-573426599B73}.Linux_Debug|Any CPU.Build.0 = Debug|Any CPU
		{4FE5ECEE-ACC5-4558-A946-573426599B73}.Linux_Release|Any CPU.ActiveCfg = Release|Any CPU
		{4FE5ECEE-ACC5-4558-A946-573426599B73}.Linux_Release|Any CPU.Build.0 = Release|Any CPU
		{4FE5ECEE-ACC5-4558-A946-573426599B73}.OSX_Debug|Any CPU.ActiveCfg = Debug|Any CPU
		{4FE5ECEE-ACC5-4558-A946-573426599B73}.OSX_Debug|Any CPU.Build.0 = Debug|Any CPU
		{4FE5ECEE-ACC5-4558-A946-573426599B73}.OSX_Release|Any CPU.ActiveCfg = Release|Any CPU
		{4FE5ECEE-ACC5-4558-A946-573426599B73}.OSX_Release|Any CPU.Build.0 = Release|Any CPU
		{4FE5ECEE-ACC5-4558-A946-573426599B73}.Release|Any CPU.ActiveCfg = Release|Any CPU
		{4FE5ECEE-ACC5-4558-A946-573426599B73}.Release|Any CPU.Build.0 = Release|Any CPU
		{4FE5ECEE-ACC5-4558-A946-573426599B73}.Windows_Debug|Any CPU.ActiveCfg = Debug|Any CPU
		{4FE5ECEE-ACC5-4558-A946-573426599B73}.Windows_Debug|Any CPU.Build.0 = Debug|Any CPU
		{4FE5ECEE-ACC5-4558-A946-573426599B73}.Windows_Release|Any CPU.ActiveCfg = Release|Any CPU
		{4FE5ECEE-ACC5-4558-A946-573426599B73}.Windows_Release|Any CPU.Build.0 = Release|Any CPU
		{F6D1C093-081D-46DE-B5A8-516533375FDD}.Debug|Any CPU.ActiveCfg = Windows_Debug|Any CPU
		{F6D1C093-081D-46DE-B5A8-516533375FDD}.Debug|Any CPU.Build.0 = Windows_Debug|Any CPU
		{F6D1C093-081D-46DE-B5A8-516533375FDD}.Linux_Debug|Any CPU.ActiveCfg = Linux_Debug|Any CPU
		{F6D1C093-081D-46DE-B5A8-516533375FDD}.Linux_Debug|Any CPU.Build.0 = Linux_Debug|Any CPU
		{F6D1C093-081D-46DE-B5A8-516533375FDD}.Linux_Release|Any CPU.ActiveCfg = Linux_Release|Any CPU
		{F6D1C093-081D-46DE-B5A8-516533375FDD}.Linux_Release|Any CPU.Build.0 = Linux_Release|Any CPU
		{F6D1C093-081D-46DE-B5A8-516533375FDD}.OSX_Debug|Any CPU.ActiveCfg = OSX_Debug|Any CPU
		{F6D1C093-081D-46DE-B5A8-516533375FDD}.OSX_Debug|Any CPU.Build.0 = OSX_Debug|Any CPU
		{F6D1C093-081D-46DE-B5A8-516533375FDD}.OSX_Release|Any CPU.ActiveCfg = OSX_Release|Any CPU
		{F6D1C093-081D-46DE-B5A8-516533375FDD}.OSX_Release|Any CPU.Build.0 = OSX_Release|Any CPU
		{F6D1C093-081D-46DE-B5A8-516533375FDD}.Release|Any CPU.ActiveCfg = Windows_Release|Any CPU
		{F6D1C093-081D-46DE-B5A8-516533375FDD}.Release|Any CPU.Build.0 = Windows_Release|Any CPU
		{F6D1C093-081D-46DE-B5A8-516533375FDD}.Windows_Debug|Any CPU.ActiveCfg = Windows_Debug|Any CPU
		{F6D1C093-081D-46DE-B5A8-516533375FDD}.Windows_Debug|Any CPU.Build.0 = Windows_Debug|Any CPU
		{F6D1C093-081D-46DE-B5A8-516533375FDD}.Windows_Release|Any CPU.ActiveCfg = Windows_Release|Any CPU
		{F6D1C093-081D-46DE-B5A8-516533375FDD}.Windows_Release|Any CPU.Build.0 = Windows_Release|Any CPU
	EndGlobalSection
	GlobalSection(SolutionProperties) = preSolution
		HideSolutionNode = FALSE
	EndGlobalSection
	GlobalSection(NestedProjects) = preSolution
		{2AF3C59B-0005-4374-8B43-31BD967E5A3C} = {EC3CAC27-AC09-4A62-BBE3-87FB0AFF5EF2}
		{1714448C-211E-48C1-8B7E-4EE667D336A1} = {BB465544-FDF2-4858-94A9-CF2E964AD7BE}
		{9828545B-B1F9-4321-AC18-5A223661C0AA} = {1FBB81D4-E5E8-4F31-8F23-02DFDFC6339F}
		{B4ECAB65-25BE-429A-AC6C-924174138F0B} = {1FBB81D4-E5E8-4F31-8F23-02DFDFC6339F}
		{4FE5ECEE-ACC5-4558-A946-573426599B73} = {9828545B-B1F9-4321-AC18-5A223661C0AA}
		{F6D1C093-081D-46DE-B5A8-516533375FDD} = {B4ECAB65-25BE-429A-AC6C-924174138F0B}
	EndGlobalSection
EndGlobal
