Microsoft Visual Studio Solution File, Format Version 12.00
# Visual Studio 14
VisualStudioVersion = 14.0.25420.1
MinimumVisualStudioVersion = 10.0.40219.1
Project("{FAE04EC0-301F-11D3-BF4B-00C04F79EFBC}") = "System.Xml.XPath", "src\System.Xml.XPath.csproj", "{BE28323E-327A-4E0F-B7F9-16AB7EAB59DD}"
EndProject
Global
	GlobalSection(SolutionConfigurationPlatforms) = preSolution
		DebugNETCoreAppnet463-Windows_NT|AnyCPU = DebugNETCoreAppnet463-Windows_NT|AnyCPU
		DebugNETCoreAppnetcoreapp-Unix|AnyCPU = DebugNETCoreAppnetcoreapp-Unix|AnyCPU
		DebugNETCoreAppnetcoreapp-Windows_NT|AnyCPU = DebugNETCoreAppnetcoreapp-Windows_NT|AnyCPU
		ReleaseNETCoreAppnet463-Windows_NT|AnyCPU = ReleaseNETCoreAppnet463-Windows_NT|AnyCPU
		ReleaseNETCoreAppnetcoreapp-Unix|AnyCPU = ReleaseNETCoreAppnetcoreapp-Unix|AnyCPU
		ReleaseNETCoreAppnetcoreapp-Windows_NT|AnyCPU = ReleaseNETCoreAppnetcoreapp-Windows_NT|AnyCPU
	EndGlobalSection
	GlobalSection(ProjectConfigurationPlatforms) = postSolution
		{BE28323E-327A-4E0F-B7F9-16AB7EAB59DD}.DebugNETCoreAppnet463-Windows_NT|AnyCPU.ActiveCfg = net463-Windows_NT-Debug|Any CPU
		{BE28323E-327A-4E0F-B7F9-16AB7EAB59DD}.DebugNETCoreAppnet463-Windows_NT|AnyCPU.Build.0 = net463-Windows_NT-Debug|Any CPU
		{BE28323E-327A-4E0F-B7F9-16AB7EAB59DD}.DebugNETCoreAppnetcoreapp-Unix|AnyCPU.ActiveCfg = netcoreapp-Unix-Debug|Any CPU
		{BE28323E-327A-4E0F-B7F9-16AB7EAB59DD}.DebugNETCoreAppnetcoreapp-Unix|AnyCPU.Build.0 = netcoreapp-Unix-Debug|Any CPU
		{BE28323E-327A-4E0F-B7F9-16AB7EAB59DD}.DebugNETCoreAppnetcoreapp-Windows_NT|AnyCPU.ActiveCfg = netcoreapp-Windows_NT-Debug|Any CPU
		{BE28323E-327A-4E0F-B7F9-16AB7EAB59DD}.DebugNETCoreAppnetcoreapp-Windows_NT|AnyCPU.Build.0 = netcoreapp-Windows_NT-Debug|Any CPU
		{BE28323E-327A-4E0F-B7F9-16AB7EAB59DD}.ReleaseNETCoreAppnet463-Windows_NT|AnyCPU.ActiveCfg = net463-Windows_NT-Release|Any CPU
		{BE28323E-327A-4E0F-B7F9-16AB7EAB59DD}.ReleaseNETCoreAppnet463-Windows_NT|AnyCPU.Build.0 = net463-Windows_NT-Release|Any CPU
		{BE28323E-327A-4E0F-B7F9-16AB7EAB59DD}.ReleaseNETCoreAppnetcoreapp-Unix|AnyCPU.ActiveCfg = netcoreapp-Unix-Release|Any CPU
		{BE28323E-327A-4E0F-B7F9-16AB7EAB59DD}.ReleaseNETCoreAppnetcoreapp-Unix|AnyCPU.Build.0 = netcoreapp-Unix-Release|Any CPU
		{BE28323E-327A-4E0F-B7F9-16AB7EAB59DD}.ReleaseNETCoreAppnetcoreapp-Windows_NT|AnyCPU.ActiveCfg = netcoreapp-Windows_NT-Release|Any CPU
		{BE28323E-327A-4E0F-B7F9-16AB7EAB59DD}.ReleaseNETCoreAppnetcoreapp-Windows_NT|AnyCPU.Build.0 = netcoreapp-Windows_NT-Release|Any CPU
	EndGlobalSection
	GlobalSection(SolutionProperties) = preSolution
		HideSolutionNode = FALSE
	EndGlobalSection
EndGlobal
