
Microsoft Visual Studio Solution File, Format Version 12.00
# Visual Studio 14
VisualStudioVersion = 14.0.23107.0
MinimumVisualStudioVersion = 10.0.40219.1
Project("{FAE04EC0-301F-11D3-BF4B-00C04F79EFBC}") = "System.Security.Cryptography.OpenSsl.Tests", "tests\System.Security.Cryptography.OpenSsl.Tests.csproj", "{A05C2EF2-A986-448C-9C63-735CC17409AA}"
	ProjectSection(ProjectDependencies) = postProject
		{78452F3E-BA91-47E7-BB0F-02E8A5C116C4} = {78452F3E-BA91-47E7-BB0F-02E8A5C116C4}
	EndProjectSection
EndProject
Project("{FAE04EC0-301F-11D3-BF4B-00C04F79EFBC}") = "System.Security.Cryptography.OpenSsl", "src\System.Security.Cryptography.OpenSsl.csproj", "{78452F3E-BA91-47E7-BB0F-02E8A5C116C4}"
EndProject
Global
	GlobalSection(SolutionConfigurationPlatforms) = preSolution
		DebugNETCoreAppnetstandard-Unix-netstandard1.6-Unix = DebugNETCoreAppnetstandard-Unix-netstandard1.6-Unix
		ReleaseNETCoreAppnetstandard-Unix-netstandard1.6-Unix = ReleaseNETCoreAppnetstandard-Unix-netstandard1.6-Unix
		DebugNETCoreAppnetstandard-Unix-netstandard-Unix = DebugNETCoreAppnetstandard-Unix-netstandard-Unix
		ReleaseNETCoreAppnetstandard-Unix-netstandard-Unix = ReleaseNETCoreAppnetstandard-Unix-netstandard-Unix
		DebugNETCoreAppnetstandard-Windows_NT-netstandard1.6-Unix = DebugNETCoreAppnetstandard-Windows_NT-netstandard1.6-Unix
		ReleaseNETCoreAppnetstandard-Windows_NT-netstandard1.6-Unix = ReleaseNETCoreAppnetstandard-Windows_NT-netstandard1.6-Unix
		DebugNETCoreAppnetstandard-Windows_NT-netstandard-Unix = DebugNETCoreAppnetstandard-Windows_NT-netstandard-Unix
		ReleaseNETCoreAppnetstandard-Windows_NT-netstandard-Unix = ReleaseNETCoreAppnetstandard-Windows_NT-netstandard-Unix
	EndGlobalSection

	GlobalSection(SolutionConfigurationPlatforms) = postSolution
	EndGlobalSection

	GlobalSection(SolutionProperties) = preSolution
		HideSolutionNode = FALSE
	EndGlobalSection
EndGlobal
