Microsoft Visual Studio Solution File, Format Version 12.00
# Visual Studio 14
VisualStudioVersion = 14.0.25420.1
MinimumVisualStudioVersion = 10.0.40219.1
Project("{FAE04EC0-301F-11D3-BF4B-00C04F79EFBC}") = "System.ComponentModel.TypeConverter.Tests", "tests\System.ComponentModel.TypeConverter.Tests.csproj", "{3F0326A1-9E19-4A6C-95CE-63E65C9D2030}"
	ProjectSection(ProjectDependencies) = postProject
		{AF3EBF3B-526A-4B51-9F3D-62B0113CD01F} = {AF3EBF3B-526A-4B51-9F3D-62B0113CD01F}
	EndProjectSection
EndProject
Project("{FAE04EC0-301F-11D3-BF4B-00C04F79EFBC}") = "System.ComponentModel.TypeConverter.Performance.Tests", "tests\Performance\System.ComponentModel.TypeConverter.Performance.Tests.csproj", "{89C76728-ECAF-4905-A33F-BD6BFED5E91D}"
	ProjectSection(ProjectDependencies) = postProject
		{AF3EBF3B-526A-4B51-9F3D-62B0113CD01F} = {AF3EBF3B-526A-4B51-9F3D-62B0113CD01F}
	EndProjectSection
EndProject
Project("{FAE04EC0-301F-11D3-BF4B-00C04F79EFBC}") = "System.ComponentModel.TypeConverter", "src\System.ComponentModel.TypeConverter.csproj", "{AF3EBF3B-526A-4B51-9F3D-62B0113CD01F}"
EndProject
Global
	GlobalSection(SolutionConfigurationPlatforms) = preSolution
		DebugNETCoreAppnetstandard1.5net463-Windows_NT|AnyCPU = DebugNETCoreAppnetstandard1.5net463-Windows_NT|AnyCPU
		DebugNETCoreAppnetstandard1.5netcoreapp|AnyCPU = DebugNETCoreAppnetstandard1.5netcoreapp|AnyCPU
		DebugNETCoreAppnetstandardnet463-Windows_NT|AnyCPU = DebugNETCoreAppnetstandardnet463-Windows_NT|AnyCPU
		DebugNETCoreAppnetstandardnetcoreapp|AnyCPU = DebugNETCoreAppnetstandardnetcoreapp|AnyCPU
		ReleaseNETCoreAppnetstandard1.5net463-Windows_NT|AnyCPU = ReleaseNETCoreAppnetstandard1.5net463-Windows_NT|AnyCPU
		ReleaseNETCoreAppnetstandard1.5netcoreapp|AnyCPU = ReleaseNETCoreAppnetstandard1.5netcoreapp|AnyCPU
		ReleaseNETCoreAppnetstandardnet463-Windows_NT|AnyCPU = ReleaseNETCoreAppnetstandardnet463-Windows_NT|AnyCPU
		ReleaseNETCoreAppnetstandardnetcoreapp|AnyCPU = ReleaseNETCoreAppnetstandardnetcoreapp|AnyCPU
	EndGlobalSection
	GlobalSection(ProjectConfigurationPlatforms) = postSolution
		{3F0326A1-9E19-4A6C-95CE-63E65C9D2030}.DebugNETCoreAppnetstandard1.5net463-Windows_NT|AnyCPU.ActiveCfg = netstandard1.5-Debug|Any CPU
		{3F0326A1-9E19-4A6C-95CE-63E65C9D2030}.DebugNETCoreAppnetstandard1.5net463-Windows_NT|AnyCPU.Build.0 = netstandard1.5-Debug|Any CPU
		{3F0326A1-9E19-4A6C-95CE-63E65C9D2030}.DebugNETCoreAppnetstandard1.5netcoreapp|AnyCPU.ActiveCfg = netstandard1.5-Debug|Any CPU
		{3F0326A1-9E19-4A6C-95CE-63E65C9D2030}.DebugNETCoreAppnetstandard1.5netcoreapp|AnyCPU.Build.0 = netstandard1.5-Debug|Any CPU
		{3F0326A1-9E19-4A6C-95CE-63E65C9D2030}.DebugNETCoreAppnetstandardnet463-Windows_NT|AnyCPU.ActiveCfg = netstandard-Debug|Any CPU
		{3F0326A1-9E19-4A6C-95CE-63E65C9D2030}.DebugNETCoreAppnetstandardnet463-Windows_NT|AnyCPU.Build.0 = netstandard-Debug|Any CPU
		{3F0326A1-9E19-4A6C-95CE-63E65C9D2030}.DebugNETCoreAppnetstandardnetcoreapp|AnyCPU.ActiveCfg = netstandard-Debug|Any CPU
		{3F0326A1-9E19-4A6C-95CE-63E65C9D2030}.DebugNETCoreAppnetstandardnetcoreapp|AnyCPU.Build.0 = netstandard-Debug|Any CPU
		{3F0326A1-9E19-4A6C-95CE-63E65C9D2030}.ReleaseNETCoreAppnetstandard1.5net463-Windows_NT|AnyCPU.ActiveCfg = netstandard1.5-Release|Any CPU
		{3F0326A1-9E19-4A6C-95CE-63E65C9D2030}.ReleaseNETCoreAppnetstandard1.5net463-Windows_NT|AnyCPU.Build.0 = netstandard1.5-Release|Any CPU
		{3F0326A1-9E19-4A6C-95CE-63E65C9D2030}.ReleaseNETCoreAppnetstandard1.5netcoreapp|AnyCPU.ActiveCfg = netstandard1.5-Release|Any CPU
		{3F0326A1-9E19-4A6C-95CE-63E65C9D2030}.ReleaseNETCoreAppnetstandard1.5netcoreapp|AnyCPU.Build.0 = netstandard1.5-Release|Any CPU
		{3F0326A1-9E19-4A6C-95CE-63E65C9D2030}.ReleaseNETCoreAppnetstandardnet463-Windows_NT|AnyCPU.ActiveCfg = netstandard-Release|Any CPU
		{3F0326A1-9E19-4A6C-95CE-63E65C9D2030}.ReleaseNETCoreAppnetstandardnet463-Windows_NT|AnyCPU.Build.0 = netstandard-Release|Any CPU
		{3F0326A1-9E19-4A6C-95CE-63E65C9D2030}.ReleaseNETCoreAppnetstandardnetcoreapp|AnyCPU.ActiveCfg = netstandard-Release|Any CPU
		{3F0326A1-9E19-4A6C-95CE-63E65C9D2030}.ReleaseNETCoreAppnetstandardnetcoreapp|AnyCPU.Build.0 = netstandard-Release|Any CPU
		{AF3EBF3B-526A-4B51-9F3D-62B0113CD01F}.DebugNETCoreAppnetstandard1.5net463-Windows_NT|AnyCPU.ActiveCfg = net463-Windows_NT-Debug|Any CPU
		{AF3EBF3B-526A-4B51-9F3D-62B0113CD01F}.DebugNETCoreAppnetstandard1.5net463-Windows_NT|AnyCPU.Build.0 = net463-Windows_NT-Debug|Any CPU
		{AF3EBF3B-526A-4B51-9F3D-62B0113CD01F}.DebugNETCoreAppnetstandard1.5netcoreapp|AnyCPU.ActiveCfg = netcoreapp-Debug|Any CPU
		{AF3EBF3B-526A-4B51-9F3D-62B0113CD01F}.DebugNETCoreAppnetstandard1.5netcoreapp|AnyCPU.Build.0 = netcoreapp-Debug|Any CPU
		{AF3EBF3B-526A-4B51-9F3D-62B0113CD01F}.DebugNETCoreAppnetstandardnet463-Windows_NT|AnyCPU.ActiveCfg = net463-Windows_NT-Debug|Any CPU
		{AF3EBF3B-526A-4B51-9F3D-62B0113CD01F}.DebugNETCoreAppnetstandardnet463-Windows_NT|AnyCPU.Build.0 = net463-Windows_NT-Debug|Any CPU
		{AF3EBF3B-526A-4B51-9F3D-62B0113CD01F}.DebugNETCoreAppnetstandardnetcoreapp|AnyCPU.ActiveCfg = netcoreapp-Debug|Any CPU
		{AF3EBF3B-526A-4B51-9F3D-62B0113CD01F}.DebugNETCoreAppnetstandardnetcoreapp|AnyCPU.Build.0 = netcoreapp-Debug|Any CPU
		{AF3EBF3B-526A-4B51-9F3D-62B0113CD01F}.ReleaseNETCoreAppnetstandard1.5net463-Windows_NT|AnyCPU.ActiveCfg = net463-Windows_NT-Release|Any CPU
		{AF3EBF3B-526A-4B51-9F3D-62B0113CD01F}.ReleaseNETCoreAppnetstandard1.5net463-Windows_NT|AnyCPU.Build.0 = net463-Windows_NT-Release|Any CPU
		{AF3EBF3B-526A-4B51-9F3D-62B0113CD01F}.ReleaseNETCoreAppnetstandard1.5netcoreapp|AnyCPU.ActiveCfg = netcoreapp-Release|Any CPU
		{AF3EBF3B-526A-4B51-9F3D-62B0113CD01F}.ReleaseNETCoreAppnetstandard1.5netcoreapp|AnyCPU.Build.0 = netcoreapp-Release|Any CPU
		{AF3EBF3B-526A-4B51-9F3D-62B0113CD01F}.ReleaseNETCoreAppnetstandardnet463-Windows_NT|AnyCPU.ActiveCfg = net463-Windows_NT-Release|Any CPU
		{AF3EBF3B-526A-4B51-9F3D-62B0113CD01F}.ReleaseNETCoreAppnetstandardnet463-Windows_NT|AnyCPU.Build.0 = net463-Windows_NT-Release|Any CPU
		{AF3EBF3B-526A-4B51-9F3D-62B0113CD01F}.ReleaseNETCoreAppnetstandardnetcoreapp|AnyCPU.ActiveCfg = netcoreapp-Release|Any CPU
		{AF3EBF3B-526A-4B51-9F3D-62B0113CD01F}.ReleaseNETCoreAppnetstandardnetcoreapp|AnyCPU.Build.0 = netcoreapp-Release|Any CPU
	EndGlobalSection
	GlobalSection(SolutionProperties) = preSolution
		HideSolutionNode = FALSE
	EndGlobalSection
EndGlobal
