
Microsoft Visual Studio Solution File, Format Version 12.00
# Visual Studio 14
VisualStudioVersion = 14.0.23107.0
MinimumVisualStudioVersion = 10.0.40219.1
Project("{FAE04EC0-301F-11D3-BF4B-00C04F79EFBC}") = "System.Security.Cryptography.Algorithms.Tests", "tests\System.Security.Cryptography.Algorithms.Tests.csproj", "{508A7D81-6462-459C-9F8F-B58FCCCFC8E7}"
	ProjectSection(ProjectDependencies) = postProject
		{81A05E2E-E3AE-4246-B4E6-DD5F31FB71F9} = {81A05E2E-E3AE-4246-B4E6-DD5F31FB71F9}
	EndProjectSection
EndProject
Project("{FAE04EC0-301F-11D3-BF4B-00C04F79EFBC}") = "System.Security.Cryptography.Algorithms", "src\System.Security.Cryptography.Algorithms.csproj", "{81A05E2E-E3AE-4246-B4E6-DD5F31FB71F9}"
EndProject
Global
	GlobalSection(SolutionConfigurationPlatforms) = preSolution
		DebugNETCoreAppnet463-Windows_NTnetcoreapp-Unix|AnyCPU = DebugNETCoreAppnet463-Windows_NTnetcoreapp-Unix|AnyCPU
		ReleaseNETCoreAppnet463-Windows_NTnetcoreapp-Unix|AnyCPU = ReleaseNETCoreAppnet463-Windows_NTnetcoreapp-Unix|AnyCPU
		DebugNETCoreAppnet463-Windows_NTnetcoreapp-Windows_NT|AnyCPU = DebugNETCoreAppnet463-Windows_NTnetcoreapp-Windows_NT|AnyCPU
		ReleaseNETCoreAppnet463-Windows_NTnetcoreapp-Windows_NT|AnyCPU = ReleaseNETCoreAppnet463-Windows_NTnetcoreapp-Windows_NT|AnyCPU
		DebugNETCoreAppnet463-Windows_NTnetcoreapp-Unix|AnyCPU = DebugNETCoreAppnet463-Windows_NTnetcoreapp-Unix|AnyCPU
		ReleaseNETCoreAppnet463-Windows_NTnetcoreapp-Unix|AnyCPU = ReleaseNETCoreAppnet463-Windows_NTnetcoreapp-Unix|AnyCPU
		DebugNETCoreAppnet463-Windows_NTnetcoreapp-Windows_NT|AnyCPU = DebugNETCoreAppnet463-Windows_NTnetcoreapp-Windows_NT|AnyCPU
		ReleaseNETCoreAppnet463-Windows_NTnetcoreapp-Windows_NT|AnyCPU = ReleaseNETCoreAppnet463-Windows_NTnetcoreapp-Windows_NT|AnyCPU
		DebugNETCoreAppnetcoreapp-Unixnetcoreapp-Unix|AnyCPU = DebugNETCoreAppnetcoreapp-Unixnetcoreapp-Unix|AnyCPU
		ReleaseNETCoreAppnetcoreapp-Unixnetcoreapp-Unix|AnyCPU = ReleaseNETCoreAppnetcoreapp-Unixnetcoreapp-Unix|AnyCPU
		DebugNETCoreAppnetcoreapp-Unixnetcoreapp-Windows_NT|AnyCPU = DebugNETCoreAppnetcoreapp-Unixnetcoreapp-Windows_NT|AnyCPU
		ReleaseNETCoreAppnetcoreapp-Unixnetcoreapp-Windows_NT|AnyCPU = ReleaseNETCoreAppnetcoreapp-Unixnetcoreapp-Windows_NT|AnyCPU
		DebugNETCoreAppnetcoreapp-Unixnetcoreapp-Unix|AnyCPU = DebugNETCoreAppnetcoreapp-Unixnetcoreapp-Unix|AnyCPU
		ReleaseNETCoreAppnetcoreapp-Unixnetcoreapp-Unix|AnyCPU = ReleaseNETCoreAppnetcoreapp-Unixnetcoreapp-Unix|AnyCPU
		DebugNETCoreAppnetcoreapp-Unixnetcoreapp-Windows_NT|AnyCPU = DebugNETCoreAppnetcoreapp-Unixnetcoreapp-Windows_NT|AnyCPU
		ReleaseNETCoreAppnetcoreapp-Unixnetcoreapp-Windows_NT|AnyCPU = ReleaseNETCoreAppnetcoreapp-Unixnetcoreapp-Windows_NT|AnyCPU
		DebugNETCoreAppnetcoreapp-OSXnetcoreapp-Unix|AnyCPU = DebugNETCoreAppnetcoreapp-OSXnetcoreapp-Unix|AnyCPU
		ReleaseNETCoreAppnetcoreapp-OSXnetcoreapp-Unix|AnyCPU = ReleaseNETCoreAppnetcoreapp-OSXnetcoreapp-Unix|AnyCPU
		DebugNETCoreAppnetcoreapp-OSXnetcoreapp-Windows_NT|AnyCPU = DebugNETCoreAppnetcoreapp-OSXnetcoreapp-Windows_NT|AnyCPU
		ReleaseNETCoreAppnetcoreapp-OSXnetcoreapp-Windows_NT|AnyCPU = ReleaseNETCoreAppnetcoreapp-OSXnetcoreapp-Windows_NT|AnyCPU
		DebugNETCoreAppnetcoreapp-OSXnetcoreapp-Unix|AnyCPU = DebugNETCoreAppnetcoreapp-OSXnetcoreapp-Unix|AnyCPU
		ReleaseNETCoreAppnetcoreapp-OSXnetcoreapp-Unix|AnyCPU = ReleaseNETCoreAppnetcoreapp-OSXnetcoreapp-Unix|AnyCPU
		DebugNETCoreAppnetcoreapp-OSXnetcoreapp-Windows_NT|AnyCPU = DebugNETCoreAppnetcoreapp-OSXnetcoreapp-Windows_NT|AnyCPU
		ReleaseNETCoreAppnetcoreapp-OSXnetcoreapp-Windows_NT|AnyCPU = ReleaseNETCoreAppnetcoreapp-OSXnetcoreapp-Windows_NT|AnyCPU
		DebugNETCoreAppnetcoreapp-Windows_NTnetcoreapp-Unix|AnyCPU = DebugNETCoreAppnetcoreapp-Windows_NTnetcoreapp-Unix|AnyCPU
		ReleaseNETCoreAppnetcoreapp-Windows_NTnetcoreapp-Unix|AnyCPU = ReleaseNETCoreAppnetcoreapp-Windows_NTnetcoreapp-Unix|AnyCPU
		DebugNETCoreAppnetcoreapp-Windows_NTnetcoreapp-Windows_NT|AnyCPU = DebugNETCoreAppnetcoreapp-Windows_NTnetcoreapp-Windows_NT|AnyCPU
		ReleaseNETCoreAppnetcoreapp-Windows_NTnetcoreapp-Windows_NT|AnyCPU = ReleaseNETCoreAppnetcoreapp-Windows_NTnetcoreapp-Windows_NT|AnyCPU
		DebugNETCoreAppnetcoreapp-Windows_NTnetcoreapp-Unix|AnyCPU = DebugNETCoreAppnetcoreapp-Windows_NTnetcoreapp-Unix|AnyCPU
		ReleaseNETCoreAppnetcoreapp-Windows_NTnetcoreapp-Unix|AnyCPU = ReleaseNETCoreAppnetcoreapp-Windows_NTnetcoreapp-Unix|AnyCPU
		DebugNETCoreAppnetcoreapp-Windows_NTnetcoreapp-Windows_NT|AnyCPU = DebugNETCoreAppnetcoreapp-Windows_NTnetcoreapp-Windows_NT|AnyCPU
		ReleaseNETCoreAppnetcoreapp-Windows_NTnetcoreapp-Windows_NT|AnyCPU = ReleaseNETCoreAppnetcoreapp-Windows_NTnetcoreapp-Windows_NT|AnyCPU
	EndGlobalSection
	GlobalSection(ProjectConfigurationPlatforms) = postSolution
		{508A7D81-6462-459C-9F8F-B58FCCCFC8E7}.DebugNETCoreAppnet463-Windows_NTnetcoreapp-Unix|AnyCPU.ActiveCfg = netcoreapp-Unix-Debug|Any CPU
		{508A7D81-6462-459C-9F8F-B58FCCCFC8E7}.DebugNETCoreAppnet463-Windows_NTnetcoreapp-Unix|AnyCPU.Build.0 = netcoreapp-Unix-Debug|Any CPU
		{508A7D81-6462-459C-9F8F-B58FCCCFC8E7}.ReleaseNETCoreAppnet463-Windows_NTnetcoreapp-Unix|AnyCPU.ActiveCfg = netcoreapp-Unix-Release|Any CPU
		{508A7D81-6462-459C-9F8F-B58FCCCFC8E7}.ReleaseNETCoreAppnet463-Windows_NTnetcoreapp-Unix|AnyCPU.Build.0 = netcoreapp-Unix-Release|Any CPU
		{508A7D81-6462-459C-9F8F-B58FCCCFC8E7}.DebugNETCoreAppnet463-Windows_NTnetcoreapp-Windows_NT|AnyCPU.ActiveCfg = netcoreapp-Windows_NT-Debug|Any CPU
		{508A7D81-6462-459C-9F8F-B58FCCCFC8E7}.DebugNETCoreAppnet463-Windows_NTnetcoreapp-Windows_NT|AnyCPU.Build.0 = netcoreapp-Windows_NT-Debug|Any CPU
		{508A7D81-6462-459C-9F8F-B58FCCCFC8E7}.ReleaseNETCoreAppnet463-Windows_NTnetcoreapp-Windows_NT|AnyCPU.ActiveCfg = netcoreapp-Windows_NT-Release|Any CPU
		{508A7D81-6462-459C-9F8F-B58FCCCFC8E7}.ReleaseNETCoreAppnet463-Windows_NTnetcoreapp-Windows_NT|AnyCPU.Build.0 = netcoreapp-Windows_NT-Release|Any CPU
		{508A7D81-6462-459C-9F8F-B58FCCCFC8E7}.DebugNETCoreAppnet463-Windows_NTnetcoreapp-Unix|AnyCPU.ActiveCfg = netcoreapp-Unix-Debug|Any CPU
		{508A7D81-6462-459C-9F8F-B58FCCCFC8E7}.DebugNETCoreAppnet463-Windows_NTnetcoreapp-Unix|AnyCPU.Build.0 = netcoreapp-Unix-Debug|Any CPU
		{508A7D81-6462-459C-9F8F-B58FCCCFC8E7}.ReleaseNETCoreAppnet463-Windows_NTnetcoreapp-Unix|AnyCPU.ActiveCfg = netcoreapp-Unix-Release|Any CPU
		{508A7D81-6462-459C-9F8F-B58FCCCFC8E7}.ReleaseNETCoreAppnet463-Windows_NTnetcoreapp-Unix|AnyCPU.Build.0 = netcoreapp-Unix-Release|Any CPU
		{508A7D81-6462-459C-9F8F-B58FCCCFC8E7}.DebugNETCoreAppnet463-Windows_NTnetcoreapp-Windows_NT|AnyCPU.ActiveCfg = netcoreapp-Windows_NT-Debug|Any CPU
		{508A7D81-6462-459C-9F8F-B58FCCCFC8E7}.DebugNETCoreAppnet463-Windows_NTnetcoreapp-Windows_NT|AnyCPU.Build.0 = netcoreapp-Windows_NT-Debug|Any CPU
		{508A7D81-6462-459C-9F8F-B58FCCCFC8E7}.ReleaseNETCoreAppnet463-Windows_NTnetcoreapp-Windows_NT|AnyCPU.ActiveCfg = netcoreapp-Windows_NT-Release|Any CPU
		{508A7D81-6462-459C-9F8F-B58FCCCFC8E7}.ReleaseNETCoreAppnet463-Windows_NTnetcoreapp-Windows_NT|AnyCPU.Build.0 = netcoreapp-Windows_NT-Release|Any CPU
		{508A7D81-6462-459C-9F8F-B58FCCCFC8E7}.DebugNETCoreAppnetcoreapp-Unixnetcoreapp-Unix|AnyCPU.ActiveCfg = netcoreapp-Unix-Debug|Any CPU
		{508A7D81-6462-459C-9F8F-B58FCCCFC8E7}.DebugNETCoreAppnetcoreapp-Unixnetcoreapp-Unix|AnyCPU.Build.0 = netcoreapp-Unix-Debug|Any CPU
		{508A7D81-6462-459C-9F8F-B58FCCCFC8E7}.ReleaseNETCoreAppnetcoreapp-Unixnetcoreapp-Unix|AnyCPU.ActiveCfg = netcoreapp-Unix-Release|Any CPU
		{508A7D81-6462-459C-9F8F-B58FCCCFC8E7}.ReleaseNETCoreAppnetcoreapp-Unixnetcoreapp-Unix|AnyCPU.Build.0 = netcoreapp-Unix-Release|Any CPU
		{508A7D81-6462-459C-9F8F-B58FCCCFC8E7}.DebugNETCoreAppnetcoreapp-Unixnetcoreapp-Windows_NT|AnyCPU.ActiveCfg = netcoreapp-Windows_NT-Debug|Any CPU
		{508A7D81-6462-459C-9F8F-B58FCCCFC8E7}.DebugNETCoreAppnetcoreapp-Unixnetcoreapp-Windows_NT|AnyCPU.Build.0 = netcoreapp-Windows_NT-Debug|Any CPU
		{508A7D81-6462-459C-9F8F-B58FCCCFC8E7}.ReleaseNETCoreAppnetcoreapp-Unixnetcoreapp-Windows_NT|AnyCPU.ActiveCfg = netcoreapp-Windows_NT-Release|Any CPU
		{508A7D81-6462-459C-9F8F-B58FCCCFC8E7}.ReleaseNETCoreAppnetcoreapp-Unixnetcoreapp-Windows_NT|AnyCPU.Build.0 = netcoreapp-Windows_NT-Release|Any CPU
		{508A7D81-6462-459C-9F8F-B58FCCCFC8E7}.DebugNETCoreAppnetcoreapp-Unixnetcoreapp-Unix|AnyCPU.ActiveCfg = netcoreapp-Unix-Debug|Any CPU
		{508A7D81-6462-459C-9F8F-B58FCCCFC8E7}.DebugNETCoreAppnetcoreapp-Unixnetcoreapp-Unix|AnyCPU.Build.0 = netcoreapp-Unix-Debug|Any CPU
		{508A7D81-6462-459C-9F8F-B58FCCCFC8E7}.ReleaseNETCoreAppnetcoreapp-Unixnetcoreapp-Unix|AnyCPU.ActiveCfg = netcoreapp-Unix-Release|Any CPU
		{508A7D81-6462-459C-9F8F-B58FCCCFC8E7}.ReleaseNETCoreAppnetcoreapp-Unixnetcoreapp-Unix|AnyCPU.Build.0 = netcoreapp-Unix-Release|Any CPU
		{508A7D81-6462-459C-9F8F-B58FCCCFC8E7}.DebugNETCoreAppnetcoreapp-Unixnetcoreapp-Windows_NT|AnyCPU.ActiveCfg = netcoreapp-Windows_NT-Debug|Any CPU
		{508A7D81-6462-459C-9F8F-B58FCCCFC8E7}.DebugNETCoreAppnetcoreapp-Unixnetcoreapp-Windows_NT|AnyCPU.Build.0 = netcoreapp-Windows_NT-Debug|Any CPU
		{508A7D81-6462-459C-9F8F-B58FCCCFC8E7}.ReleaseNETCoreAppnetcoreapp-Unixnetcoreapp-Windows_NT|AnyCPU.ActiveCfg = netcoreapp-Windows_NT-Release|Any CPU
		{508A7D81-6462-459C-9F8F-B58FCCCFC8E7}.ReleaseNETCoreAppnetcoreapp-Unixnetcoreapp-Windows_NT|AnyCPU.Build.0 = netcoreapp-Windows_NT-Release|Any CPU
		{508A7D81-6462-459C-9F8F-B58FCCCFC8E7}.DebugNETCoreAppnetcoreapp-OSXnetcoreapp-Unix|AnyCPU.ActiveCfg = netcoreapp-Unix-Debug|Any CPU
		{508A7D81-6462-459C-9F8F-B58FCCCFC8E7}.DebugNETCoreAppnetcoreapp-OSXnetcoreapp-Unix|AnyCPU.Build.0 = netcoreapp-Unix-Debug|Any CPU
		{508A7D81-6462-459C-9F8F-B58FCCCFC8E7}.ReleaseNETCoreAppnetcoreapp-OSXnetcoreapp-Unix|AnyCPU.ActiveCfg = netcoreapp-Unix-Release|Any CPU
		{508A7D81-6462-459C-9F8F-B58FCCCFC8E7}.ReleaseNETCoreAppnetcoreapp-OSXnetcoreapp-Unix|AnyCPU.Build.0 = netcoreapp-Unix-Release|Any CPU
		{508A7D81-6462-459C-9F8F-B58FCCCFC8E7}.DebugNETCoreAppnetcoreapp-OSXnetcoreapp-Windows_NT|AnyCPU.ActiveCfg = netcoreapp-Windows_NT-Debug|Any CPU
		{508A7D81-6462-459C-9F8F-B58FCCCFC8E7}.DebugNETCoreAppnetcoreapp-OSXnetcoreapp-Windows_NT|AnyCPU.Build.0 = netcoreapp-Windows_NT-Debug|Any CPU
		{508A7D81-6462-459C-9F8F-B58FCCCFC8E7}.ReleaseNETCoreAppnetcoreapp-OSXnetcoreapp-Windows_NT|AnyCPU.ActiveCfg = netcoreapp-Windows_NT-Release|Any CPU
		{508A7D81-6462-459C-9F8F-B58FCCCFC8E7}.ReleaseNETCoreAppnetcoreapp-OSXnetcoreapp-Windows_NT|AnyCPU.Build.0 = netcoreapp-Windows_NT-Release|Any CPU
		{508A7D81-6462-459C-9F8F-B58FCCCFC8E7}.DebugNETCoreAppnetcoreapp-OSXnetcoreapp-Unix|AnyCPU.ActiveCfg = netcoreapp-Unix-Debug|Any CPU
		{508A7D81-6462-459C-9F8F-B58FCCCFC8E7}.DebugNETCoreAppnetcoreapp-OSXnetcoreapp-Unix|AnyCPU.Build.0 = netcoreapp-Unix-Debug|Any CPU
		{508A7D81-6462-459C-9F8F-B58FCCCFC8E7}.ReleaseNETCoreAppnetcoreapp-OSXnetcoreapp-Unix|AnyCPU.ActiveCfg = netcoreapp-Unix-Release|Any CPU
		{508A7D81-6462-459C-9F8F-B58FCCCFC8E7}.ReleaseNETCoreAppnetcoreapp-OSXnetcoreapp-Unix|AnyCPU.Build.0 = netcoreapp-Unix-Release|Any CPU
		{508A7D81-6462-459C-9F8F-B58FCCCFC8E7}.DebugNETCoreAppnetcoreapp-OSXnetcoreapp-Windows_NT|AnyCPU.ActiveCfg = netcoreapp-Windows_NT-Debug|Any CPU
		{508A7D81-6462-459C-9F8F-B58FCCCFC8E7}.DebugNETCoreAppnetcoreapp-OSXnetcoreapp-Windows_NT|AnyCPU.Build.0 = netcoreapp-Windows_NT-Debug|Any CPU
		{508A7D81-6462-459C-9F8F-B58FCCCFC8E7}.ReleaseNETCoreAppnetcoreapp-OSXnetcoreapp-Windows_NT|AnyCPU.ActiveCfg = netcoreapp-Windows_NT-Release|Any CPU
		{508A7D81-6462-459C-9F8F-B58FCCCFC8E7}.ReleaseNETCoreAppnetcoreapp-OSXnetcoreapp-Windows_NT|AnyCPU.Build.0 = netcoreapp-Windows_NT-Release|Any CPU
		{508A7D81-6462-459C-9F8F-B58FCCCFC8E7}.DebugNETCoreAppnetcoreapp-Windows_NTnetcoreapp-Unix|AnyCPU.ActiveCfg = netcoreapp-Unix-Debug|Any CPU
		{508A7D81-6462-459C-9F8F-B58FCCCFC8E7}.DebugNETCoreAppnetcoreapp-Windows_NTnetcoreapp-Unix|AnyCPU.Build.0 = netcoreapp-Unix-Debug|Any CPU
		{508A7D81-6462-459C-9F8F-B58FCCCFC8E7}.ReleaseNETCoreAppnetcoreapp-Windows_NTnetcoreapp-Unix|AnyCPU.ActiveCfg = netcoreapp-Unix-Release|Any CPU
		{508A7D81-6462-459C-9F8F-B58FCCCFC8E7}.ReleaseNETCoreAppnetcoreapp-Windows_NTnetcoreapp-Unix|AnyCPU.Build.0 = netcoreapp-Unix-Release|Any CPU
		{508A7D81-6462-459C-9F8F-B58FCCCFC8E7}.DebugNETCoreAppnetcoreapp-Windows_NTnetcoreapp-Windows_NT|AnyCPU.ActiveCfg = netcoreapp-Windows_NT-Debug|Any CPU
		{508A7D81-6462-459C-9F8F-B58FCCCFC8E7}.DebugNETCoreAppnetcoreapp-Windows_NTnetcoreapp-Windows_NT|AnyCPU.Build.0 = netcoreapp-Windows_NT-Debug|Any CPU
		{508A7D81-6462-459C-9F8F-B58FCCCFC8E7}.ReleaseNETCoreAppnetcoreapp-Windows_NTnetcoreapp-Windows_NT|AnyCPU.ActiveCfg = netcoreapp-Windows_NT-Release|Any CPU
		{508A7D81-6462-459C-9F8F-B58FCCCFC8E7}.ReleaseNETCoreAppnetcoreapp-Windows_NTnetcoreapp-Windows_NT|AnyCPU.Build.0 = netcoreapp-Windows_NT-Release|Any CPU
		{508A7D81-6462-459C-9F8F-B58FCCCFC8E7}.DebugNETCoreAppnetcoreapp-Windows_NTnetcoreapp-Unix|AnyCPU.ActiveCfg = netcoreapp-Unix-Debug|Any CPU
		{508A7D81-6462-459C-9F8F-B58FCCCFC8E7}.DebugNETCoreAppnetcoreapp-Windows_NTnetcoreapp-Unix|AnyCPU.Build.0 = netcoreapp-Unix-Debug|Any CPU
		{508A7D81-6462-459C-9F8F-B58FCCCFC8E7}.ReleaseNETCoreAppnetcoreapp-Windows_NTnetcoreapp-Unix|AnyCPU.ActiveCfg = netcoreapp-Unix-Release|Any CPU
		{508A7D81-6462-459C-9F8F-B58FCCCFC8E7}.ReleaseNETCoreAppnetcoreapp-Windows_NTnetcoreapp-Unix|AnyCPU.Build.0 = netcoreapp-Unix-Release|Any CPU
		{508A7D81-6462-459C-9F8F-B58FCCCFC8E7}.DebugNETCoreAppnetcoreapp-Windows_NTnetcoreapp-Windows_NT|AnyCPU.ActiveCfg = netcoreapp-Windows_NT-Debug|Any CPU
		{508A7D81-6462-459C-9F8F-B58FCCCFC8E7}.DebugNETCoreAppnetcoreapp-Windows_NTnetcoreapp-Windows_NT|AnyCPU.Build.0 = netcoreapp-Windows_NT-Debug|Any CPU
		{508A7D81-6462-459C-9F8F-B58FCCCFC8E7}.ReleaseNETCoreAppnetcoreapp-Windows_NTnetcoreapp-Windows_NT|AnyCPU.ActiveCfg = netcoreapp-Windows_NT-Release|Any CPU
		{508A7D81-6462-459C-9F8F-B58FCCCFC8E7}.ReleaseNETCoreAppnetcoreapp-Windows_NTnetcoreapp-Windows_NT|AnyCPU.Build.0 = netcoreapp-Windows_NT-Release|Any CPU
		{81A05E2E-E3AE-4246-B4E6-DD5F31FB71F9}.DebugNETCoreAppnet463-Windows_NTnetcoreapp-Unix|AnyCPU.ActiveCfg = net463-Windows_NT-Debug|Any CPU
		{81A05E2E-E3AE-4246-B4E6-DD5F31FB71F9}.DebugNETCoreAppnet463-Windows_NTnetcoreapp-Unix|AnyCPU.Build.0 = net463-Windows_NT-Debug|Any CPU
		{81A05E2E-E3AE-4246-B4E6-DD5F31FB71F9}.ReleaseNETCoreAppnet463-Windows_NTnetcoreapp-Unix|AnyCPU.ActiveCfg = net463-Windows_NT-Release|Any CPU
		{81A05E2E-E3AE-4246-B4E6-DD5F31FB71F9}.ReleaseNETCoreAppnet463-Windows_NTnetcoreapp-Unix|AnyCPU.Build.0 = net463-Windows_NT-Release|Any CPU
		{81A05E2E-E3AE-4246-B4E6-DD5F31FB71F9}.DebugNETCoreAppnet463-Windows_NTnetcoreapp-Windows_NT|AnyCPU.ActiveCfg = net463-Windows_NT-Debug|Any CPU
		{81A05E2E-E3AE-4246-B4E6-DD5F31FB71F9}.DebugNETCoreAppnet463-Windows_NTnetcoreapp-Windows_NT|AnyCPU.Build.0 = net463-Windows_NT-Debug|Any CPU
		{81A05E2E-E3AE-4246-B4E6-DD5F31FB71F9}.ReleaseNETCoreAppnet463-Windows_NTnetcoreapp-Windows_NT|AnyCPU.ActiveCfg = net463-Windows_NT-Release|Any CPU
		{81A05E2E-E3AE-4246-B4E6-DD5F31FB71F9}.ReleaseNETCoreAppnet463-Windows_NTnetcoreapp-Windows_NT|AnyCPU.Build.0 = net463-Windows_NT-Release|Any CPU
		{81A05E2E-E3AE-4246-B4E6-DD5F31FB71F9}.DebugNETCoreAppnet463-Windows_NTnetcoreapp-Unix|AnyCPU.ActiveCfg = net463-Windows_NT-Debug|Any CPU
		{81A05E2E-E3AE-4246-B4E6-DD5F31FB71F9}.DebugNETCoreAppnet463-Windows_NTnetcoreapp-Unix|AnyCPU.Build.0 = net463-Windows_NT-Debug|Any CPU
		{81A05E2E-E3AE-4246-B4E6-DD5F31FB71F9}.ReleaseNETCoreAppnet463-Windows_NTnetcoreapp-Unix|AnyCPU.ActiveCfg = net463-Windows_NT-Release|Any CPU
		{81A05E2E-E3AE-4246-B4E6-DD5F31FB71F9}.ReleaseNETCoreAppnet463-Windows_NTnetcoreapp-Unix|AnyCPU.Build.0 = net463-Windows_NT-Release|Any CPU
		{81A05E2E-E3AE-4246-B4E6-DD5F31FB71F9}.DebugNETCoreAppnet463-Windows_NTnetcoreapp-Windows_NT|AnyCPU.ActiveCfg = net463-Windows_NT-Debug|Any CPU
		{81A05E2E-E3AE-4246-B4E6-DD5F31FB71F9}.DebugNETCoreAppnet463-Windows_NTnetcoreapp-Windows_NT|AnyCPU.Build.0 = net463-Windows_NT-Debug|Any CPU
		{81A05E2E-E3AE-4246-B4E6-DD5F31FB71F9}.ReleaseNETCoreAppnet463-Windows_NTnetcoreapp-Windows_NT|AnyCPU.ActiveCfg = net463-Windows_NT-Release|Any CPU
		{81A05E2E-E3AE-4246-B4E6-DD5F31FB71F9}.ReleaseNETCoreAppnet463-Windows_NTnetcoreapp-Windows_NT|AnyCPU.Build.0 = net463-Windows_NT-Release|Any CPU
		{81A05E2E-E3AE-4246-B4E6-DD5F31FB71F9}.DebugNETCoreAppnetcoreapp-Unixnetcoreapp-Unix|AnyCPU.ActiveCfg = netcoreapp-Unix-Debug|Any CPU
		{81A05E2E-E3AE-4246-B4E6-DD5F31FB71F9}.DebugNETCoreAppnetcoreapp-Unixnetcoreapp-Unix|AnyCPU.Build.0 = netcoreapp-Unix-Debug|Any CPU
		{81A05E2E-E3AE-4246-B4E6-DD5F31FB71F9}.ReleaseNETCoreAppnetcoreapp-Unixnetcoreapp-Unix|AnyCPU.ActiveCfg = netcoreapp-Unix-Release|Any CPU
		{81A05E2E-E3AE-4246-B4E6-DD5F31FB71F9}.ReleaseNETCoreAppnetcoreapp-Unixnetcoreapp-Unix|AnyCPU.Build.0 = netcoreapp-Unix-Release|Any CPU
		{81A05E2E-E3AE-4246-B4E6-DD5F31FB71F9}.DebugNETCoreAppnetcoreapp-Unixnetcoreapp-Windows_NT|AnyCPU.ActiveCfg = netcoreapp-Unix-Debug|Any CPU
		{81A05E2E-E3AE-4246-B4E6-DD5F31FB71F9}.DebugNETCoreAppnetcoreapp-Unixnetcoreapp-Windows_NT|AnyCPU.Build.0 = netcoreapp-Unix-Debug|Any CPU
		{81A05E2E-E3AE-4246-B4E6-DD5F31FB71F9}.ReleaseNETCoreAppnetcoreapp-Unixnetcoreapp-Windows_NT|AnyCPU.ActiveCfg = netcoreapp-Unix-Release|Any CPU
		{81A05E2E-E3AE-4246-B4E6-DD5F31FB71F9}.ReleaseNETCoreAppnetcoreapp-Unixnetcoreapp-Windows_NT|AnyCPU.Build.0 = netcoreapp-Unix-Release|Any CPU
		{81A05E2E-E3AE-4246-B4E6-DD5F31FB71F9}.DebugNETCoreAppnetcoreapp-Unixnetcoreapp-Unix|AnyCPU.ActiveCfg = netcoreapp-Unix-Debug|Any CPU
		{81A05E2E-E3AE-4246-B4E6-DD5F31FB71F9}.DebugNETCoreAppnetcoreapp-Unixnetcoreapp-Unix|AnyCPU.Build.0 = netcoreapp-Unix-Debug|Any CPU
		{81A05E2E-E3AE-4246-B4E6-DD5F31FB71F9}.ReleaseNETCoreAppnetcoreapp-Unixnetcoreapp-Unix|AnyCPU.ActiveCfg = netcoreapp-Unix-Release|Any CPU
		{81A05E2E-E3AE-4246-B4E6-DD5F31FB71F9}.ReleaseNETCoreAppnetcoreapp-Unixnetcoreapp-Unix|AnyCPU.Build.0 = netcoreapp-Unix-Release|Any CPU
		{81A05E2E-E3AE-4246-B4E6-DD5F31FB71F9}.DebugNETCoreAppnetcoreapp-Unixnetcoreapp-Windows_NT|AnyCPU.ActiveCfg = netcoreapp-Unix-Debug|Any CPU
		{81A05E2E-E3AE-4246-B4E6-DD5F31FB71F9}.DebugNETCoreAppnetcoreapp-Unixnetcoreapp-Windows_NT|AnyCPU.Build.0 = netcoreapp-Unix-Debug|Any CPU
		{81A05E2E-E3AE-4246-B4E6-DD5F31FB71F9}.ReleaseNETCoreAppnetcoreapp-Unixnetcoreapp-Windows_NT|AnyCPU.ActiveCfg = netcoreapp-Unix-Release|Any CPU
		{81A05E2E-E3AE-4246-B4E6-DD5F31FB71F9}.ReleaseNETCoreAppnetcoreapp-Unixnetcoreapp-Windows_NT|AnyCPU.Build.0 = netcoreapp-Unix-Release|Any CPU
		{81A05E2E-E3AE-4246-B4E6-DD5F31FB71F9}.DebugNETCoreAppnetcoreapp-OSXnetcoreapp-Unix|AnyCPU.ActiveCfg = netcoreapp-OSX-Debug|Any CPU
		{81A05E2E-E3AE-4246-B4E6-DD5F31FB71F9}.DebugNETCoreAppnetcoreapp-OSXnetcoreapp-Unix|AnyCPU.Build.0 = netcoreapp-OSX-Debug|Any CPU
		{81A05E2E-E3AE-4246-B4E6-DD5F31FB71F9}.ReleaseNETCoreAppnetcoreapp-OSXnetcoreapp-Unix|AnyCPU.ActiveCfg = netcoreapp-OSX-Release|Any CPU
		{81A05E2E-E3AE-4246-B4E6-DD5F31FB71F9}.ReleaseNETCoreAppnetcoreapp-OSXnetcoreapp-Unix|AnyCPU.Build.0 = netcoreapp-OSX-Release|Any CPU
		{81A05E2E-E3AE-4246-B4E6-DD5F31FB71F9}.DebugNETCoreAppnetcoreapp-OSXnetcoreapp-Windows_NT|AnyCPU.ActiveCfg = netcoreapp-OSX-Debug|Any CPU
		{81A05E2E-E3AE-4246-B4E6-DD5F31FB71F9}.DebugNETCoreAppnetcoreapp-OSXnetcoreapp-Windows_NT|AnyCPU.Build.0 = netcoreapp-OSX-Debug|Any CPU
		{81A05E2E-E3AE-4246-B4E6-DD5F31FB71F9}.ReleaseNETCoreAppnetcoreapp-OSXnetcoreapp-Windows_NT|AnyCPU.ActiveCfg = netcoreapp-OSX-Release|Any CPU
		{81A05E2E-E3AE-4246-B4E6-DD5F31FB71F9}.ReleaseNETCoreAppnetcoreapp-OSXnetcoreapp-Windows_NT|AnyCPU.Build.0 = netcoreapp-OSX-Release|Any CPU
		{81A05E2E-E3AE-4246-B4E6-DD5F31FB71F9}.DebugNETCoreAppnetcoreapp-OSXnetcoreapp-Unix|AnyCPU.ActiveCfg = netcoreapp-OSX-Debug|Any CPU
		{81A05E2E-E3AE-4246-B4E6-DD5F31FB71F9}.DebugNETCoreAppnetcoreapp-OSXnetcoreapp-Unix|AnyCPU.Build.0 = netcoreapp-OSX-Debug|Any CPU
		{81A05E2E-E3AE-4246-B4E6-DD5F31FB71F9}.ReleaseNETCoreAppnetcoreapp-OSXnetcoreapp-Unix|AnyCPU.ActiveCfg = netcoreapp-OSX-Release|Any CPU
		{81A05E2E-E3AE-4246-B4E6-DD5F31FB71F9}.ReleaseNETCoreAppnetcoreapp-OSXnetcoreapp-Unix|AnyCPU.Build.0 = netcoreapp-OSX-Release|Any CPU
		{81A05E2E-E3AE-4246-B4E6-DD5F31FB71F9}.DebugNETCoreAppnetcoreapp-OSXnetcoreapp-Windows_NT|AnyCPU.ActiveCfg = netcoreapp-OSX-Debug|Any CPU
		{81A05E2E-E3AE-4246-B4E6-DD5F31FB71F9}.DebugNETCoreAppnetcoreapp-OSXnetcoreapp-Windows_NT|AnyCPU.Build.0 = netcoreapp-OSX-Debug|Any CPU
		{81A05E2E-E3AE-4246-B4E6-DD5F31FB71F9}.ReleaseNETCoreAppnetcoreapp-OSXnetcoreapp-Windows_NT|AnyCPU.ActiveCfg = netcoreapp-OSX-Release|Any CPU
		{81A05E2E-E3AE-4246-B4E6-DD5F31FB71F9}.ReleaseNETCoreAppnetcoreapp-OSXnetcoreapp-Windows_NT|AnyCPU.Build.0 = netcoreapp-OSX-Release|Any CPU
		{81A05E2E-E3AE-4246-B4E6-DD5F31FB71F9}.DebugNETCoreAppnetcoreapp-Windows_NTnetcoreapp-Unix|AnyCPU.ActiveCfg = netcoreapp-Windows_NT-Debug|Any CPU
		{81A05E2E-E3AE-4246-B4E6-DD5F31FB71F9}.DebugNETCoreAppnetcoreapp-Windows_NTnetcoreapp-Unix|AnyCPU.Build.0 = netcoreapp-Windows_NT-Debug|Any CPU
		{81A05E2E-E3AE-4246-B4E6-DD5F31FB71F9}.ReleaseNETCoreAppnetcoreapp-Windows_NTnetcoreapp-Unix|AnyCPU.ActiveCfg = netcoreapp-Windows_NT-Release|Any CPU
		{81A05E2E-E3AE-4246-B4E6-DD5F31FB71F9}.ReleaseNETCoreAppnetcoreapp-Windows_NTnetcoreapp-Unix|AnyCPU.Build.0 = netcoreapp-Windows_NT-Release|Any CPU
		{81A05E2E-E3AE-4246-B4E6-DD5F31FB71F9}.DebugNETCoreAppnetcoreapp-Windows_NTnetcoreapp-Windows_NT|AnyCPU.ActiveCfg = netcoreapp-Windows_NT-Debug|Any CPU
		{81A05E2E-E3AE-4246-B4E6-DD5F31FB71F9}.DebugNETCoreAppnetcoreapp-Windows_NTnetcoreapp-Windows_NT|AnyCPU.Build.0 = netcoreapp-Windows_NT-Debug|Any CPU
		{81A05E2E-E3AE-4246-B4E6-DD5F31FB71F9}.ReleaseNETCoreAppnetcoreapp-Windows_NTnetcoreapp-Windows_NT|AnyCPU.ActiveCfg = netcoreapp-Windows_NT-Release|Any CPU
		{81A05E2E-E3AE-4246-B4E6-DD5F31FB71F9}.ReleaseNETCoreAppnetcoreapp-Windows_NTnetcoreapp-Windows_NT|AnyCPU.Build.0 = netcoreapp-Windows_NT-Release|Any CPU
		{81A05E2E-E3AE-4246-B4E6-DD5F31FB71F9}.DebugNETCoreAppnetcoreapp-Windows_NTnetcoreapp-Unix|AnyCPU.ActiveCfg = netcoreapp-Windows_NT-Debug|Any CPU
		{81A05E2E-E3AE-4246-B4E6-DD5F31FB71F9}.DebugNETCoreAppnetcoreapp-Windows_NTnetcoreapp-Unix|AnyCPU.Build.0 = netcoreapp-Windows_NT-Debug|Any CPU
		{81A05E2E-E3AE-4246-B4E6-DD5F31FB71F9}.ReleaseNETCoreAppnetcoreapp-Windows_NTnetcoreapp-Unix|AnyCPU.ActiveCfg = netcoreapp-Windows_NT-Release|Any CPU
		{81A05E2E-E3AE-4246-B4E6-DD5F31FB71F9}.ReleaseNETCoreAppnetcoreapp-Windows_NTnetcoreapp-Unix|AnyCPU.Build.0 = netcoreapp-Windows_NT-Release|Any CPU
		{81A05E2E-E3AE-4246-B4E6-DD5F31FB71F9}.DebugNETCoreAppnetcoreapp-Windows_NTnetcoreapp-Windows_NT|AnyCPU.ActiveCfg = netcoreapp-Windows_NT-Debug|Any CPU
		{81A05E2E-E3AE-4246-B4E6-DD5F31FB71F9}.DebugNETCoreAppnetcoreapp-Windows_NTnetcoreapp-Windows_NT|AnyCPU.Build.0 = netcoreapp-Windows_NT-Debug|Any CPU
		{81A05E2E-E3AE-4246-B4E6-DD5F31FB71F9}.ReleaseNETCoreAppnetcoreapp-Windows_NTnetcoreapp-Windows_NT|AnyCPU.ActiveCfg = netcoreapp-Windows_NT-Release|Any CPU
		{81A05E2E-E3AE-4246-B4E6-DD5F31FB71F9}.ReleaseNETCoreAppnetcoreapp-Windows_NTnetcoreapp-Windows_NT|AnyCPU.Build.0 = netcoreapp-Windows_NT-Release|Any CPU
	EndGlobalSection
	GlobalSection(SolutionProperties) = preSolution
		HideSolutionNode = FALSE
	EndGlobalSection
EndGlobal
