Microsoft Visual Studio Solution File, Format Version 12.00
# Visual Studio 14
VisualStudioVersion = 14.0.25420.1
MinimumVisualStudioVersion = 10.0.40219.1
Project("{FAE04EC0-301F-11D3-BF4B-00C04F79EFBC}") = "System.IO.Tests", "tests\System.IO.Tests.csproj", "{492EC54D-D2C4-4B3F-AC1F-646B3F7EBB02}"
	ProjectSection(ProjectDependencies) = postProject
		{07390899-C8F6-4e83-A3A9-6867B8CB46A0} = {07390899-C8F6-4e83-A3A9-6867B8CB46A0}
	EndProjectSection
EndProject
Project("{FAE04EC0-301F-11D3-BF4B-00C04F79EFBC}") = "System.IO", "src\System.IO.csproj", "{07390899-C8F6-4e83-A3A9-6867B8CB46A0}"
	ProjectSection(ProjectDependencies) = postProject
		{88883C57-83BE-4E93-A363-4CFC716F248F} = {88883C57-83BE-4E93-A363-4CFC716F248F}
	EndProjectSection
EndProject
Project("{FAE04EC0-301F-11D3-BF4B-00C04F79EFBC}") = "System.IO", "ref\System.IO.csproj", "{88883C57-83BE-4E93-A363-4CFC716F248F}"
EndProject
Project("{2150E333-8FDC-42A3-9474-1A3956D46DE8}") = "tests", "tests", "{1A2F9F4A-A032-433E-B914-ADD5992BB178}"
EndProject
Project("{2150E333-8FDC-42A3-9474-1A3956D46DE8}") = "src", "src", "{E107E9C1-E893-4E87-987E-04EF0DCEAEFD}"
EndProject
Project("{2150E333-8FDC-42A3-9474-1A3956D46DE8}") = "ref", "ref", "{2E666815-2EDB-464B-9DF6-380BF4789AD4}"
EndProject
Global
	GlobalSection(SolutionConfigurationPlatforms) = preSolution
		Debug|Any CPU = Debug|Any CPU
		Release|Any CPU = Release|Any CPU
	EndGlobalSection
	GlobalSection(ProjectConfigurationPlatforms) = postSolution
		{492EC54D-D2C4-4B3F-AC1F-646B3F7EBB02}.Debug|Any CPU.ActiveCfg = netcoreapp-Debug|Any CPU
		{492EC54D-D2C4-4B3F-AC1F-646B3F7EBB02}.Debug|Any CPU.Build.0 = netcoreapp-Debug|Any CPU
		{492EC54D-D2C4-4B3F-AC1F-646B3F7EBB02}.Release|Any CPU.ActiveCfg = netcoreapp-Release|Any CPU
		{492EC54D-D2C4-4B3F-AC1F-646B3F7EBB02}.Release|Any CPU.Build.0 = netcoreapp-Release|Any CPU
		{07390899-C8F6-4e83-A3A9-6867B8CB46A0}.Debug|Any CPU.ActiveCfg = netcoreapp-Debug|Any CPU
		{07390899-C8F6-4e83-A3A9-6867B8CB46A0}.Debug|Any CPU.Build.0 = netcoreapp-Debug|Any CPU
		{07390899-C8F6-4e83-A3A9-6867B8CB46A0}.Release|Any CPU.ActiveCfg = netcoreapp-Release|Any CPU
		{07390899-C8F6-4e83-A3A9-6867B8CB46A0}.Release|Any CPU.Build.0 = netcoreapp-Release|Any CPU
		{88883C57-83BE-4E93-A363-4CFC716F248F}.Debug|Any CPU.ActiveCfg = netcoreapp-Debug|Any CPU
		{88883C57-83BE-4E93-A363-4CFC716F248F}.Debug|Any CPU.Build.0 = netcoreapp-Debug|Any CPU
		{88883C57-83BE-4E93-A363-4CFC716F248F}.Release|Any CPU.ActiveCfg = netcoreapp-Release|Any CPU
		{88883C57-83BE-4E93-A363-4CFC716F248F}.Release|Any CPU.Build.0 = netcoreapp-Release|Any CPU
	EndGlobalSection
	GlobalSection(SolutionProperties) = preSolution
		HideSolutionNode = FALSE
	EndGlobalSection
	GlobalSection(NestedProjects) = preSolution
		{492EC54D-D2C4-4B3F-AC1F-646B3F7EBB02} = {1A2F9F4A-A032-433E-B914-ADD5992BB178}
		{07390899-C8F6-4e83-A3A9-6867B8CB46A0} = {E107E9C1-E893-4E87-987E-04EF0DCEAEFD}
		{88883C57-83BE-4E93-A363-4CFC716F248F} = {2E666815-2EDB-464B-9DF6-380BF4789AD4}
	EndGlobalSection
EndGlobal
