
Microsoft Visual Studio Solution File, Format Version 12.00
# Visual Studio 14
VisualStudioVersion = 14.0.22823.1
MinimumVisualStudioVersion = 10.0.40219.1
Project("{FAE04EC0-301F-11D3-BF4B-00C04F79EFBC}") = "System.Threading.Tasks.CoreCLR", "src\System.Threading.Tasks.CoreCLR.csproj", "{3BCAEAA6-3A29-49EC-B334-6E7BE8BE9ABA}"
EndProject
Project("{FAE04EC0-301F-11D3-BF4B-00C04F79EFBC}") = "System.Threading.Tasks.Tests", "tests\System.Threading.Tasks.Tests.csproj", "{B6C09633-D161-499A-8FE1-46B2D53A16E7}"
EndProject
Global
	GlobalSection(SolutionConfigurationPlatforms) = preSolution
		Debug|Any CPU = Debug|Any CPU
		Release|Any CPU = Release|Any CPU
	EndGlobalSection
	GlobalSection(ProjectConfigurationPlatforms) = postSolution
		{3BCAEAA6-3A29-49EC-B334-6E7BE8BE9ABA}.Debug|Any CPU.ActiveCfg = Debug|Any CPU
		{3BCAEAA6-3A29-49EC-B334-6E7BE8BE9ABA}.Debug|Any CPU.Build.0 = Debug|Any CPU
		{3BCAEAA6-3A29-49EC-B334-6E7BE8BE9ABA}.Release|Any CPU.ActiveCfg = Release|Any CPU
		{3BCAEAA6-3A29-49EC-B334-6E7BE8BE9ABA}.Release|Any CPU.Build.0 = Release|Any CPU
		{B6C09633-D161-499A-8FE1-46B2D53A16E7}.Debug|Any CPU.ActiveCfg = Debug|Any CPU
		{B6C09633-D161-499A-8FE1-46B2D53A16E7}.Debug|Any CPU.Build.0 = Debug|Any CPU
		{B6C09633-D161-499A-8FE1-46B2D53A16E7}.Release|Any CPU.ActiveCfg = Release|Any CPU
		{B6C09633-D161-499A-8FE1-46B2D53A16E7}.Release|Any CPU.Build.0 = Release|Any CPU
	EndGlobalSection
	GlobalSection(SolutionProperties) = preSolution
		HideSolutionNode = FALSE
	EndGlobalSection
EndGlobal
