
Microsoft Visual Studio Solution File, Format Version 12.00
# Visual Studio 2013
VisualStudioVersion = 12.0.31101.0
MinimumVisualStudioVersion = 10.0.40219.1
Project("{FAE04EC0-301F-11D3-BF4B-00C04F79EFBC}") = "System.Diagnostics.Contracts.Tests", "tests\System.Diagnostics.Contracts.Tests.csproj", "{0C4E7FF1-54C6-49B7-9700-18F5F3EB8E65}"
	ProjectSection(ProjectDependencies) = postProject
		{} = {}
	EndProjectSection
EndProject
Global
	GlobalSection(SolutionConfigurationPlatforms) = preSolution
		DebugNETCoreAppnetcore50aot-Windows_NTnetcoreapp|AnyCPU = DebugNETCoreAppnetcore50aot-Windows_NTnetcoreapp|AnyCPU
		ReleaseNETCoreAppnetcore50aot-Windows_NTnetcoreapp|AnyCPU = ReleaseNETCoreAppnetcore50aot-Windows_NTnetcoreapp|AnyCPU
		DebugNETCoreAppnetcoreappnetcoreapp|AnyCPU = DebugNETCoreAppnetcoreappnetcoreapp|AnyCPU
		ReleaseNETCoreAppnetcoreappnetcoreapp|AnyCPU = ReleaseNETCoreAppnetcoreappnetcoreapp|AnyCPU
	EndGlobalSection
	GlobalSection(ProjectConfigurationPlatforms) = postSolution
		{0C4E7FF1-54C6-49B7-9700-18F5F3EB8E65}.DebugNETCoreAppnetcore50aot-Windows_NTnetcoreapp|AnyCPU.ActiveCfg = netcoreapp-Debug|Any CPU
		{0C4E7FF1-54C6-49B7-9700-18F5F3EB8E65}.DebugNETCoreAppnetcore50aot-Windows_NTnetcoreapp|AnyCPU.Build.0 = netcoreapp-Debug|Any CPU
		{0C4E7FF1-54C6-49B7-9700-18F5F3EB8E65}.ReleaseNETCoreAppnetcore50aot-Windows_NTnetcoreapp|AnyCPU.ActiveCfg = netcoreapp-Release|Any CPU
		{0C4E7FF1-54C6-49B7-9700-18F5F3EB8E65}.ReleaseNETCoreAppnetcore50aot-Windows_NTnetcoreapp|AnyCPU.Build.0 = netcoreapp-Release|Any CPU
		{0C4E7FF1-54C6-49B7-9700-18F5F3EB8E65}.DebugNETCoreAppnetcoreappnetcoreapp|AnyCPU.ActiveCfg = netcoreapp-Debug|Any CPU
		{0C4E7FF1-54C6-49B7-9700-18F5F3EB8E65}.DebugNETCoreAppnetcoreappnetcoreapp|AnyCPU.Build.0 = netcoreapp-Debug|Any CPU
		{0C4E7FF1-54C6-49B7-9700-18F5F3EB8E65}.ReleaseNETCoreAppnetcoreappnetcoreapp|AnyCPU.ActiveCfg = netcoreapp-Release|Any CPU
		{0C4E7FF1-54C6-49B7-9700-18F5F3EB8E65}.ReleaseNETCoreAppnetcoreappnetcoreapp|AnyCPU.Build.0 = netcoreapp-Release|Any CPU
	EndGlobalSection
	GlobalSection(SolutionProperties) = preSolution
		HideSolutionNode = FALSE
	EndGlobalSection
EndGlobal
