Microsoft Visual Studio Solution File, Format Version 12.00
# Visual Studio 15
VisualStudioVersion = 15.0.27213.1
MinimumVisualStudioVersion = 10.0.40219.1
Project("{9A19103F-16F7-4668-BE54-9A1E7A4F7556}") = "System.Diagnostics.Contracts.Tests", "tests\System.Diagnostics.Contracts.Tests.csproj", "{0C4E7FF1-54C6-49B7-9700-18F5F3EB8E65}"
	ProjectSection(ProjectDependencies) = postProject
		{13426B04-D1AC-4423-8519-F3EB44943B9D} = {13426B04-D1AC-4423-8519-F3EB44943B9D}
	EndProjectSection
EndProject
Project("{9A19103F-16F7-4668-BE54-9A1E7A4F7556}") = "System.Diagnostics.Contracts", "src\System.Diagnostics.Contracts.csproj", "{13426B04-D1AC-4423-8519-F3EB44943B9D}"
	ProjectSection(ProjectDependencies) = postProject
		{5E0B1760-8753-467A-8B10-66B8994220DB} = {5E0B1760-8753-467A-8B10-66B8994220DB}
	EndProjectSection
EndProject
Project("{9A19103F-16F7-4668-BE54-9A1E7A4F7556}") = "System.Diagnostics.Contracts", "ref\System.Diagnostics.Contracts.csproj", "{5E0B1760-8753-467A-8B10-66B8994220DB}"
EndProject
Project("{2150E333-8FDC-42A3-9474-1A3956D46DE8}") = "tests", "tests", "{1A2F9F4A-A032-433E-B914-ADD5992BB178}"
EndProject
Project("{2150E333-8FDC-42A3-9474-1A3956D46DE8}") = "src", "src", "{E107E9C1-E893-4E87-987E-04EF0DCEAEFD}"
EndProject
Project("{2150E333-8FDC-42A3-9474-1A3956D46DE8}") = "ref", "ref", "{2E666815-2EDB-464B-9DF6-380BF4789AD4}"
EndProject
Global
	GlobalSection(SolutionConfigurationPlatforms) = preSolution
		Debug|Any CPU = Debug|Any CPU
		Release|Any CPU = Release|Any CPU
	EndGlobalSection
	GlobalSection(ProjectConfigurationPlatforms) = postSolution
		{0C4E7FF1-54C6-49B7-9700-18F5F3EB8E65}.Debug|Any CPU.ActiveCfg = netstandard-Debug|Any CPU
		{0C4E7FF1-54C6-49B7-9700-18F5F3EB8E65}.Debug|Any CPU.Build.0 = netstandard-Debug|Any CPU
		{0C4E7FF1-54C6-49B7-9700-18F5F3EB8E65}.Release|Any CPU.ActiveCfg = netstandard-Release|Any CPU
		{0C4E7FF1-54C6-49B7-9700-18F5F3EB8E65}.Release|Any CPU.Build.0 = netstandard-Release|Any CPU
		{13426B04-D1AC-4423-8519-F3EB44943B9D}.Debug|Any CPU.ActiveCfg = netcoreapp-Windows_NT-Debug|Any CPU
		{13426B04-D1AC-4423-8519-F3EB44943B9D}.Debug|Any CPU.Build.0 = netcoreapp-Windows_NT-Debug|Any CPU
		{13426B04-D1AC-4423-8519-F3EB44943B9D}.Release|Any CPU.ActiveCfg = netcoreapp-Windows_NT-Release|Any CPU
		{13426B04-D1AC-4423-8519-F3EB44943B9D}.Release|Any CPU.Build.0 = netcoreapp-Windows_NT-Release|Any CPU
		{5E0B1760-8753-467A-8B10-66B8994220DB}.Debug|Any CPU.ActiveCfg = netcoreapp-Debug|Any CPU
		{5E0B1760-8753-467A-8B10-66B8994220DB}.Debug|Any CPU.Build.0 = netcoreapp-Debug|Any CPU
		{5E0B1760-8753-467A-8B10-66B8994220DB}.Release|Any CPU.ActiveCfg = netcoreapp-Release|Any CPU
		{5E0B1760-8753-467A-8B10-66B8994220DB}.Release|Any CPU.Build.0 = netcoreapp-Release|Any CPU
	EndGlobalSection
	GlobalSection(SolutionProperties) = preSolution
		HideSolutionNode = FALSE
	EndGlobalSection
	GlobalSection(NestedProjects) = preSolution
		{0C4E7FF1-54C6-49B7-9700-18F5F3EB8E65} = {1A2F9F4A-A032-433E-B914-ADD5992BB178}
		{13426B04-D1AC-4423-8519-F3EB44943B9D} = {E107E9C1-E893-4E87-987E-04EF0DCEAEFD}
		{5E0B1760-8753-467A-8B10-66B8994220DB} = {2E666815-2EDB-464B-9DF6-380BF4789AD4}
	EndGlobalSection
	GlobalSection(ExtensibilityGlobals) = postSolution
		SolutionGuid = {E5F078A1-ACC4-4B1B-BC51-ECD056BE4019}
	EndGlobalSection
EndGlobal
