
Microsoft Visual Studio Solution File, Format Version 12.00
# Visual Studio 2013
VisualStudioVersion = 12.0.31101.0
MinimumVisualStudioVersion = 10.0.40219.1
Project("{2150E333-8FDC-42A3-9474-1A3956D46DE8}") = ".nuget", ".nuget", "{47919FF5-DA40-4D99-AF2D-F560282AA913}"
	ProjectSection(SolutionItems) = preProject
		.nuget\packages.config = .nuget\packages.config
	EndProjectSection
EndProject
Project("{FAE04EC0-301F-11D3-BF4B-00C04F79EFBC}") = "System.Diagnostics.TextWriterTraceListener", "System.Diagnostics.TextWriterTraceListener\src\System.Diagnostics.TextWriterTraceListener.csproj", "{315929D9-D76E-47E9-BE82-C787FB3A7876}"
EndProject
Project("{FAE04EC0-301F-11D3-BF4B-00C04F79EFBC}") = "System.Diagnostics.TextWriterTraceListener.Tests", "System.Diagnostics.TextWriterTraceListener\tests\System.Diagnostics.TextWriterTraceListener.Tests.csproj", "{92A9467A-9F7E-4294-A7D5-7B59F2E54ABE}"
EndProject
Global
	GlobalSection(SolutionConfigurationPlatforms) = preSolution
		Debug|Any CPU = Debug|Any CPU
		Release|Any CPU = Release|Any CPU
	EndGlobalSection
	GlobalSection(ProjectConfigurationPlatforms) = postSolution
		{315929D9-D76E-47E9-BE82-C787FB3A7876}.Debug|Any CPU.ActiveCfg = Debug|Any CPU
		{315929D9-D76E-47E9-BE82-C787FB3A7876}.Debug|Any CPU.Build.0 = Debug|Any CPU
		{315929D9-D76E-47E9-BE82-C787FB3A7876}.Release|Any CPU.ActiveCfg = Release|Any CPU
		{315929D9-D76E-47E9-BE82-C787FB3A7876}.Release|Any CPU.Build.0 = Release|Any CPU
		{92A9467A-9F7E-4294-A7D5-7B59F2E54ABE}.Debug|Any CPU.ActiveCfg = Debug|Any CPU
		{92A9467A-9F7E-4294-A7D5-7B59F2E54ABE}.Debug|Any CPU.Build.0 = Debug|Any CPU
		{92A9467A-9F7E-4294-A7D5-7B59F2E54ABE}.Release|Any CPU.ActiveCfg = Release|Any CPU
		{92A9467A-9F7E-4294-A7D5-7B59F2E54ABE}.Release|Any CPU.Build.0 = Release|Any CPU
	EndGlobalSection
	GlobalSection(SolutionProperties) = preSolution
		HideSolutionNode = FALSE
	EndGlobalSection
EndGlobal
