
Microsoft Visual Studio Solution File, Format Version 12.00
# Visual Studio 14
VisualStudioVersion = 14.0.25123.0
MinimumVisualStudioVersion = 10.0.40219.1
Project("{FAE04EC0-301F-11D3-BF4B-00C04F79EFBC}") = "System.Diagnostics.Debug.Tests", "tests\System.Diagnostics.Debug.Tests.csproj", "{56F67E92-E606-435E-A00F-003CBFB26945}"
	ProjectSection(ProjectDependencies) = postProject
		{E7E8DE8A-9EC1-46A8-A6EE-727DB32DBEB8} = {E7E8DE8A-9EC1-46A8-A6EE-727DB32DBEB8}
	EndProjectSection
EndProject
Project("{FAE04EC0-301F-11D3-BF4B-00C04F79EFBC}") = "System.Diagnostics.Debug", "src\System.Diagnostics.Debug.csproj", "{E7E8DE8A-9EC1-46A8-A6EE-727DB32DBEB8}"
EndProject
Global
	GlobalSection(SolutionConfigurationPlatforms) = preSolution
		DebugNETCoreAppnetcoreapp-Unixnetcoreapp-Unix|AnyCPU = DebugNETCoreAppnetcoreapp-Unixnetcoreapp-Unix|AnyCPU
		ReleaseNETCoreAppnetcoreapp-Unixnetcoreapp-Unix|AnyCPU = ReleaseNETCoreAppnetcoreapp-Unixnetcoreapp-Unix|AnyCPU
		DebugNETCoreAppnetcoreapp-Unixnetcoreapp-Windows_NT|AnyCPU = DebugNETCoreAppnetcoreapp-Unixnetcoreapp-Windows_NT|AnyCPU
		ReleaseNETCoreAppnetcoreapp-Unixnetcoreapp-Windows_NT|AnyCPU = ReleaseNETCoreAppnetcoreapp-Unixnetcoreapp-Windows_NT|AnyCPU
		DebugNETCoreAppnetcoreapp-Windows_NTnetcoreapp-Unix|AnyCPU = DebugNETCoreAppnetcoreapp-Windows_NTnetcoreapp-Unix|AnyCPU
		ReleaseNETCoreAppnetcoreapp-Windows_NTnetcoreapp-Unix|AnyCPU = ReleaseNETCoreAppnetcoreapp-Windows_NTnetcoreapp-Unix|AnyCPU
		DebugNETCoreAppnetcoreapp-Windows_NTnetcoreapp-Windows_NT|AnyCPU = DebugNETCoreAppnetcoreapp-Windows_NTnetcoreapp-Windows_NT|AnyCPU
		ReleaseNETCoreAppnetcoreapp-Windows_NTnetcoreapp-Windows_NT|AnyCPU = ReleaseNETCoreAppnetcoreapp-Windows_NTnetcoreapp-Windows_NT|AnyCPU
		DebugNETCoreAppnetcoreapp1.2corert-Unixnetcoreapp-Unix|AnyCPU = DebugNETCoreAppnetcoreapp1.2corert-Unixnetcoreapp-Unix|AnyCPU
		ReleaseNETCoreAppnetcoreapp1.2corert-Unixnetcoreapp-Unix|AnyCPU = ReleaseNETCoreAppnetcoreapp1.2corert-Unixnetcoreapp-Unix|AnyCPU
		DebugNETCoreAppnetcoreapp1.2corert-Unixnetcoreapp-Windows_NT|AnyCPU = DebugNETCoreAppnetcoreapp1.2corert-Unixnetcoreapp-Windows_NT|AnyCPU
		ReleaseNETCoreAppnetcoreapp1.2corert-Unixnetcoreapp-Windows_NT|AnyCPU = ReleaseNETCoreAppnetcoreapp1.2corert-Unixnetcoreapp-Windows_NT|AnyCPU
		DebugNETCoreAppnetcoreapp1.2corert-Windows_NTnetcoreapp-Unix|AnyCPU = DebugNETCoreAppnetcoreapp1.2corert-Windows_NTnetcoreapp-Unix|AnyCPU
		ReleaseNETCoreAppnetcoreapp1.2corert-Windows_NTnetcoreapp-Unix|AnyCPU = ReleaseNETCoreAppnetcoreapp1.2corert-Windows_NTnetcoreapp-Unix|AnyCPU
		DebugNETCoreAppnetcoreapp1.2corert-Windows_NTnetcoreapp-Windows_NT|AnyCPU = DebugNETCoreAppnetcoreapp1.2corert-Windows_NTnetcoreapp-Windows_NT|AnyCPU
		ReleaseNETCoreAppnetcoreapp1.2corert-Windows_NTnetcoreapp-Windows_NT|AnyCPU = ReleaseNETCoreAppnetcoreapp1.2corert-Windows_NTnetcoreapp-Windows_NT|AnyCPU
		DebugNETCoreAppnet463-Windows_NTnetcoreapp-Unix|AnyCPU = DebugNETCoreAppnet463-Windows_NTnetcoreapp-Unix|AnyCPU
		ReleaseNETCoreAppnet463-Windows_NTnetcoreapp-Unix|AnyCPU = ReleaseNETCoreAppnet463-Windows_NTnetcoreapp-Unix|AnyCPU
		DebugNETCoreAppnet463-Windows_NTnetcoreapp-Windows_NT|AnyCPU = DebugNETCoreAppnet463-Windows_NTnetcoreapp-Windows_NT|AnyCPU
		ReleaseNETCoreAppnet463-Windows_NTnetcoreapp-Windows_NT|AnyCPU = ReleaseNETCoreAppnet463-Windows_NTnetcoreapp-Windows_NT|AnyCPU
	EndGlobalSection
	GlobalSection(ProjectConfigurationPlatforms) = postSolution
		{56F67E92-E606-435E-A00F-003CBFB26945}.DebugNETCoreAppnetcoreapp-Unixnetcoreapp-Unix|AnyCPU.ActiveCfg = netcoreapp-Unix-Debug|Any CPU
		{56F67E92-E606-435E-A00F-003CBFB26945}.DebugNETCoreAppnetcoreapp-Unixnetcoreapp-Unix|AnyCPU.Build.0 = netcoreapp-Unix-Debug|Any CPU
		{56F67E92-E606-435E-A00F-003CBFB26945}.ReleaseNETCoreAppnetcoreapp-Unixnetcoreapp-Unix|AnyCPU.ActiveCfg = netcoreapp-Unix-Release|Any CPU
		{56F67E92-E606-435E-A00F-003CBFB26945}.ReleaseNETCoreAppnetcoreapp-Unixnetcoreapp-Unix|AnyCPU.Build.0 = netcoreapp-Unix-Release|Any CPU
		{56F67E92-E606-435E-A00F-003CBFB26945}.DebugNETCoreAppnetcoreapp-Unixnetcoreapp-Windows_NT|AnyCPU.ActiveCfg = netcoreapp-Windows_NT-Debug|Any CPU
		{56F67E92-E606-435E-A00F-003CBFB26945}.DebugNETCoreAppnetcoreapp-Unixnetcoreapp-Windows_NT|AnyCPU.Build.0 = netcoreapp-Windows_NT-Debug|Any CPU
		{56F67E92-E606-435E-A00F-003CBFB26945}.ReleaseNETCoreAppnetcoreapp-Unixnetcoreapp-Windows_NT|AnyCPU.ActiveCfg = netcoreapp-Windows_NT-Release|Any CPU
		{56F67E92-E606-435E-A00F-003CBFB26945}.ReleaseNETCoreAppnetcoreapp-Unixnetcoreapp-Windows_NT|AnyCPU.Build.0 = netcoreapp-Windows_NT-Release|Any CPU
		{56F67E92-E606-435E-A00F-003CBFB26945}.DebugNETCoreAppnetcoreapp-Windows_NTnetcoreapp-Unix|AnyCPU.ActiveCfg = netcoreapp-Unix-Debug|Any CPU
		{56F67E92-E606-435E-A00F-003CBFB26945}.DebugNETCoreAppnetcoreapp-Windows_NTnetcoreapp-Unix|AnyCPU.Build.0 = netcoreapp-Unix-Debug|Any CPU
		{56F67E92-E606-435E-A00F-003CBFB26945}.ReleaseNETCoreAppnetcoreapp-Windows_NTnetcoreapp-Unix|AnyCPU.ActiveCfg = netcoreapp-Unix-Release|Any CPU
		{56F67E92-E606-435E-A00F-003CBFB26945}.ReleaseNETCoreAppnetcoreapp-Windows_NTnetcoreapp-Unix|AnyCPU.Build.0 = netcoreapp-Unix-Release|Any CPU
		{56F67E92-E606-435E-A00F-003CBFB26945}.DebugNETCoreAppnetcoreapp-Windows_NTnetcoreapp-Windows_NT|AnyCPU.ActiveCfg = netcoreapp-Windows_NT-Debug|Any CPU
		{56F67E92-E606-435E-A00F-003CBFB26945}.DebugNETCoreAppnetcoreapp-Windows_NTnetcoreapp-Windows_NT|AnyCPU.Build.0 = netcoreapp-Windows_NT-Debug|Any CPU
		{56F67E92-E606-435E-A00F-003CBFB26945}.ReleaseNETCoreAppnetcoreapp-Windows_NTnetcoreapp-Windows_NT|AnyCPU.ActiveCfg = netcoreapp-Windows_NT-Release|Any CPU
		{56F67E92-E606-435E-A00F-003CBFB26945}.ReleaseNETCoreAppnetcoreapp-Windows_NTnetcoreapp-Windows_NT|AnyCPU.Build.0 = netcoreapp-Windows_NT-Release|Any CPU
		{56F67E92-E606-435E-A00F-003CBFB26945}.DebugNETCoreAppnetcoreapp1.2corert-Unixnetcoreapp-Unix|AnyCPU.ActiveCfg = netcoreapp-Unix-Debug|Any CPU
		{56F67E92-E606-435E-A00F-003CBFB26945}.DebugNETCoreAppnetcoreapp1.2corert-Unixnetcoreapp-Unix|AnyCPU.Build.0 = netcoreapp-Unix-Debug|Any CPU
		{56F67E92-E606-435E-A00F-003CBFB26945}.ReleaseNETCoreAppnetcoreapp1.2corert-Unixnetcoreapp-Unix|AnyCPU.ActiveCfg = netcoreapp-Unix-Release|Any CPU
		{56F67E92-E606-435E-A00F-003CBFB26945}.ReleaseNETCoreAppnetcoreapp1.2corert-Unixnetcoreapp-Unix|AnyCPU.Build.0 = netcoreapp-Unix-Release|Any CPU
		{56F67E92-E606-435E-A00F-003CBFB26945}.DebugNETCoreAppnetcoreapp1.2corert-Unixnetcoreapp-Windows_NT|AnyCPU.ActiveCfg = netcoreapp-Windows_NT-Debug|Any CPU
		{56F67E92-E606-435E-A00F-003CBFB26945}.DebugNETCoreAppnetcoreapp1.2corert-Unixnetcoreapp-Windows_NT|AnyCPU.Build.0 = netcoreapp-Windows_NT-Debug|Any CPU
		{56F67E92-E606-435E-A00F-003CBFB26945}.ReleaseNETCoreAppnetcoreapp1.2corert-Unixnetcoreapp-Windows_NT|AnyCPU.ActiveCfg = netcoreapp-Windows_NT-Release|Any CPU
		{56F67E92-E606-435E-A00F-003CBFB26945}.ReleaseNETCoreAppnetcoreapp1.2corert-Unixnetcoreapp-Windows_NT|AnyCPU.Build.0 = netcoreapp-Windows_NT-Release|Any CPU
		{56F67E92-E606-435E-A00F-003CBFB26945}.DebugNETCoreAppnetcoreapp1.2corert-Windows_NTnetcoreapp-Unix|AnyCPU.ActiveCfg = netcoreapp-Unix-Debug|Any CPU
		{56F67E92-E606-435E-A00F-003CBFB26945}.DebugNETCoreAppnetcoreapp1.2corert-Windows_NTnetcoreapp-Unix|AnyCPU.Build.0 = netcoreapp-Unix-Debug|Any CPU
		{56F67E92-E606-435E-A00F-003CBFB26945}.ReleaseNETCoreAppnetcoreapp1.2corert-Windows_NTnetcoreapp-Unix|AnyCPU.ActiveCfg = netcoreapp-Unix-Release|Any CPU
		{56F67E92-E606-435E-A00F-003CBFB26945}.ReleaseNETCoreAppnetcoreapp1.2corert-Windows_NTnetcoreapp-Unix|AnyCPU.Build.0 = netcoreapp-Unix-Release|Any CPU
		{56F67E92-E606-435E-A00F-003CBFB26945}.DebugNETCoreAppnetcoreapp1.2corert-Windows_NTnetcoreapp-Windows_NT|AnyCPU.ActiveCfg = netcoreapp-Windows_NT-Debug|Any CPU
		{56F67E92-E606-435E-A00F-003CBFB26945}.DebugNETCoreAppnetcoreapp1.2corert-Windows_NTnetcoreapp-Windows_NT|AnyCPU.Build.0 = netcoreapp-Windows_NT-Debug|Any CPU
		{56F67E92-E606-435E-A00F-003CBFB26945}.ReleaseNETCoreAppnetcoreapp1.2corert-Windows_NTnetcoreapp-Windows_NT|AnyCPU.ActiveCfg = netcoreapp-Windows_NT-Release|Any CPU
		{56F67E92-E606-435E-A00F-003CBFB26945}.ReleaseNETCoreAppnetcoreapp1.2corert-Windows_NTnetcoreapp-Windows_NT|AnyCPU.Build.0 = netcoreapp-Windows_NT-Release|Any CPU
		{56F67E92-E606-435E-A00F-003CBFB26945}.DebugNETCoreAppnet463-Windows_NTnetcoreapp-Unix|AnyCPU.ActiveCfg = netcoreapp-Unix-Debug|Any CPU
		{56F67E92-E606-435E-A00F-003CBFB26945}.DebugNETCoreAppnet463-Windows_NTnetcoreapp-Unix|AnyCPU.Build.0 = netcoreapp-Unix-Debug|Any CPU
		{56F67E92-E606-435E-A00F-003CBFB26945}.ReleaseNETCoreAppnet463-Windows_NTnetcoreapp-Unix|AnyCPU.ActiveCfg = netcoreapp-Unix-Release|Any CPU
		{56F67E92-E606-435E-A00F-003CBFB26945}.ReleaseNETCoreAppnet463-Windows_NTnetcoreapp-Unix|AnyCPU.Build.0 = netcoreapp-Unix-Release|Any CPU
		{56F67E92-E606-435E-A00F-003CBFB26945}.DebugNETCoreAppnet463-Windows_NTnetcoreapp-Windows_NT|AnyCPU.ActiveCfg = netcoreapp-Windows_NT-Debug|Any CPU
		{56F67E92-E606-435E-A00F-003CBFB26945}.DebugNETCoreAppnet463-Windows_NTnetcoreapp-Windows_NT|AnyCPU.Build.0 = netcoreapp-Windows_NT-Debug|Any CPU
		{56F67E92-E606-435E-A00F-003CBFB26945}.ReleaseNETCoreAppnet463-Windows_NTnetcoreapp-Windows_NT|AnyCPU.ActiveCfg = netcoreapp-Windows_NT-Release|Any CPU
		{56F67E92-E606-435E-A00F-003CBFB26945}.ReleaseNETCoreAppnet463-Windows_NTnetcoreapp-Windows_NT|AnyCPU.Build.0 = netcoreapp-Windows_NT-Release|Any CPU
		{E7E8DE8A-9EC1-46A8-A6EE-727DB32DBEB8}.DebugNETCoreAppnetcoreapp-Unixnetcoreapp-Unix|AnyCPU.ActiveCfg = netcoreapp-Unix-Debug|Any CPU
		{E7E8DE8A-9EC1-46A8-A6EE-727DB32DBEB8}.DebugNETCoreAppnetcoreapp-Unixnetcoreapp-Unix|AnyCPU.Build.0 = netcoreapp-Unix-Debug|Any CPU
		{E7E8DE8A-9EC1-46A8-A6EE-727DB32DBEB8}.ReleaseNETCoreAppnetcoreapp-Unixnetcoreapp-Unix|AnyCPU.ActiveCfg = netcoreapp-Unix-Release|Any CPU
		{E7E8DE8A-9EC1-46A8-A6EE-727DB32DBEB8}.ReleaseNETCoreAppnetcoreapp-Unixnetcoreapp-Unix|AnyCPU.Build.0 = netcoreapp-Unix-Release|Any CPU
		{E7E8DE8A-9EC1-46A8-A6EE-727DB32DBEB8}.DebugNETCoreAppnetcoreapp-Unixnetcoreapp-Windows_NT|AnyCPU.ActiveCfg = netcoreapp-Unix-Debug|Any CPU
		{E7E8DE8A-9EC1-46A8-A6EE-727DB32DBEB8}.DebugNETCoreAppnetcoreapp-Unixnetcoreapp-Windows_NT|AnyCPU.Build.0 = netcoreapp-Unix-Debug|Any CPU
		{E7E8DE8A-9EC1-46A8-A6EE-727DB32DBEB8}.ReleaseNETCoreAppnetcoreapp-Unixnetcoreapp-Windows_NT|AnyCPU.ActiveCfg = netcoreapp-Unix-Release|Any CPU
		{E7E8DE8A-9EC1-46A8-A6EE-727DB32DBEB8}.ReleaseNETCoreAppnetcoreapp-Unixnetcoreapp-Windows_NT|AnyCPU.Build.0 = netcoreapp-Unix-Release|Any CPU
		{E7E8DE8A-9EC1-46A8-A6EE-727DB32DBEB8}.DebugNETCoreAppnetcoreapp-Windows_NTnetcoreapp-Unix|AnyCPU.ActiveCfg = netcoreapp-Windows_NT-Debug|Any CPU
		{E7E8DE8A-9EC1-46A8-A6EE-727DB32DBEB8}.DebugNETCoreAppnetcoreapp-Windows_NTnetcoreapp-Unix|AnyCPU.Build.0 = netcoreapp-Windows_NT-Debug|Any CPU
		{E7E8DE8A-9EC1-46A8-A6EE-727DB32DBEB8}.ReleaseNETCoreAppnetcoreapp-Windows_NTnetcoreapp-Unix|AnyCPU.ActiveCfg = netcoreapp-Windows_NT-Release|Any CPU
		{E7E8DE8A-9EC1-46A8-A6EE-727DB32DBEB8}.ReleaseNETCoreAppnetcoreapp-Windows_NTnetcoreapp-Unix|AnyCPU.Build.0 = netcoreapp-Windows_NT-Release|Any CPU
		{E7E8DE8A-9EC1-46A8-A6EE-727DB32DBEB8}.DebugNETCoreAppnetcoreapp-Windows_NTnetcoreapp-Windows_NT|AnyCPU.ActiveCfg = netcoreapp-Windows_NT-Debug|Any CPU
		{E7E8DE8A-9EC1-46A8-A6EE-727DB32DBEB8}.DebugNETCoreAppnetcoreapp-Windows_NTnetcoreapp-Windows_NT|AnyCPU.Build.0 = netcoreapp-Windows_NT-Debug|Any CPU
		{E7E8DE8A-9EC1-46A8-A6EE-727DB32DBEB8}.ReleaseNETCoreAppnetcoreapp-Windows_NTnetcoreapp-Windows_NT|AnyCPU.ActiveCfg = netcoreapp-Windows_NT-Release|Any CPU
		{E7E8DE8A-9EC1-46A8-A6EE-727DB32DBEB8}.ReleaseNETCoreAppnetcoreapp-Windows_NTnetcoreapp-Windows_NT|AnyCPU.Build.0 = netcoreapp-Windows_NT-Release|Any CPU
		{E7E8DE8A-9EC1-46A8-A6EE-727DB32DBEB8}.DebugNETCoreAppnetcoreapp1.2corert-Unixnetcoreapp-Unix|AnyCPU.ActiveCfg = netcoreapp1.2corert-Unix-Debug|Any CPU
		{E7E8DE8A-9EC1-46A8-A6EE-727DB32DBEB8}.DebugNETCoreAppnetcoreapp1.2corert-Unixnetcoreapp-Unix|AnyCPU.Build.0 = netcoreapp1.2corert-Unix-Debug|Any CPU
		{E7E8DE8A-9EC1-46A8-A6EE-727DB32DBEB8}.ReleaseNETCoreAppnetcoreapp1.2corert-Unixnetcoreapp-Unix|AnyCPU.ActiveCfg = netcoreapp1.2corert-Unix-Release|Any CPU
		{E7E8DE8A-9EC1-46A8-A6EE-727DB32DBEB8}.ReleaseNETCoreAppnetcoreapp1.2corert-Unixnetcoreapp-Unix|AnyCPU.Build.0 = netcoreapp1.2corert-Unix-Release|Any CPU
		{E7E8DE8A-9EC1-46A8-A6EE-727DB32DBEB8}.DebugNETCoreAppnetcoreapp1.2corert-Unixnetcoreapp-Windows_NT|AnyCPU.ActiveCfg = netcoreapp1.2corert-Unix-Debug|Any CPU
		{E7E8DE8A-9EC1-46A8-A6EE-727DB32DBEB8}.DebugNETCoreAppnetcoreapp1.2corert-Unixnetcoreapp-Windows_NT|AnyCPU.Build.0 = netcoreapp1.2corert-Unix-Debug|Any CPU
		{E7E8DE8A-9EC1-46A8-A6EE-727DB32DBEB8}.ReleaseNETCoreAppnetcoreapp1.2corert-Unixnetcoreapp-Windows_NT|AnyCPU.ActiveCfg = netcoreapp1.2corert-Unix-Release|Any CPU
		{E7E8DE8A-9EC1-46A8-A6EE-727DB32DBEB8}.ReleaseNETCoreAppnetcoreapp1.2corert-Unixnetcoreapp-Windows_NT|AnyCPU.Build.0 = netcoreapp1.2corert-Unix-Release|Any CPU
		{E7E8DE8A-9EC1-46A8-A6EE-727DB32DBEB8}.DebugNETCoreAppnetcoreapp1.2corert-Windows_NTnetcoreapp-Unix|AnyCPU.ActiveCfg = netcoreapp1.2corert-Windows_NT-Debug|Any CPU
		{E7E8DE8A-9EC1-46A8-A6EE-727DB32DBEB8}.DebugNETCoreAppnetcoreapp1.2corert-Windows_NTnetcoreapp-Unix|AnyCPU.Build.0 = netcoreapp1.2corert-Windows_NT-Debug|Any CPU
		{E7E8DE8A-9EC1-46A8-A6EE-727DB32DBEB8}.ReleaseNETCoreAppnetcoreapp1.2corert-Windows_NTnetcoreapp-Unix|AnyCPU.ActiveCfg = netcoreapp1.2corert-Windows_NT-Release|Any CPU
		{E7E8DE8A-9EC1-46A8-A6EE-727DB32DBEB8}.ReleaseNETCoreAppnetcoreapp1.2corert-Windows_NTnetcoreapp-Unix|AnyCPU.Build.0 = netcoreapp1.2corert-Windows_NT-Release|Any CPU
		{E7E8DE8A-9EC1-46A8-A6EE-727DB32DBEB8}.DebugNETCoreAppnetcoreapp1.2corert-Windows_NTnetcoreapp-Windows_NT|AnyCPU.ActiveCfg = netcoreapp1.2corert-Windows_NT-Debug|Any CPU
		{E7E8DE8A-9EC1-46A8-A6EE-727DB32DBEB8}.DebugNETCoreAppnetcoreapp1.2corert-Windows_NTnetcoreapp-Windows_NT|AnyCPU.Build.0 = netcoreapp1.2corert-Windows_NT-Debug|Any CPU
		{E7E8DE8A-9EC1-46A8-A6EE-727DB32DBEB8}.ReleaseNETCoreAppnetcoreapp1.2corert-Windows_NTnetcoreapp-Windows_NT|AnyCPU.ActiveCfg = netcoreapp1.2corert-Windows_NT-Release|Any CPU
		{E7E8DE8A-9EC1-46A8-A6EE-727DB32DBEB8}.ReleaseNETCoreAppnetcoreapp1.2corert-Windows_NTnetcoreapp-Windows_NT|AnyCPU.Build.0 = netcoreapp1.2corert-Windows_NT-Release|Any CPU
		{E7E8DE8A-9EC1-46A8-A6EE-727DB32DBEB8}.DebugNETCoreAppnet463-Windows_NTnetcoreapp-Unix|AnyCPU.ActiveCfg = net463-Windows_NT-Debug|Any CPU
		{E7E8DE8A-9EC1-46A8-A6EE-727DB32DBEB8}.DebugNETCoreAppnet463-Windows_NTnetcoreapp-Unix|AnyCPU.Build.0 = net463-Windows_NT-Debug|Any CPU
		{E7E8DE8A-9EC1-46A8-A6EE-727DB32DBEB8}.ReleaseNETCoreAppnet463-Windows_NTnetcoreapp-Unix|AnyCPU.ActiveCfg = net463-Windows_NT-Release|Any CPU
		{E7E8DE8A-9EC1-46A8-A6EE-727DB32DBEB8}.ReleaseNETCoreAppnet463-Windows_NTnetcoreapp-Unix|AnyCPU.Build.0 = net463-Windows_NT-Release|Any CPU
		{E7E8DE8A-9EC1-46A8-A6EE-727DB32DBEB8}.DebugNETCoreAppnet463-Windows_NTnetcoreapp-Windows_NT|AnyCPU.ActiveCfg = net463-Windows_NT-Debug|Any CPU
		{E7E8DE8A-9EC1-46A8-A6EE-727DB32DBEB8}.DebugNETCoreAppnet463-Windows_NTnetcoreapp-Windows_NT|AnyCPU.Build.0 = net463-Windows_NT-Debug|Any CPU
		{E7E8DE8A-9EC1-46A8-A6EE-727DB32DBEB8}.ReleaseNETCoreAppnet463-Windows_NTnetcoreapp-Windows_NT|AnyCPU.ActiveCfg = net463-Windows_NT-Release|Any CPU
		{E7E8DE8A-9EC1-46A8-A6EE-727DB32DBEB8}.ReleaseNETCoreAppnet463-Windows_NTnetcoreapp-Windows_NT|AnyCPU.Build.0 = net463-Windows_NT-Release|Any CPU
	EndGlobalSection
	GlobalSection(SolutionProperties) = preSolution
		HideSolutionNode = FALSE
	EndGlobalSection
EndGlobal
