Microsoft Visual Studio Solution File, Format Version 12.00
# Visual Studio 14
VisualStudioVersion = 14.0.25420.1
MinimumVisualStudioVersion = 10.0.40219.1
Project("{FAE04EC0-301F-11D3-BF4B-00C04F79EFBC}") = "System.Security.AccessControl.Tests", "tests\System.Security.AccessControl.Tests.csproj", "{70FAC855-CAC6-4523-8477-880548D58A1B}"
	ProjectSection(ProjectDependencies) = postProject
		{D27FFA1F-B446-4D24-B60A-1F88385CDB6D} = {D27FFA1F-B446-4D24-B60A-1F88385CDB6D}
	EndProjectSection
EndProject
Project("{FAE04EC0-301F-11D3-BF4B-00C04F79EFBC}") = "System.Security.AccessControl", "src\System.Security.AccessControl.csproj", "{D27FFA1F-B446-4D24-B60A-1F88385CDB6D}"
	ProjectSection(ProjectDependencies) = postProject
		{F80C478C-48EE-46A5-89C4-EE0CFB23A14F} = {F80C478C-48EE-46A5-89C4-EE0CFB23A14F}
	EndProjectSection
EndProject
Project("{FAE04EC0-301F-11D3-BF4B-00C04F79EFBC}") = "System.Security.AccessControl", "ref\System.Security.AccessControl.csproj", "{F80C478C-48EE-46A5-89C4-EE0CFB23A14F}"
EndProject
Project("{2150E333-8FDC-42A3-9474-1A3956D46DE8}") = "tests", "tests", "{1A2F9F4A-A032-433E-B914-ADD5992BB178}"
EndProject
Project("{2150E333-8FDC-42A3-9474-1A3956D46DE8}") = "src", "src", "{E107E9C1-E893-4E87-987E-04EF0DCEAEFD}"
EndProject
Project("{2150E333-8FDC-42A3-9474-1A3956D46DE8}") = "ref", "ref", "{2E666815-2EDB-464B-9DF6-380BF4789AD4}"
EndProject
Global
	GlobalSection(SolutionConfigurationPlatforms) = preSolution
		Debug|Any CPU = Debug|Any CPU
		Release|Any CPU = Release|Any CPU
	EndGlobalSection
	GlobalSection(ProjectConfigurationPlatforms) = postSolution
		{70FAC855-CAC6-4523-8477-880548D58A1B}.Debug|Any CPU.ActiveCfg = netstandard-Windows_NT-Debug|Any CPU
		{70FAC855-CAC6-4523-8477-880548D58A1B}.Debug|Any CPU.Build.0 = netstandard-Windows_NT-Debug|Any CPU
		{70FAC855-CAC6-4523-8477-880548D58A1B}.Release|Any CPU.ActiveCfg = netstandard-Windows_NT-Release|Any CPU
		{70FAC855-CAC6-4523-8477-880548D58A1B}.Release|Any CPU.Build.0 = netstandard-Windows_NT-Release|Any CPU
		{D27FFA1F-B446-4D24-B60A-1F88385CDB6D}.Debug|Any CPU.ActiveCfg = netcoreapp-Windows_NT-Debug|Any CPU
		{D27FFA1F-B446-4D24-B60A-1F88385CDB6D}.Debug|Any CPU.Build.0 = netcoreapp-Windows_NT-Debug|Any CPU
		{D27FFA1F-B446-4D24-B60A-1F88385CDB6D}.Release|Any CPU.ActiveCfg = netcoreapp-Windows_NT-Release|Any CPU
		{D27FFA1F-B446-4D24-B60A-1F88385CDB6D}.Release|Any CPU.Build.0 = netcoreapp-Windows_NT-Release|Any CPU
		{F80C478C-48EE-46A5-89C4-EE0CFB23A14F}.Debug|Any CPU.ActiveCfg = netstandard-Debug|Any CPU
		{F80C478C-48EE-46A5-89C4-EE0CFB23A14F}.Debug|Any CPU.Build.0 = netstandard-Debug|Any CPU
		{F80C478C-48EE-46A5-89C4-EE0CFB23A14F}.Release|Any CPU.ActiveCfg = netstandard-Release|Any CPU
		{F80C478C-48EE-46A5-89C4-EE0CFB23A14F}.Release|Any CPU.Build.0 = netstandard-Release|Any CPU
	EndGlobalSection
	GlobalSection(SolutionProperties) = preSolution
		HideSolutionNode = FALSE
	EndGlobalSection
	GlobalSection(NestedProjects) = preSolution
		{70FAC855-CAC6-4523-8477-880548D58A1B} = {1A2F9F4A-A032-433E-B914-ADD5992BB178}
		{D27FFA1F-B446-4D24-B60A-1F88385CDB6D} = {E107E9C1-E893-4E87-987E-04EF0DCEAEFD}
		{F80C478C-48EE-46A5-89C4-EE0CFB23A14F} = {2E666815-2EDB-464B-9DF6-380BF4789AD4}
	EndGlobalSection
EndGlobal
